
Microsoft Visual Studio Solution File, Format Version 12.00
# Visual Studio 15
VisualStudioVersion = 15.0.28307.757
MinimumVisualStudioVersion = 10.0.40219.1
Project("{F184B08F-C81C-45F6-A57F-5ABD9991F28F}") = "Jp.Co.Nrs.LM.Launcher", "Jp.Co.Nrs.LM.Launcher\Jp.Co.Nrs.LM.Launcher\Jp.Co.Nrs.LM.Launcher.vbproj", "{B48F50B1-FAD7-47A5-B855-65BD8C40C23D}"
EndProject
Project("{E24C65DC-7377-472B-9ABA-BC803B73C61A}") = "Jp.Co.Nrs.LM.WSI", "..\Jp.Co.Nrs.LM.WSI\Jp.Co.Nrs.LM.WSI\", "{40B4C6AD-AE65-4EAC-9460-68D18C33A531}"
	ProjectSection(WebsiteProperties) = preProject
		TargetFrameworkMoniker = ".NETFramework,Version%3Dv4.7.2"
		Debug.AspNetCompiler.VirtualPath = "/Jp.Co.Nrs.LM.WSI"
		Debug.AspNetCompiler.PhysicalPath = "..\Jp.Co.Nrs.LM.WSI\Jp.Co.Nrs.LM.WSI\"
		Debug.AspNetCompiler.TargetPath = "PrecompiledWeb\Jp.Co.Nrs.LM.WSI\"
		Debug.AspNetCompiler.Updateable = "true"
		Debug.AspNetCompiler.ForceOverwrite = "true"
		Debug.AspNetCompiler.FixedNames = "false"
		Debug.AspNetCompiler.Debug = "True"
		Release.AspNetCompiler.VirtualPath = "/Jp.Co.Nrs.LM.WSI"
		Release.AspNetCompiler.PhysicalPath = "..\Jp.Co.Nrs.LM.WSI\Jp.Co.Nrs.LM.WSI\"
		Release.AspNetCompiler.TargetPath = "PrecompiledWeb\Jp.Co.Nrs.LM.WSI\"
		Release.AspNetCompiler.Updateable = "true"
		Release.AspNetCompiler.ForceOverwrite = "true"
		Release.AspNetCompiler.FixedNames = "false"
		Release.AspNetCompiler.Debug = "False"
		VWDPort = "3333"
		VWDDynamicPort = "false"
		SlnRelativePath = "..\Jp.Co.Nrs.LM.WSI\Jp.Co.Nrs.LM.WSI\"
	EndProjectSection
EndProject
Global
	GlobalSection(SolutionConfigurationPlatforms) = preSolution
		Debug|x86 = Debug|x86
		Release|x86 = Release|x86
	EndGlobalSection
	GlobalSection(ProjectConfigurationPlatforms) = postSolution
		{B48F50B1-FAD7-47A5-B855-65BD8C40C23D}.Debug|x86.ActiveCfg = Debug|x86
		{B48F50B1-FAD7-47A5-B855-65BD8C40C23D}.Debug|x86.Build.0 = Debug|x86
		{B48F50B1-FAD7-47A5-B855-65BD8C40C23D}.Release|x86.ActiveCfg = Release|x86
		{B48F50B1-FAD7-47A5-B855-65BD8C40C23D}.Release|x86.Build.0 = Release|x86
		{40B4C6AD-AE65-4EAC-9460-68D18C33A531}.Debug|x86.ActiveCfg = Debug|Any CPU
		{40B4C6AD-AE65-4EAC-9460-68D18C33A531}.Debug|x86.Build.0 = Debug|Any CPU
		{40B4C6AD-AE65-4EAC-9460-68D18C33A531}.Release|x86.ActiveCfg = Debug|Any CPU
	EndGlobalSection
	GlobalSection(SolutionProperties) = preSolution
		HideSolutionNode = FALSE
	EndGlobalSection
	GlobalSection(ExtensibilityGlobals) = postSolution
		SolutionGuid = {291CA379-E98B-4838-8702-5D1ADACC7D7E}
	EndGlobalSection
EndGlobal
