
Microsoft Visual Studio Solution File, Format Version 12.00
# Visual Studio 15
VisualStudioVersion = 15.0.28307.757
MinimumVisualStudioVersion = 10.0.40219.1
Project("{F184B08F-C81C-45F6-A57F-5ABD9991F28F}") = "Jp.Co.Nrs.LM.Launcher", "..\Launcher\Jp.Co.Nrs.LM.Launcher\Jp.Co.Nrs.LM.Launcher\Jp.Co.Nrs.LM.Launcher.vbproj", "{B48F50B1-FAD7-47A5-B855-65BD8C40C23D}"
	ProjectSection(ProjectDependencies) = postProject
		{ED388D4C-3D52-4B34-BF91-23DBD1AFCA7A} = {ED388D4C-3D52-4B34-BF91-23DBD1AFCA7A}
	EndProjectSection
EndProject
Project("{E24C65DC-7377-472B-9ABA-BC803B73C61A}") = "Jp.Co.Nrs.LM.WSI", "http://localhost:3333", "{59BC6C95-3D4A-486C-B312-F5BCA623D717}"
	ProjectSection(WebsiteProperties) = preProject
		UseIISExpress = "true"
		TargetFrameworkMoniker = ".NETFramework,Version%3Dv4.7.2"
		Debug.AspNetCompiler.VirtualPath = "/localhost_3333"
		Debug.AspNetCompiler.PhysicalPath = "..\Jp.Co.Nrs.LM.WSI\Jp.Co.Nrs.LM.WSI\"
		Debug.AspNetCompiler.TargetPath = "PrecompiledWeb\localhost_3333\"
		Debug.AspNetCompiler.Updateable = "true"
		Debug.AspNetCompiler.ForceOverwrite = "true"
		Debug.AspNetCompiler.FixedNames = "false"
		Debug.AspNetCompiler.Debug = "True"
		Release.AspNetCompiler.VirtualPath = "/localhost_3333"
		Release.AspNetCompiler.PhysicalPath = "..\Jp.Co.Nrs.LM.WSI\Jp.Co.Nrs.LM.WSI\"
		Release.AspNetCompiler.TargetPath = "PrecompiledWeb\localhost_3333\"
		Release.AspNetCompiler.Updateable = "true"
		Release.AspNetCompiler.ForceOverwrite = "true"
		Release.AspNetCompiler.FixedNames = "false"
		Release.AspNetCompiler.Debug = "False"
		SlnRelativePath = "..\Jp.Co.Nrs.LM.WSI\Jp.Co.Nrs.LM.WSI\"
	EndProjectSection
	ProjectSection(ProjectDependencies) = postProject
		{B48F50B1-FAD7-47A5-B855-65BD8C40C23D} = {B48F50B1-FAD7-47A5-B855-65BD8C40C23D}
	EndProjectSection
EndProject
Project("{F184B08F-C81C-45F6-A57F-5ABD9991F28F}") = "Jp.Co.Nrs.LMD.BLC", "Jp.Co.Nrs.LMD.BLC\Jp.Co.Nrs.LMD.BLC.vbproj", "{12F33A6C-7A91-4A9F-A2D7-99D95CE39BA6}"
	ProjectSection(ProjectDependencies) = postProject
		{6B8A2676-70E4-4A1F-8CC9-5CA0019474F6} = {6B8A2676-70E4-4A1F-8CC9-5CA0019474F6}
	EndProjectSection
EndProject
Project("{F184B08F-C81C-45F6-A57F-5ABD9991F28F}") = "Jp.Co.Nrs.LMD.DAC", "Jp.Co.Nrs.LMD.DAC\Jp.Co.Nrs.LMD.DAC.vbproj", "{6B8A2676-70E4-4A1F-8CC9-5CA0019474F6}"
	ProjectSection(ProjectDependencies) = postProject
		{6D49099D-2BFC-4B66-B7B2-3B5D34890AA8} = {6D49099D-2BFC-4B66-B7B2-3B5D34890AA8}
	EndProjectSection
EndProject
Project("{F184B08F-C81C-45F6-A57F-5ABD9991F28F}") = "Jp.Co.Nrs.LMD.BLF", "Jp.Co.Nrs.LMD.BLF\Jp.Co.Nrs.LMD.BLF.vbproj", "{02C8BB97-68D0-4BBE-80A7-8EFB644595B7}"
	ProjectSection(ProjectDependencies) = postProject
		{12F33A6C-7A91-4A9F-A2D7-99D95CE39BA6} = {12F33A6C-7A91-4A9F-A2D7-99D95CE39BA6}
	EndProjectSection
EndProject
Project("{F184B08F-C81C-45F6-A57F-5ABD9991F28F}") = "Jp.Co.Nrs.LMD.DSL", "Jp.Co.Nrs.LMD.DSL\Jp.Co.Nrs.LMD.DSL.vbproj", "{6D49099D-2BFC-4B66-B7B2-3B5D34890AA8}"
EndProject
Project("{F184B08F-C81C-45F6-A57F-5ABD9991F28F}") = "Jp.Co.Nrs.LMD.GUI", "Jp.Co.Nrs.LMD.GUI\Jp.Co.Nrs.LMD.GUI.vbproj", "{ED388D4C-3D52-4B34-BF91-23DBD1AFCA7A}"
	ProjectSection(ProjectDependencies) = postProject
		{02C8BB97-68D0-4BBE-80A7-8EFB644595B7} = {02C8BB97-68D0-4BBE-80A7-8EFB644595B7}
	EndProjectSection
EndProject
Global
	GlobalSection(SolutionConfigurationPlatforms) = preSolution
		Debug|x86 = Debug|x86
		Release|x86 = Release|x86
	EndGlobalSection
	GlobalSection(ProjectConfigurationPlatforms) = postSolution
		{B48F50B1-FAD7-47A5-B855-65BD8C40C23D}.Debug|x86.ActiveCfg = Debug|x86
		{B48F50B1-FAD7-47A5-B855-65BD8C40C23D}.Debug|x86.Build.0 = Debug|x86
		{B48F50B1-FAD7-47A5-B855-65BD8C40C23D}.Release|x86.ActiveCfg = Release|x86
		{B48F50B1-FAD7-47A5-B855-65BD8C40C23D}.Release|x86.Build.0 = Release|x86
		{59BC6C95-3D4A-486C-B312-F5BCA623D717}.Debug|x86.ActiveCfg = Debug|Any CPU
		{59BC6C95-3D4A-486C-B312-F5BCA623D717}.Debug|x86.Build.0 = Debug|Any CPU
		{59BC6C95-3D4A-486C-B312-F5BCA623D717}.Release|x86.ActiveCfg = Debug|Any CPU
		{12F33A6C-7A91-4A9F-A2D7-99D95CE39BA6}.Debug|x86.ActiveCfg = Debug|x86
		{12F33A6C-7A91-4A9F-A2D7-99D95CE39BA6}.Debug|x86.Build.0 = Debug|x86
		{12F33A6C-7A91-4A9F-A2D7-99D95CE39BA6}.Release|x86.ActiveCfg = Release|x86
		{12F33A6C-7A91-4A9F-A2D7-99D95CE39BA6}.Release|x86.Build.0 = Release|x86
		{6B8A2676-70E4-4A1F-8CC9-5CA0019474F6}.Debug|x86.ActiveCfg = Debug|x86
		{6B8A2676-70E4-4A1F-8CC9-5CA0019474F6}.Debug|x86.Build.0 = Debug|x86
		{6B8A2676-70E4-4A1F-8CC9-5CA0019474F6}.Release|x86.ActiveCfg = Release|x86
		{6B8A2676-70E4-4A1F-8CC9-5CA0019474F6}.Release|x86.Build.0 = Release|x86
		{02C8BB97-68D0-4BBE-80A7-8EFB644595B7}.Debug|x86.ActiveCfg = Debug|x86
		{02C8BB97-68D0-4BBE-80A7-8EFB644595B7}.Debug|x86.Build.0 = Debug|x86
		{02C8BB97-68D0-4BBE-80A7-8EFB644595B7}.Release|x86.ActiveCfg = Release|x86
		{02C8BB97-68D0-4BBE-80A7-8EFB644595B7}.Release|x86.Build.0 = Release|x86
		{6D49099D-2BFC-4B66-B7B2-3B5D34890AA8}.Debug|x86.ActiveCfg = Debug|x86
		{6D49099D-2BFC-4B66-B7B2-3B5D34890AA8}.Debug|x86.Build.0 = Debug|x86
		{6D49099D-2BFC-4B66-B7B2-3B5D34890AA8}.Release|x86.ActiveCfg = Release|x86
		{6D49099D-2BFC-4B66-B7B2-3B5D34890AA8}.Release|x86.Build.0 = Release|x86
		{ED388D4C-3D52-4B34-BF91-23DBD1AFCA7A}.Debug|x86.ActiveCfg = Debug|x86
		{ED388D4C-3D52-4B34-BF91-23DBD1AFCA7A}.Debug|x86.Build.0 = Debug|x86
		{ED388D4C-3D52-4B34-BF91-23DBD1AFCA7A}.Release|x86.ActiveCfg = Release|x86
		{ED388D4C-3D52-4B34-BF91-23DBD1AFCA7A}.Release|x86.Build.0 = Release|x86
	EndGlobalSection
	GlobalSection(SolutionProperties) = preSolution
		HideSolutionNode = FALSE
	EndGlobalSection
	GlobalSection(ExtensibilityGlobals) = postSolution
		SolutionGuid = {2FB6F976-8CE0-4C52-BADD-EFDCF30E3FF9}
	EndGlobalSection
EndGlobal
