
Microsoft Visual Studio Solution File, Format Version 12.00
# Visual Studio 15
VisualStudioVersion = 15.0.28307.438
MinimumVisualStudioVersion = 10.0.40219.1
Project("{F184B08F-C81C-45F6-A57F-5ABD9991F28F}") = "Jp.Co.Nrs.LM.Launcher", "..\Launcher\Jp.Co.Nrs.LM.Launcher\Jp.Co.Nrs.LM.Launcher\Jp.Co.Nrs.LM.Launcher.vbproj", "{B48F50B1-FAD7-47A5-B855-65BD8C40C23D}"
	ProjectSection(ProjectDependencies) = postProject
		{303F430E-ACC7-40FA-BF37-2E238623F052} = {303F430E-ACC7-40FA-BF37-2E238623F052}
		{5203710E-F239-46F5-8F9C-2C8B818EFE9F} = {5203710E-F239-46F5-8F9C-2C8B818EFE9F}
		{37E5E311-7BCC-40D5-A62B-C53330758418} = {37E5E311-7BCC-40D5-A62B-C53330758418}
		{1655E014-D5A0-41E1-9276-D8211AB77C4A} = {1655E014-D5A0-41E1-9276-D8211AB77C4A}
		{CF1C3016-2B4E-406B-B8F5-0D551B93D38A} = {CF1C3016-2B4E-406B-B8F5-0D551B93D38A}
		{63834417-2D4F-4A20-A99E-5524B8770A9C} = {63834417-2D4F-4A20-A99E-5524B8770A9C}
		{AB6AAA1E-AC6A-4CF4-9BDD-6BC8745A207B} = {AB6AAA1E-AC6A-4CF4-9BDD-6BC8745A207B}
		{7E42A722-7A3A-45E0-A5A7-9171C99129E1} = {7E42A722-7A3A-45E0-A5A7-9171C99129E1}
		{5BBC6F25-2AAA-492C-97E2-49539E80082E} = {5BBC6F25-2AAA-492C-97E2-49539E80082E}
		{CFCE8229-FF37-4BE0-92DB-8F12F0DDD7B4} = {CFCE8229-FF37-4BE0-92DB-8F12F0DDD7B4}
		{B6CFF43C-79C2-4980-A061-F3ED1BB80A0B} = {B6CFF43C-79C2-4980-A061-F3ED1BB80A0B}
		{FE4CD844-0807-444E-9F18-3554DC02A696} = {FE4CD844-0807-444E-9F18-3554DC02A696}
		{ED388D4C-3D52-4B34-BF91-23DBD1AFCA7A} = {ED388D4C-3D52-4B34-BF91-23DBD1AFCA7A}
		{F8E17D50-78F5-42BB-823C-C89C2B1F59F8} = {F8E17D50-78F5-42BB-823C-C89C2B1F59F8}
		{E4F4B15A-276C-444B-AE23-4337057C6F50} = {E4F4B15A-276C-444B-AE23-4337057C6F50}
		{4762FF5E-C1AF-4A42-AE28-317A033EF257} = {4762FF5E-C1AF-4A42-AE28-317A033EF257}
		{A8D16C69-B13A-4E56-833B-A734CF66DE18} = {A8D16C69-B13A-4E56-833B-A734CF66DE18}
		{54E8866B-B107-4CDF-80A5-42EAD400BEF9} = {54E8866B-B107-4CDF-80A5-42EAD400BEF9}
		{0A3E7979-709F-45C4-B85B-32C0E013DF69} = {0A3E7979-709F-45C4-B85B-32C0E013DF69}
		{1490B282-EAB6-4824-8E03-1923AAD10835} = {1490B282-EAB6-4824-8E03-1923AAD10835}
		{AB31D385-E0FA-4E5F-97E6-3E4114272863} = {AB31D385-E0FA-4E5F-97E6-3E4114272863}
		{72507588-6BB1-4CA7-AD26-49C305B2BE3D} = {72507588-6BB1-4CA7-AD26-49C305B2BE3D}
		{2597898A-5362-4F5A-AA35-6470F34E2D70} = {2597898A-5362-4F5A-AA35-6470F34E2D70}
		{6A63938A-8B1B-4646-AB0F-3A56A54F4325} = {6A63938A-8B1B-4646-AB0F-3A56A54F4325}
		{55CB688E-3AE1-4E26-964C-6B97D4311771} = {55CB688E-3AE1-4E26-964C-6B97D4311771}
		{15946997-5FFE-443F-B733-27F4120F69CB} = {15946997-5FFE-443F-B733-27F4120F69CB}
		{02C8BB97-68D0-4BBE-80A7-8EFB644595B7} = {02C8BB97-68D0-4BBE-80A7-8EFB644595B7}
		{29EBEB9D-BC6E-4CA5-A280-63C2BCF007C3} = {29EBEB9D-BC6E-4CA5-A280-63C2BCF007C3}
		{EDA215A5-7802-4692-A390-69C4E579621D} = {EDA215A5-7802-4692-A390-69C4E579621D}
		{780A80A7-55BC-40E3-9684-6939D6D0838E} = {780A80A7-55BC-40E3-9684-6939D6D0838E}
		{860193C6-2546-4294-B28E-7ADB3551DF45} = {860193C6-2546-4294-B28E-7ADB3551DF45}
		{13335AC7-2EA7-455D-99B4-20A1197161C9} = {13335AC7-2EA7-455D-99B4-20A1197161C9}
		{4FF801C8-83B4-467E-AFE1-9E6C159FB59A} = {4FF801C8-83B4-467E-AFE1-9E6C159FB59A}
		{36404BC8-0405-4C14-853C-0677AD176AFC} = {36404BC8-0405-4C14-853C-0677AD176AFC}
		{1878AFF9-DB66-4289-8B72-56E646B084AC} = {1878AFF9-DB66-4289-8B72-56E646B084AC}
		{99B335FD-DC50-4C1A-A8EA-6E87D9EA4AE3} = {99B335FD-DC50-4C1A-A8EA-6E87D9EA4AE3}
		{0E983CFE-C96B-4A4E-BC87-4B9B3695ACA2} = {0E983CFE-C96B-4A4E-BC87-4B9B3695ACA2}
		{9CA9ACFE-0052-449F-BD57-1B1369048EA8} = {9CA9ACFE-0052-449F-BD57-1B1369048EA8}
	EndProjectSection
EndProject
Project("{E24C65DC-7377-472B-9ABA-BC803B73C61A}") = "Jp.Co.Nrs.LM.WSI", "http://localhost:3333", "{59BC6C95-3D4A-486C-B312-F5BCA623D717}"
	ProjectSection(WebsiteProperties) = preProject
		UseIISExpress = "true"
		TargetFrameworkMoniker = ".NETFramework,Version%3Dv4.7.2"
		Debug.AspNetCompiler.VirtualPath = "/localhost_3333"
		Debug.AspNetCompiler.PhysicalPath = "..\Jp.Co.Nrs.LM.WSI\Jp.Co.Nrs.LM.WSI\"
		Debug.AspNetCompiler.TargetPath = "PrecompiledWeb\localhost_3333\"
		Debug.AspNetCompiler.Updateable = "true"
		Debug.AspNetCompiler.ForceOverwrite = "true"
		Debug.AspNetCompiler.FixedNames = "false"
		Debug.AspNetCompiler.Debug = "True"
		Release.AspNetCompiler.VirtualPath = "/localhost_3333"
		Release.AspNetCompiler.PhysicalPath = "..\Jp.Co.Nrs.LM.WSI\Jp.Co.Nrs.LM.WSI\"
		Release.AspNetCompiler.TargetPath = "PrecompiledWeb\localhost_3333\"
		Release.AspNetCompiler.Updateable = "true"
		Release.AspNetCompiler.ForceOverwrite = "true"
		Release.AspNetCompiler.FixedNames = "false"
		Release.AspNetCompiler.Debug = "False"
		SlnRelativePath = "..\Jp.Co.Nrs.LM.WSI\Jp.Co.Nrs.LM.WSI\"
	EndProjectSection
	ProjectSection(ProjectDependencies) = postProject
		{B48F50B1-FAD7-47A5-B855-65BD8C40C23D} = {B48F50B1-FAD7-47A5-B855-65BD8C40C23D}
	EndProjectSection
EndProject
Project("{F184B08F-C81C-45F6-A57F-5ABD9991F28F}") = "Jp.Co.Nrs.LMA.BLC", "Jp.Co.Nrs.LMA.BLC\Jp.Co.Nrs.LMA.BLC.vbproj", "{4F6C7A0D-5DB8-4C35-8B7E-5CD6BE571F27}"
	ProjectSection(ProjectDependencies) = postProject
		{0A31778C-1B94-4624-8AD0-5820AD27C6D3} = {0A31778C-1B94-4624-8AD0-5820AD27C6D3}
	EndProjectSection
EndProject
Project("{F184B08F-C81C-45F6-A57F-5ABD9991F28F}") = "Jp.Co.Nrs.LMA.BLF", "Jp.Co.Nrs.LMA.BLF\Jp.Co.Nrs.LMA.BLF.vbproj", "{2597898A-5362-4F5A-AA35-6470F34E2D70}"
	ProjectSection(ProjectDependencies) = postProject
		{4F6C7A0D-5DB8-4C35-8B7E-5CD6BE571F27} = {4F6C7A0D-5DB8-4C35-8B7E-5CD6BE571F27}
	EndProjectSection
EndProject
Project("{F184B08F-C81C-45F6-A57F-5ABD9991F28F}") = "Jp.Co.Nrs.LMA.DAC", "Jp.Co.Nrs.LMA.DAC\Jp.Co.Nrs.LMA.DAC.vbproj", "{0A31778C-1B94-4624-8AD0-5820AD27C6D3}"
EndProject
Project("{F184B08F-C81C-45F6-A57F-5ABD9991F28F}") = "Jp.Co.Nrs.LMA.DSL", "Jp.Co.Nrs.LMA.DSL\Jp.Co.Nrs.LMA.DSL.vbproj", "{95AF64FE-3B5A-426B-BD9D-571CF8621547}"
EndProject
Project("{F184B08F-C81C-45F6-A57F-5ABD9991F28F}") = "Jp.Co.Nrs.LMA.GUI", "Jp.Co.Nrs.LMA.GUI\Jp.Co.Nrs.LMA.GUI.vbproj", "{99B335FD-DC50-4C1A-A8EA-6E87D9EA4AE3}"
	ProjectSection(ProjectDependencies) = postProject
		{94B46ED6-2297-4972-9C77-98AEE8CA0323} = {94B46ED6-2297-4972-9C77-98AEE8CA0323}
		{95AF64FE-3B5A-426B-BD9D-571CF8621547} = {95AF64FE-3B5A-426B-BD9D-571CF8621547}
	EndProjectSection
EndProject
Project("{F184B08F-C81C-45F6-A57F-5ABD9991F28F}") = "Jp.Co.Nrs.LM.BLC", "Jp.Co.Nrs.LM.BLC\Jp.Co.Nrs.LM.BLC.vbproj", "{1B0C0A5B-33E7-4707-A20E-F8D7CF571A67}"
	ProjectSection(ProjectDependencies) = postProject
		{830042BC-E0B1-4B9F-83C7-15FDBE3FC36A} = {830042BC-E0B1-4B9F-83C7-15FDBE3FC36A}
	EndProjectSection
EndProject
Project("{F184B08F-C81C-45F6-A57F-5ABD9991F28F}") = "Jp.Co.Nrs.LM.BLF", "Jp.Co.Nrs.LM.BLF\Jp.Co.Nrs.LM.BLF.vbproj", "{36404BC8-0405-4C14-853C-0677AD176AFC}"
	ProjectSection(ProjectDependencies) = postProject
		{1B0C0A5B-33E7-4707-A20E-F8D7CF571A67} = {1B0C0A5B-33E7-4707-A20E-F8D7CF571A67}
	EndProjectSection
EndProject
Project("{F184B08F-C81C-45F6-A57F-5ABD9991F28F}") = "Jp.Co.Nrs.LM.DAC", "Jp.Co.Nrs.LM.DAC\Jp.Co.Nrs.LM.DAC.vbproj", "{830042BC-E0B1-4B9F-83C7-15FDBE3FC36A}"
	ProjectSection(ProjectDependencies) = postProject
		{3087AACD-BC02-48B1-B058-EA56A843D695} = {3087AACD-BC02-48B1-B058-EA56A843D695}
	EndProjectSection
EndProject
Project("{F184B08F-C81C-45F6-A57F-5ABD9991F28F}") = "Jp.Co.Nrs.LM.DSL", "Jp.Co.Nrs.LM.DSL\Jp.Co.Nrs.LM.DSL.vbproj", "{3087AACD-BC02-48B1-B058-EA56A843D695}"
EndProject
Project("{F184B08F-C81C-45F6-A57F-5ABD9991F28F}") = "Jp.Co.Nrs.LM.GUI", "Jp.Co.Nrs.LM.GUI\Jp.Co.Nrs.LM.GUI.vbproj", "{37E5E311-7BCC-40D5-A62B-C53330758418}"
EndProject
Project("{F184B08F-C81C-45F6-A57F-5ABD9991F28F}") = "Jp.Co.Nrs.LMB.BLC", "Jp.Co.Nrs.LMB.BLC\Jp.Co.Nrs.LMB.BLC.vbproj", "{27BC03E2-9E68-4367-9EB0-07B24A48B048}"
	ProjectSection(ProjectDependencies) = postProject
		{0E8827D7-EFB5-4EAD-A946-89EAFC0B1E1A} = {0E8827D7-EFB5-4EAD-A946-89EAFC0B1E1A}
		{871776F2-BF36-4C15-BBF2-C0C0DE3CD8D5} = {871776F2-BF36-4C15-BBF2-C0C0DE3CD8D5}
	EndProjectSection
EndProject
Project("{F184B08F-C81C-45F6-A57F-5ABD9991F28F}") = "Jp.Co.Nrs.LMB.BLF", "Jp.Co.Nrs.LMB.BLF\Jp.Co.Nrs.LMB.BLF.vbproj", "{5203710E-F239-46F5-8F9C-2C8B818EFE9F}"
	ProjectSection(ProjectDependencies) = postProject
		{19A1E09B-876A-4304-B190-AA2F6524E159} = {19A1E09B-876A-4304-B190-AA2F6524E159}
		{0E8827D7-EFB5-4EAD-A946-89EAFC0B1E1A} = {0E8827D7-EFB5-4EAD-A946-89EAFC0B1E1A}
		{27BC03E2-9E68-4367-9EB0-07B24A48B048} = {27BC03E2-9E68-4367-9EB0-07B24A48B048}
	EndProjectSection
EndProject
Project("{F184B08F-C81C-45F6-A57F-5ABD9991F28F}") = "Jp.Co.Nrs.LMB.DAC", "Jp.Co.Nrs.LMB.DAC\Jp.Co.Nrs.LMB.DAC.vbproj", "{871776F2-BF36-4C15-BBF2-C0C0DE3CD8D5}"
	ProjectSection(ProjectDependencies) = postProject
		{BC28111C-E1CF-4986-87BC-906D83DB8F6B} = {BC28111C-E1CF-4986-87BC-906D83DB8F6B}
	EndProjectSection
EndProject
Project("{F184B08F-C81C-45F6-A57F-5ABD9991F28F}") = "Jp.Co.Nrs.LMB.DSL", "Jp.Co.Nrs.LMB.DSL\Jp.Co.Nrs.LMB.DSL.vbproj", "{0E8827D7-EFB5-4EAD-A946-89EAFC0B1E1A}"
EndProject
Project("{F184B08F-C81C-45F6-A57F-5ABD9991F28F}") = "Jp.Co.Nrs.LMB.GUI", "Jp.Co.Nrs.LMB.GUI\Jp.Co.Nrs.LMB.GUI.vbproj", "{1655E014-D5A0-41E1-9276-D8211AB77C4A}"
	ProjectSection(ProjectDependencies) = postProject
		{37E5E311-7BCC-40D5-A62B-C53330758418} = {37E5E311-7BCC-40D5-A62B-C53330758418}
		{F8AD5F18-0299-4D4A-A10C-BFAC03D300AC} = {F8AD5F18-0299-4D4A-A10C-BFAC03D300AC}
		{0660F833-38BD-4B7E-9620-A7C2F2640343} = {0660F833-38BD-4B7E-9620-A7C2F2640343}
		{0A3E7979-709F-45C4-B85B-32C0E013DF69} = {0A3E7979-709F-45C4-B85B-32C0E013DF69}
		{AB31D385-E0FA-4E5F-97E6-3E4114272863} = {AB31D385-E0FA-4E5F-97E6-3E4114272863}
		{E79164AA-02F9-461E-85E4-1AB1B4125F1C} = {E79164AA-02F9-461E-85E4-1AB1B4125F1C}
		{94B46ED6-2297-4972-9C77-98AEE8CA0323} = {94B46ED6-2297-4972-9C77-98AEE8CA0323}
		{0E8827D7-EFB5-4EAD-A946-89EAFC0B1E1A} = {0E8827D7-EFB5-4EAD-A946-89EAFC0B1E1A}
	EndProjectSection
EndProject
Project("{F184B08F-C81C-45F6-A57F-5ABD9991F28F}") = "Jp.Co.Nrs.LMC.BLC", "Jp.Co.Nrs.LMC.BLC\Jp.Co.Nrs.LMC.BLC.vbproj", "{5DEA1083-C935-420A-9850-19A228642372}"
	ProjectSection(ProjectDependencies) = postProject
		{15352809-E980-438C-8E86-C84B002BFDEB} = {15352809-E980-438C-8E86-C84B002BFDEB}
		{356DF428-ACF1-4DC6-9332-90AC694CB127} = {356DF428-ACF1-4DC6-9332-90AC694CB127}
		{BE6C8AFC-07AB-4BD5-A412-9DE937F39106} = {BE6C8AFC-07AB-4BD5-A412-9DE937F39106}
	EndProjectSection
EndProject
Project("{F184B08F-C81C-45F6-A57F-5ABD9991F28F}") = "Jp.Co.Nrs.LMC.BLF", "Jp.Co.Nrs.LMC.BLF\Jp.Co.Nrs.LMC.BLF.vbproj", "{CFCE8229-FF37-4BE0-92DB-8F12F0DDD7B4}"
	ProjectSection(ProjectDependencies) = postProject
		{15352809-E980-438C-8E86-C84B002BFDEB} = {15352809-E980-438C-8E86-C84B002BFDEB}
		{5DEA1083-C935-420A-9850-19A228642372} = {5DEA1083-C935-420A-9850-19A228642372}
		{19A1E09B-876A-4304-B190-AA2F6524E159} = {19A1E09B-876A-4304-B190-AA2F6524E159}
		{E79164AA-02F9-461E-85E4-1AB1B4125F1C} = {E79164AA-02F9-461E-85E4-1AB1B4125F1C}
	EndProjectSection
EndProject
Project("{F184B08F-C81C-45F6-A57F-5ABD9991F28F}") = "Jp.Co.Nrs.LMC.DAC", "Jp.Co.Nrs.LMC.DAC\Jp.Co.Nrs.LMC.DAC.vbproj", "{BE6C8AFC-07AB-4BD5-A412-9DE937F39106}"
	ProjectSection(ProjectDependencies) = postProject
		{BC28111C-E1CF-4986-87BC-906D83DB8F6B} = {BC28111C-E1CF-4986-87BC-906D83DB8F6B}
	EndProjectSection
EndProject
Project("{F184B08F-C81C-45F6-A57F-5ABD9991F28F}") = "Jp.Co.Nrs.LMC.DSL", "Jp.Co.Nrs.LMC.DSL\Jp.Co.Nrs.LMC.DSL.vbproj", "{15352809-E980-438C-8E86-C84B002BFDEB}"
EndProject
Project("{F184B08F-C81C-45F6-A57F-5ABD9991F28F}") = "Jp.Co.Nrs.LMC.GUI", "Jp.Co.Nrs.LMC.GUI\Jp.Co.Nrs.LMC.GUI.vbproj", "{72507588-6BB1-4CA7-AD26-49C305B2BE3D}"
	ProjectSection(ProjectDependencies) = postProject
		{15352809-E980-438C-8E86-C84B002BFDEB} = {15352809-E980-438C-8E86-C84B002BFDEB}
		{37E5E311-7BCC-40D5-A62B-C53330758418} = {37E5E311-7BCC-40D5-A62B-C53330758418}
		{F8AD5F18-0299-4D4A-A10C-BFAC03D300AC} = {F8AD5F18-0299-4D4A-A10C-BFAC03D300AC}
		{0660F833-38BD-4B7E-9620-A7C2F2640343} = {0660F833-38BD-4B7E-9620-A7C2F2640343}
		{A0DDA575-25FC-494B-996B-003374968B14} = {A0DDA575-25FC-494B-996B-003374968B14}
		{0A3E7979-709F-45C4-B85B-32C0E013DF69} = {0A3E7979-709F-45C4-B85B-32C0E013DF69}
		{AB31D385-E0FA-4E5F-97E6-3E4114272863} = {AB31D385-E0FA-4E5F-97E6-3E4114272863}
		{6D49099D-2BFC-4B66-B7B2-3B5D34890AA8} = {6D49099D-2BFC-4B66-B7B2-3B5D34890AA8}
		{13DD65C6-9246-41B3-BE3F-27EFD4920562} = {13DD65C6-9246-41B3-BE3F-27EFD4920562}
		{94B46ED6-2297-4972-9C77-98AEE8CA0323} = {94B46ED6-2297-4972-9C77-98AEE8CA0323}
		{0E983CFE-C96B-4A4E-BC87-4B9B3695ACA2} = {0E983CFE-C96B-4A4E-BC87-4B9B3695ACA2}
	EndProjectSection
EndProject
Project("{F184B08F-C81C-45F6-A57F-5ABD9991F28F}") = "Jp.Co.Nrs.LMD.BLC", "Jp.Co.Nrs.LMD.BLC\Jp.Co.Nrs.LMD.BLC.vbproj", "{12F33A6C-7A91-4A9F-A2D7-99D95CE39BA6}"
	ProjectSection(ProjectDependencies) = postProject
		{6B8A2676-70E4-4A1F-8CC9-5CA0019474F6} = {6B8A2676-70E4-4A1F-8CC9-5CA0019474F6}
	EndProjectSection
EndProject
Project("{F184B08F-C81C-45F6-A57F-5ABD9991F28F}") = "Jp.Co.Nrs.LMD.BLF", "Jp.Co.Nrs.LMD.BLF\Jp.Co.Nrs.LMD.BLF.vbproj", "{02C8BB97-68D0-4BBE-80A7-8EFB644595B7}"
	ProjectSection(ProjectDependencies) = postProject
		{12F33A6C-7A91-4A9F-A2D7-99D95CE39BA6} = {12F33A6C-7A91-4A9F-A2D7-99D95CE39BA6}
		{6D49099D-2BFC-4B66-B7B2-3B5D34890AA8} = {6D49099D-2BFC-4B66-B7B2-3B5D34890AA8}
	EndProjectSection
EndProject
Project("{F184B08F-C81C-45F6-A57F-5ABD9991F28F}") = "Jp.Co.Nrs.LMD.DAC", "Jp.Co.Nrs.LMD.DAC\Jp.Co.Nrs.LMD.DAC.vbproj", "{6B8A2676-70E4-4A1F-8CC9-5CA0019474F6}"
	ProjectSection(ProjectDependencies) = postProject
		{BC28111C-E1CF-4986-87BC-906D83DB8F6B} = {BC28111C-E1CF-4986-87BC-906D83DB8F6B}
	EndProjectSection
EndProject
Project("{F184B08F-C81C-45F6-A57F-5ABD9991F28F}") = "Jp.Co.Nrs.LMD.DSL", "Jp.Co.Nrs.LMD.DSL\Jp.Co.Nrs.LMD.DSL.vbproj", "{6D49099D-2BFC-4B66-B7B2-3B5D34890AA8}"
EndProject
Project("{F184B08F-C81C-45F6-A57F-5ABD9991F28F}") = "Jp.Co.Nrs.LMD.GUI", "Jp.Co.Nrs.LMD.GUI\Jp.Co.Nrs.LMD.GUI.vbproj", "{ED388D4C-3D52-4B34-BF91-23DBD1AFCA7A}"
	ProjectSection(ProjectDependencies) = postProject
		{15352809-E980-438C-8E86-C84B002BFDEB} = {15352809-E980-438C-8E86-C84B002BFDEB}
		{37E5E311-7BCC-40D5-A62B-C53330758418} = {37E5E311-7BCC-40D5-A62B-C53330758418}
		{0660F833-38BD-4B7E-9620-A7C2F2640343} = {0660F833-38BD-4B7E-9620-A7C2F2640343}
		{AB31D385-E0FA-4E5F-97E6-3E4114272863} = {AB31D385-E0FA-4E5F-97E6-3E4114272863}
		{6D49099D-2BFC-4B66-B7B2-3B5D34890AA8} = {6D49099D-2BFC-4B66-B7B2-3B5D34890AA8}
		{780A80A7-55BC-40E3-9684-6939D6D0838E} = {780A80A7-55BC-40E3-9684-6939D6D0838E}
		{0E8827D7-EFB5-4EAD-A946-89EAFC0B1E1A} = {0E8827D7-EFB5-4EAD-A946-89EAFC0B1E1A}
		{0E983CFE-C96B-4A4E-BC87-4B9B3695ACA2} = {0E983CFE-C96B-4A4E-BC87-4B9B3695ACA2}
	EndProjectSection
EndProject
Project("{F184B08F-C81C-45F6-A57F-5ABD9991F28F}") = "Jp.Co.Nrs.LME.BLC", "Jp.Co.Nrs.LME.BLC\Jp.Co.Nrs.LME.BLC.vbproj", "{1FDF5CF6-2EF6-4656-A15F-3151D73BCA9D}"
	ProjectSection(ProjectDependencies) = postProject
		{8473151B-DC40-4D51-AC03-7090AD073408} = {8473151B-DC40-4D51-AC03-7090AD073408}
	EndProjectSection
EndProject
Project("{F184B08F-C81C-45F6-A57F-5ABD9991F28F}") = "Jp.Co.Nrs.LME.BLF", "Jp.Co.Nrs.LME.BLF\Jp.Co.Nrs.LME.BLF.vbproj", "{303F430E-ACC7-40FA-BF37-2E238623F052}"
	ProjectSection(ProjectDependencies) = postProject
		{55BC8D08-78A6-4008-A750-B634A2F8BCE1} = {55BC8D08-78A6-4008-A750-B634A2F8BCE1}
		{1FDF5CF6-2EF6-4656-A15F-3151D73BCA9D} = {1FDF5CF6-2EF6-4656-A15F-3151D73BCA9D}
	EndProjectSection
EndProject
Project("{F184B08F-C81C-45F6-A57F-5ABD9991F28F}") = "Jp.Co.Nrs.LME.DAC", "Jp.Co.Nrs.LME.DAC\Jp.Co.Nrs.LME.DAC.vbproj", "{8473151B-DC40-4D51-AC03-7090AD073408}"
	ProjectSection(ProjectDependencies) = postProject
		{BC28111C-E1CF-4986-87BC-906D83DB8F6B} = {BC28111C-E1CF-4986-87BC-906D83DB8F6B}
	EndProjectSection
EndProject
Project("{F184B08F-C81C-45F6-A57F-5ABD9991F28F}") = "Jp.Co.Nrs.LME.DSL", "Jp.Co.Nrs.LME.DSL\Jp.Co.Nrs.LME.DSL.vbproj", "{55BC8D08-78A6-4008-A750-B634A2F8BCE1}"
EndProject
Project("{F184B08F-C81C-45F6-A57F-5ABD9991F28F}") = "Jp.Co.Nrs.LME.GUI", "Jp.Co.Nrs.LME.GUI\Jp.Co.Nrs.LME.GUI.vbproj", "{860193C6-2546-4294-B28E-7ADB3551DF45}"
	ProjectSection(ProjectDependencies) = postProject
		{55BC8D08-78A6-4008-A750-B634A2F8BCE1} = {55BC8D08-78A6-4008-A750-B634A2F8BCE1}
		{37E5E311-7BCC-40D5-A62B-C53330758418} = {37E5E311-7BCC-40D5-A62B-C53330758418}
		{0660F833-38BD-4B7E-9620-A7C2F2640343} = {0660F833-38BD-4B7E-9620-A7C2F2640343}
		{AB31D385-E0FA-4E5F-97E6-3E4114272863} = {AB31D385-E0FA-4E5F-97E6-3E4114272863}
		{6D49099D-2BFC-4B66-B7B2-3B5D34890AA8} = {6D49099D-2BFC-4B66-B7B2-3B5D34890AA8}
	EndProjectSection
EndProject
Project("{F184B08F-C81C-45F6-A57F-5ABD9991F28F}") = "Jp.Co.Nrs.LMF.DSL", "Jp.Co.Nrs.LMF.DSL\Jp.Co.Nrs.LMF.DSL.vbproj", "{E79164AA-02F9-461E-85E4-1AB1B4125F1C}"
EndProject
Project("{F184B08F-C81C-45F6-A57F-5ABD9991F28F}") = "Jp.Co.Nrs.LMF.BLC", "Jp.Co.Nrs.LMF.BLC\Jp.Co.Nrs.LMF.BLC.vbproj", "{19A1E09B-876A-4304-B190-AA2F6524E159}"
	ProjectSection(ProjectDependencies) = postProject
		{751FFB0F-F404-4471-971E-EFBC33C3C147} = {751FFB0F-F404-4471-971E-EFBC33C3C147}
		{E79164AA-02F9-461E-85E4-1AB1B4125F1C} = {E79164AA-02F9-461E-85E4-1AB1B4125F1C}
	EndProjectSection
EndProject
Project("{F184B08F-C81C-45F6-A57F-5ABD9991F28F}") = "Jp.Co.Nrs.LMF.BLF", "Jp.Co.Nrs.LMF.BLF\Jp.Co.Nrs.LMF.BLF.vbproj", "{7E42A722-7A3A-45E0-A5A7-9171C99129E1}"
	ProjectSection(ProjectDependencies) = postProject
		{15352809-E980-438C-8E86-C84B002BFDEB} = {15352809-E980-438C-8E86-C84B002BFDEB}
		{5DEA1083-C935-420A-9850-19A228642372} = {5DEA1083-C935-420A-9850-19A228642372}
		{19A1E09B-876A-4304-B190-AA2F6524E159} = {19A1E09B-876A-4304-B190-AA2F6524E159}
		{E79164AA-02F9-461E-85E4-1AB1B4125F1C} = {E79164AA-02F9-461E-85E4-1AB1B4125F1C}
	EndProjectSection
EndProject
Project("{F184B08F-C81C-45F6-A57F-5ABD9991F28F}") = "Jp.Co.Nrs.LMF.DAC", "Jp.Co.Nrs.LMF.DAC\Jp.Co.Nrs.LMF.DAC.vbproj", "{751FFB0F-F404-4471-971E-EFBC33C3C147}"
	ProjectSection(ProjectDependencies) = postProject
		{BC28111C-E1CF-4986-87BC-906D83DB8F6B} = {BC28111C-E1CF-4986-87BC-906D83DB8F6B}
		{E79164AA-02F9-461E-85E4-1AB1B4125F1C} = {E79164AA-02F9-461E-85E4-1AB1B4125F1C}
	EndProjectSection
EndProject
Project("{F184B08F-C81C-45F6-A57F-5ABD9991F28F}") = "Jp.Co.Nrs.LMF.GUI", "Jp.Co.Nrs.LMF.GUI\Jp.Co.Nrs.LMF.GUI.vbproj", "{0A3E7979-709F-45C4-B85B-32C0E013DF69}"
	ProjectSection(ProjectDependencies) = postProject
		{15352809-E980-438C-8E86-C84B002BFDEB} = {15352809-E980-438C-8E86-C84B002BFDEB}
		{37E5E311-7BCC-40D5-A62B-C53330758418} = {37E5E311-7BCC-40D5-A62B-C53330758418}
		{0660F833-38BD-4B7E-9620-A7C2F2640343} = {0660F833-38BD-4B7E-9620-A7C2F2640343}
		{39B3E449-1814-445D-84FB-77A5602536F1} = {39B3E449-1814-445D-84FB-77A5602536F1}
		{E25D234A-2491-4EEF-BA47-B9ABB7B17FC7} = {E25D234A-2491-4EEF-BA47-B9ABB7B17FC7}
		{AB31D385-E0FA-4E5F-97E6-3E4114272863} = {AB31D385-E0FA-4E5F-97E6-3E4114272863}
		{E79164AA-02F9-461E-85E4-1AB1B4125F1C} = {E79164AA-02F9-461E-85E4-1AB1B4125F1C}
		{3087AACD-BC02-48B1-B058-EA56A843D695} = {3087AACD-BC02-48B1-B058-EA56A843D695}
		{94B46ED6-2297-4972-9C77-98AEE8CA0323} = {94B46ED6-2297-4972-9C77-98AEE8CA0323}
	EndProjectSection
EndProject
Project("{F184B08F-C81C-45F6-A57F-5ABD9991F28F}") = "Jp.Co.Nrs.LMG.BLC", "Jp.Co.Nrs.LMG.BLC\Jp.Co.Nrs.LMG.BLC.vbproj", "{29832102-3CB1-4C0C-AC45-D425891B8098}"
	ProjectSection(ProjectDependencies) = postProject
		{BC28111C-E1CF-4986-87BC-906D83DB8F6B} = {BC28111C-E1CF-4986-87BC-906D83DB8F6B}
		{E25D234A-2491-4EEF-BA47-B9ABB7B17FC7} = {E25D234A-2491-4EEF-BA47-B9ABB7B17FC7}
	EndProjectSection
EndProject
Project("{F184B08F-C81C-45F6-A57F-5ABD9991F28F}") = "Jp.Co.Nrs.LMG.BLF", "Jp.Co.Nrs.LMG.BLF\Jp.Co.Nrs.LMG.BLF.vbproj", "{AB6AAA1E-AC6A-4CF4-9BDD-6BC8745A207B}"
	ProjectSection(ProjectDependencies) = postProject
		{29832102-3CB1-4C0C-AC45-D425891B8098} = {29832102-3CB1-4C0C-AC45-D425891B8098}
		{55BC8D08-78A6-4008-A750-B634A2F8BCE1} = {55BC8D08-78A6-4008-A750-B634A2F8BCE1}
		{E25D234A-2491-4EEF-BA47-B9ABB7B17FC7} = {E25D234A-2491-4EEF-BA47-B9ABB7B17FC7}
		{19A1E09B-876A-4304-B190-AA2F6524E159} = {19A1E09B-876A-4304-B190-AA2F6524E159}
		{E79164AA-02F9-461E-85E4-1AB1B4125F1C} = {E79164AA-02F9-461E-85E4-1AB1B4125F1C}
		{1FDF5CF6-2EF6-4656-A15F-3151D73BCA9D} = {1FDF5CF6-2EF6-4656-A15F-3151D73BCA9D}
	EndProjectSection
EndProject
Project("{F184B08F-C81C-45F6-A57F-5ABD9991F28F}") = "Jp.Co.Nrs.LMG.DAC", "Jp.Co.Nrs.LMG.DAC\Jp.Co.Nrs.LMG.DAC.vbproj", "{BC28111C-E1CF-4986-87BC-906D83DB8F6B}"
EndProject
Project("{F184B08F-C81C-45F6-A57F-5ABD9991F28F}") = "Jp.Co.Nrs.LMG.DSL", "Jp.Co.Nrs.LMG.DSL\Jp.Co.Nrs.LMG.DSL.vbproj", "{E25D234A-2491-4EEF-BA47-B9ABB7B17FC7}"
EndProject
Project("{F184B08F-C81C-45F6-A57F-5ABD9991F28F}") = "Jp.Co.Nrs.LMG.GUI", "Jp.Co.Nrs.LMG.GUI\Jp.Co.Nrs.LMG.GUI.vbproj", "{55CB688E-3AE1-4E26-964C-6B97D4311771}"
	ProjectSection(ProjectDependencies) = postProject
		{37E5E311-7BCC-40D5-A62B-C53330758418} = {37E5E311-7BCC-40D5-A62B-C53330758418}
		{0660F833-38BD-4B7E-9620-A7C2F2640343} = {0660F833-38BD-4B7E-9620-A7C2F2640343}
		{E25D234A-2491-4EEF-BA47-B9ABB7B17FC7} = {E25D234A-2491-4EEF-BA47-B9ABB7B17FC7}
		{AB31D385-E0FA-4E5F-97E6-3E4114272863} = {AB31D385-E0FA-4E5F-97E6-3E4114272863}
		{E79164AA-02F9-461E-85E4-1AB1B4125F1C} = {E79164AA-02F9-461E-85E4-1AB1B4125F1C}
	EndProjectSection
EndProject
Project("{F184B08F-C81C-45F6-A57F-5ABD9991F28F}") = "Jp.Co.Nrs.LMH.BLC", "Jp.Co.Nrs.LMH.BLC\Jp.Co.Nrs.LMH.BLC.vbproj", "{5FD3D8C3-2FE2-4BB4-92F0-7223C1A980DA}"
	ProjectSection(ProjectDependencies) = postProject
		{15352809-E980-438C-8E86-C84B002BFDEB} = {15352809-E980-438C-8E86-C84B002BFDEB}
		{D093DA51-527D-42C9-9443-A8763A603BC8} = {D093DA51-527D-42C9-9443-A8763A603BC8}
		{3F993DD8-3344-418B-8F26-E6D3DE16B321} = {3F993DD8-3344-418B-8F26-E6D3DE16B321}
		{871776F2-BF36-4C15-BBF2-C0C0DE3CD8D5} = {871776F2-BF36-4C15-BBF2-C0C0DE3CD8D5}
		{BE6C8AFC-07AB-4BD5-A412-9DE937F39106} = {BE6C8AFC-07AB-4BD5-A412-9DE937F39106}
	EndProjectSection
EndProject
Project("{F184B08F-C81C-45F6-A57F-5ABD9991F28F}") = "Jp.Co.Nrs.LMH.BLF", "Jp.Co.Nrs.LMH.BLF\Jp.Co.Nrs.LMH.BLF.vbproj", "{5BBC6F25-2AAA-492C-97E2-49539E80082E}"
	ProjectSection(ProjectDependencies) = postProject
		{D093DA51-527D-42C9-9443-A8763A603BC8} = {D093DA51-527D-42C9-9443-A8763A603BC8}
		{19A1E09B-876A-4304-B190-AA2F6524E159} = {19A1E09B-876A-4304-B190-AA2F6524E159}
		{E79164AA-02F9-461E-85E4-1AB1B4125F1C} = {E79164AA-02F9-461E-85E4-1AB1B4125F1C}
		{5FD3D8C3-2FE2-4BB4-92F0-7223C1A980DA} = {5FD3D8C3-2FE2-4BB4-92F0-7223C1A980DA}
	EndProjectSection
EndProject
Project("{F184B08F-C81C-45F6-A57F-5ABD9991F28F}") = "Jp.Co.Nrs.LMH.DAC", "Jp.Co.Nrs.LMH.DAC\Jp.Co.Nrs.LMH.DAC.vbproj", "{3F993DD8-3344-418B-8F26-E6D3DE16B321}"
	ProjectSection(ProjectDependencies) = postProject
		{BC28111C-E1CF-4986-87BC-906D83DB8F6B} = {BC28111C-E1CF-4986-87BC-906D83DB8F6B}
	EndProjectSection
EndProject
Project("{F184B08F-C81C-45F6-A57F-5ABD9991F28F}") = "Jp.Co.Nrs.LMH.DSL", "Jp.Co.Nrs.LMH.DSL\Jp.Co.Nrs.LMH.DSL.vbproj", "{D093DA51-527D-42C9-9443-A8763A603BC8}"
EndProject
Project("{F184B08F-C81C-45F6-A57F-5ABD9991F28F}") = "Jp.Co.Nrs.LMH.GUI", "Jp.Co.Nrs.LMH.GUI\Jp.Co.Nrs.LMH.GUI.vbproj", "{9CA9ACFE-0052-449F-BD57-1B1369048EA8}"
	ProjectSection(ProjectDependencies) = postProject
		{37E5E311-7BCC-40D5-A62B-C53330758418} = {37E5E311-7BCC-40D5-A62B-C53330758418}
		{0660F833-38BD-4B7E-9620-A7C2F2640343} = {0660F833-38BD-4B7E-9620-A7C2F2640343}
		{D093DA51-527D-42C9-9443-A8763A603BC8} = {D093DA51-527D-42C9-9443-A8763A603BC8}
		{AB31D385-E0FA-4E5F-97E6-3E4114272863} = {AB31D385-E0FA-4E5F-97E6-3E4114272863}
		{94B46ED6-2297-4972-9C77-98AEE8CA0323} = {94B46ED6-2297-4972-9C77-98AEE8CA0323}
	EndProjectSection
EndProject
Project("{F184B08F-C81C-45F6-A57F-5ABD9991F28F}") = "Jp.Co.Nrs.LMI.BLC", "Jp.Co.Nrs.LMI.BLC\Jp.Co.Nrs.LMI.BLC.vbproj", "{75C83065-EF65-4F10-9666-E660D1B65834}"
	ProjectSection(ProjectDependencies) = postProject
		{534E97BD-512E-460D-88DB-7A6E0E4E5A78} = {534E97BD-512E-460D-88DB-7A6E0E4E5A78}
		{0954BED2-3BA6-4598-A74F-BEDFE3D56F46} = {0954BED2-3BA6-4598-A74F-BEDFE3D56F46}
	EndProjectSection
EndProject
Project("{F184B08F-C81C-45F6-A57F-5ABD9991F28F}") = "Jp.Co.Nrs.LMI.BLF", "Jp.Co.Nrs.LMI.BLF\Jp.Co.Nrs.LMI.BLF.vbproj", "{6A63938A-8B1B-4646-AB0F-3A56A54F4325}"
	ProjectSection(ProjectDependencies) = postProject
		{29832102-3CB1-4C0C-AC45-D425891B8098} = {29832102-3CB1-4C0C-AC45-D425891B8098}
		{15352809-E980-438C-8E86-C84B002BFDEB} = {15352809-E980-438C-8E86-C84B002BFDEB}
		{E25D234A-2491-4EEF-BA47-B9ABB7B17FC7} = {E25D234A-2491-4EEF-BA47-B9ABB7B17FC7}
		{75C83065-EF65-4F10-9666-E660D1B65834} = {75C83065-EF65-4F10-9666-E660D1B65834}
		{5DEA1083-C935-420A-9850-19A228642372} = {5DEA1083-C935-420A-9850-19A228642372}
		{5FD3D8C3-2FE2-4BB4-92F0-7223C1A980DA} = {5FD3D8C3-2FE2-4BB4-92F0-7223C1A980DA}
		{0954BED2-3BA6-4598-A74F-BEDFE3D56F46} = {0954BED2-3BA6-4598-A74F-BEDFE3D56F46}
	EndProjectSection
EndProject
Project("{F184B08F-C81C-45F6-A57F-5ABD9991F28F}") = "Jp.Co.Nrs.LMI.DAC", "Jp.Co.Nrs.LMI.DAC\Jp.Co.Nrs.LMI.DAC.vbproj", "{534E97BD-512E-460D-88DB-7A6E0E4E5A78}"
EndProject
Project("{F184B08F-C81C-45F6-A57F-5ABD9991F28F}") = "Jp.Co.Nrs.LMI.DSL", "Jp.Co.Nrs.LMI.DSL\Jp.Co.Nrs.LMI.DSL.vbproj", "{0954BED2-3BA6-4598-A74F-BEDFE3D56F46}"
EndProject
Project("{F184B08F-C81C-45F6-A57F-5ABD9991F28F}") = "Jp.Co.Nrs.LMI.GUI", "Jp.Co.Nrs.LMI.GUI\Jp.Co.Nrs.LMI.GUI.vbproj", "{780A80A7-55BC-40E3-9684-6939D6D0838E}"
	ProjectSection(ProjectDependencies) = postProject
		{37E5E311-7BCC-40D5-A62B-C53330758418} = {37E5E311-7BCC-40D5-A62B-C53330758418}
		{0660F833-38BD-4B7E-9620-A7C2F2640343} = {0660F833-38BD-4B7E-9620-A7C2F2640343}
		{D093DA51-527D-42C9-9443-A8763A603BC8} = {D093DA51-527D-42C9-9443-A8763A603BC8}
		{0A3E7979-709F-45C4-B85B-32C0E013DF69} = {0A3E7979-709F-45C4-B85B-32C0E013DF69}
		{AB31D385-E0FA-4E5F-97E6-3E4114272863} = {AB31D385-E0FA-4E5F-97E6-3E4114272863}
		{E79164AA-02F9-461E-85E4-1AB1B4125F1C} = {E79164AA-02F9-461E-85E4-1AB1B4125F1C}
		{0954BED2-3BA6-4598-A74F-BEDFE3D56F46} = {0954BED2-3BA6-4598-A74F-BEDFE3D56F46}
	EndProjectSection
EndProject
Project("{F184B08F-C81C-45F6-A57F-5ABD9991F28F}") = "Jp.Co.Nrs.LMJ.BLC", "Jp.Co.Nrs.LMJ.BLC\Jp.Co.Nrs.LMJ.BLC.vbproj", "{5CCFA337-ECB9-461E-BC2B-54B38FB863FA}"
	ProjectSection(ProjectDependencies) = postProject
		{006B5BA2-DFE5-4D4B-96D4-C6F49E75D567} = {006B5BA2-DFE5-4D4B-96D4-C6F49E75D567}
	EndProjectSection
EndProject
Project("{F184B08F-C81C-45F6-A57F-5ABD9991F28F}") = "Jp.Co.Nrs.LMJ.BLF", "Jp.Co.Nrs.LMJ.BLF\Jp.Co.Nrs.LMJ.BLF.vbproj", "{63834417-2D4F-4A20-A99E-5524B8770A9C}"
	ProjectSection(ProjectDependencies) = postProject
		{5CCFA337-ECB9-461E-BC2B-54B38FB863FA} = {5CCFA337-ECB9-461E-BC2B-54B38FB863FA}
	EndProjectSection
EndProject
Project("{F184B08F-C81C-45F6-A57F-5ABD9991F28F}") = "Jp.Co.Nrs.LMJ.DAC", "Jp.Co.Nrs.LMJ.DAC\Jp.Co.Nrs.LMJ.DAC.vbproj", "{006B5BA2-DFE5-4D4B-96D4-C6F49E75D567}"
EndProject
Project("{F184B08F-C81C-45F6-A57F-5ABD9991F28F}") = "Jp.Co.Nrs.LMJ.DSL", "Jp.Co.Nrs.LMJ.DSL\Jp.Co.Nrs.LMJ.DSL.vbproj", "{DBCFD87D-0EE3-437B-BABE-704F88791ABB}"
EndProject
Project("{F184B08F-C81C-45F6-A57F-5ABD9991F28F}") = "Jp.Co.Nrs.LMJ.GUI", "Jp.Co.Nrs.LMJ.GUI\Jp.Co.Nrs.LMJ.GUI.vbproj", "{29EBEB9D-BC6E-4CA5-A280-63C2BCF007C3}"
	ProjectSection(ProjectDependencies) = postProject
		{0660F833-38BD-4B7E-9620-A7C2F2640343} = {0660F833-38BD-4B7E-9620-A7C2F2640343}
		{DBCFD87D-0EE3-437B-BABE-704F88791ABB} = {DBCFD87D-0EE3-437B-BABE-704F88791ABB}
		{AB31D385-E0FA-4E5F-97E6-3E4114272863} = {AB31D385-E0FA-4E5F-97E6-3E4114272863}
	EndProjectSection
EndProject
Project("{F184B08F-C81C-45F6-A57F-5ABD9991F28F}") = "Jp.Co.Nrs.LMK.BLF", "Jp.Co.Nrs.LMK.BLF\Jp.Co.Nrs.LMK.BLF.vbproj", "{F8E17D50-78F5-42BB-823C-C89C2B1F59F8}"
	ProjectSection(ProjectDependencies) = postProject
		{39B3E449-1814-445D-84FB-77A5602536F1} = {39B3E449-1814-445D-84FB-77A5602536F1}
		{19A1E09B-876A-4304-B190-AA2F6524E159} = {19A1E09B-876A-4304-B190-AA2F6524E159}
	EndProjectSection
EndProject
Project("{F184B08F-C81C-45F6-A57F-5ABD9991F28F}") = "Jp.Co.Nrs.LMK.DSL", "Jp.Co.Nrs.LMK.DSL\Jp.Co.Nrs.LMK.DSL.vbproj", "{39B3E449-1814-445D-84FB-77A5602536F1}"
EndProject
Project("{F184B08F-C81C-45F6-A57F-5ABD9991F28F}") = "Jp.Co.Nrs.LMK.GUI", "Jp.Co.Nrs.LMK.GUI\Jp.Co.Nrs.LMK.GUI.vbproj", "{CF1C3016-2B4E-406B-B8F5-0D551B93D38A}"
	ProjectSection(ProjectDependencies) = postProject
		{37E5E311-7BCC-40D5-A62B-C53330758418} = {37E5E311-7BCC-40D5-A62B-C53330758418}
		{0660F833-38BD-4B7E-9620-A7C2F2640343} = {0660F833-38BD-4B7E-9620-A7C2F2640343}
		{39B3E449-1814-445D-84FB-77A5602536F1} = {39B3E449-1814-445D-84FB-77A5602536F1}
		{AB31D385-E0FA-4E5F-97E6-3E4114272863} = {AB31D385-E0FA-4E5F-97E6-3E4114272863}
		{E79164AA-02F9-461E-85E4-1AB1B4125F1C} = {E79164AA-02F9-461E-85E4-1AB1B4125F1C}
	EndProjectSection
EndProject
Project("{F184B08F-C81C-45F6-A57F-5ABD9991F28F}") = "Jp.Co.Nrs.LMM.BLC", "Jp.Co.Nrs.LMM.BLC\Jp.Co.Nrs.LMM.BLC.vbproj", "{5DA78810-2F00-4266-B1D4-E7F9CF8F3B2A}"
	ProjectSection(ProjectDependencies) = postProject
		{59988C49-4FD9-4806-A00E-2B519FCC30CD} = {59988C49-4FD9-4806-A00E-2B519FCC30CD}
		{94B46ED6-2297-4972-9C77-98AEE8CA0323} = {94B46ED6-2297-4972-9C77-98AEE8CA0323}
	EndProjectSection
EndProject
Project("{F184B08F-C81C-45F6-A57F-5ABD9991F28F}") = "Jp.Co.Nrs.LMM.BLF", "Jp.Co.Nrs.LMM.BLF\Jp.Co.Nrs.LMM.BLF.vbproj", "{1878AFF9-DB66-4289-8B72-56E646B084AC}"
	ProjectSection(ProjectDependencies) = postProject
		{5DA78810-2F00-4266-B1D4-E7F9CF8F3B2A} = {5DA78810-2F00-4266-B1D4-E7F9CF8F3B2A}
		{94B46ED6-2297-4972-9C77-98AEE8CA0323} = {94B46ED6-2297-4972-9C77-98AEE8CA0323}
	EndProjectSection
EndProject
Project("{F184B08F-C81C-45F6-A57F-5ABD9991F28F}") = "Jp.Co.Nrs.LMM.DAC", "Jp.Co.Nrs.LMM.DAC\Jp.Co.Nrs.LMM.DAC.vbproj", "{59988C49-4FD9-4806-A00E-2B519FCC30CD}"
EndProject
Project("{F184B08F-C81C-45F6-A57F-5ABD9991F28F}") = "Jp.Co.Nrs.LMM.DSL", "Jp.Co.Nrs.LMM.DSL\Jp.Co.Nrs.LMM.DSL.vbproj", "{94B46ED6-2297-4972-9C77-98AEE8CA0323}"
EndProject
Project("{F184B08F-C81C-45F6-A57F-5ABD9991F28F}") = "Jp.Co.Nrs.LMM.GUI", "Jp.Co.Nrs.LMM.GUI\Jp.Co.Nrs.LMM.GUI.vbproj", "{54E8866B-B107-4CDF-80A5-42EAD400BEF9}"
	ProjectSection(ProjectDependencies) = postProject
		{0660F833-38BD-4B7E-9620-A7C2F2640343} = {0660F833-38BD-4B7E-9620-A7C2F2640343}
		{AB31D385-E0FA-4E5F-97E6-3E4114272863} = {AB31D385-E0FA-4E5F-97E6-3E4114272863}
		{94B46ED6-2297-4972-9C77-98AEE8CA0323} = {94B46ED6-2297-4972-9C77-98AEE8CA0323}
	EndProjectSection
EndProject
Project("{F184B08F-C81C-45F6-A57F-5ABD9991F28F}") = "Jp.Co.Nrs.LMN.BLC", "Jp.Co.Nrs.LMN.BLC\Jp.Co.Nrs.LMN.BLC.vbproj", "{C75FB98A-8201-4508-BCE7-772407F975DE}"
	ProjectSection(ProjectDependencies) = postProject
		{AF481CCB-DB21-426C-9CA4-5B6CF0823B70} = {AF481CCB-DB21-426C-9CA4-5B6CF0823B70}
		{E8FD47D9-82B1-4040-A140-533C4EF228D7} = {E8FD47D9-82B1-4040-A140-533C4EF228D7}
	EndProjectSection
EndProject
Project("{F184B08F-C81C-45F6-A57F-5ABD9991F28F}") = "Jp.Co.Nrs.LMN.BLF", "Jp.Co.Nrs.LMN.BLF\Jp.Co.Nrs.LMN.BLF.vbproj", "{FE4CD844-0807-444E-9F18-3554DC02A696}"
	ProjectSection(ProjectDependencies) = postProject
		{D093DA51-527D-42C9-9443-A8763A603BC8} = {D093DA51-527D-42C9-9443-A8763A603BC8}
		{C75FB98A-8201-4508-BCE7-772407F975DE} = {C75FB98A-8201-4508-BCE7-772407F975DE}
		{5FD3D8C3-2FE2-4BB4-92F0-7223C1A980DA} = {5FD3D8C3-2FE2-4BB4-92F0-7223C1A980DA}
		{E8FD47D9-82B1-4040-A140-533C4EF228D7} = {E8FD47D9-82B1-4040-A140-533C4EF228D7}
	EndProjectSection
EndProject
Project("{F184B08F-C81C-45F6-A57F-5ABD9991F28F}") = "Jp.Co.Nrs.LMN.DAC", "Jp.Co.Nrs.LMN.DAC\Jp.Co.Nrs.LMN.DAC.vbproj", "{AF481CCB-DB21-426C-9CA4-5B6CF0823B70}"
EndProject
Project("{F184B08F-C81C-45F6-A57F-5ABD9991F28F}") = "Jp.Co.Nrs.LMN.DSL", "Jp.Co.Nrs.LMN.DSL\Jp.Co.Nrs.LMN.DSL.vbproj", "{E8FD47D9-82B1-4040-A140-533C4EF228D7}"
EndProject
Project("{F184B08F-C81C-45F6-A57F-5ABD9991F28F}") = "Jp.Co.Nrs.LMN.GUI", "Jp.Co.Nrs.LMN.GUI\Jp.Co.Nrs.LMN.GUI.vbproj", "{1490B282-EAB6-4824-8E03-1923AAD10835}"
	ProjectSection(ProjectDependencies) = postProject
		{E8FD47D9-82B1-4040-A140-533C4EF228D7} = {E8FD47D9-82B1-4040-A140-533C4EF228D7}
	EndProjectSection
EndProject
Project("{F184B08F-C81C-45F6-A57F-5ABD9991F28F}") = "Jp.Co.Nrs.LMQ.BLC", "Jp.Co.Nrs.LMQ.BLC\Jp.Co.Nrs.LMQ.BLC.vbproj", "{5433E072-DAD5-4A55-B495-A06007EE9EF6}"
	ProjectSection(ProjectDependencies) = postProject
		{690885A8-D41A-4A46-A511-FE65099DE06F} = {690885A8-D41A-4A46-A511-FE65099DE06F}
	EndProjectSection
EndProject
Project("{F184B08F-C81C-45F6-A57F-5ABD9991F28F}") = "Jp.Co.Nrs.LMQ.BLF", "Jp.Co.Nrs.LMQ.BLF\Jp.Co.Nrs.LMQ.BLF.vbproj", "{15946997-5FFE-443F-B733-27F4120F69CB}"
	ProjectSection(ProjectDependencies) = postProject
		{5433E072-DAD5-4A55-B495-A06007EE9EF6} = {5433E072-DAD5-4A55-B495-A06007EE9EF6}
	EndProjectSection
EndProject
Project("{F184B08F-C81C-45F6-A57F-5ABD9991F28F}") = "Jp.Co.Nrs.LMQ.DAC", "Jp.Co.Nrs.LMQ.DAC\Jp.Co.Nrs.LMQ.DAC.vbproj", "{690885A8-D41A-4A46-A511-FE65099DE06F}"
EndProject
Project("{F184B08F-C81C-45F6-A57F-5ABD9991F28F}") = "Jp.Co.Nrs.LMQ.DSL", "Jp.Co.Nrs.LMQ.DSL\Jp.Co.Nrs.LMQ.DSL.vbproj", "{A0DDA575-25FC-494B-996B-003374968B14}"
EndProject
Project("{F184B08F-C81C-45F6-A57F-5ABD9991F28F}") = "Jp.Co.Nrs.LMQ.GUI", "Jp.Co.Nrs.LMQ.GUI\Jp.Co.Nrs.LMQ.GUI.vbproj", "{0E983CFE-C96B-4A4E-BC87-4B9B3695ACA2}"
	ProjectSection(ProjectDependencies) = postProject
		{A0DDA575-25FC-494B-996B-003374968B14} = {A0DDA575-25FC-494B-996B-003374968B14}
	EndProjectSection
EndProject
Project("{F184B08F-C81C-45F6-A57F-5ABD9991F28F}") = "Jp.Co.Nrs.LMR.BLC", "Jp.Co.Nrs.LMR.BLC\Jp.Co.Nrs.LMR.BLC.vbproj", "{FC394902-C1C2-4DCF-B082-9D3177B94DC0}"
	ProjectSection(ProjectDependencies) = postProject
		{442D6E82-6575-45F4-B7EA-C462F9198168} = {442D6E82-6575-45F4-B7EA-C462F9198168}
	EndProjectSection
EndProject
Project("{F184B08F-C81C-45F6-A57F-5ABD9991F28F}") = "Jp.Co.Nrs.LMR.BLF", "Jp.Co.Nrs.LMR.BLF\Jp.Co.Nrs.LMR.BLF.vbproj", "{E4F4B15A-276C-444B-AE23-4337057C6F50}"
	ProjectSection(ProjectDependencies) = postProject
		{FC394902-C1C2-4DCF-B082-9D3177B94DC0} = {FC394902-C1C2-4DCF-B082-9D3177B94DC0}
	EndProjectSection
EndProject
Project("{F184B08F-C81C-45F6-A57F-5ABD9991F28F}") = "Jp.Co.Nrs.LMR.DAC", "Jp.Co.Nrs.LMR.DAC\Jp.Co.Nrs.LMR.DAC.vbproj", "{442D6E82-6575-45F4-B7EA-C462F9198168}"
EndProject
Project("{F184B08F-C81C-45F6-A57F-5ABD9991F28F}") = "Jp.Co.Nrs.LMR.DSL", "Jp.Co.Nrs.LMR.DSL\Jp.Co.Nrs.LMR.DSL.vbproj", "{F8AD5F18-0299-4D4A-A10C-BFAC03D300AC}"
EndProject
Project("{F184B08F-C81C-45F6-A57F-5ABD9991F28F}") = "Jp.Co.Nrs.LMR.GUI", "Jp.Co.Nrs.LMR.GUI\Jp.Co.Nrs.LMR.GUI.vbproj", "{4FF801C8-83B4-467E-AFE1-9E6C159FB59A}"
	ProjectSection(ProjectDependencies) = postProject
		{F8AD5F18-0299-4D4A-A10C-BFAC03D300AC} = {F8AD5F18-0299-4D4A-A10C-BFAC03D300AC}
		{0660F833-38BD-4B7E-9620-A7C2F2640343} = {0660F833-38BD-4B7E-9620-A7C2F2640343}
		{AB31D385-E0FA-4E5F-97E6-3E4114272863} = {AB31D385-E0FA-4E5F-97E6-3E4114272863}
	EndProjectSection
EndProject
Project("{F184B08F-C81C-45F6-A57F-5ABD9991F28F}") = "Jp.Co.Nrs.LMU.BLC", "Jp.Co.Nrs.LMU.BLC\Jp.Co.Nrs.LMU.BLC.vbproj", "{2DF0C920-E62B-4748-9BC6-9286D4069E6B}"
	ProjectSection(ProjectDependencies) = postProject
		{68E94F6A-DC3A-453C-93C8-B741FBB55A87} = {68E94F6A-DC3A-453C-93C8-B741FBB55A87}
	EndProjectSection
EndProject
Project("{F184B08F-C81C-45F6-A57F-5ABD9991F28F}") = "Jp.Co.Nrs.LMU.BLF", "Jp.Co.Nrs.LMU.BLF\Jp.Co.Nrs.LMU.BLF.vbproj", "{13335AC7-2EA7-455D-99B4-20A1197161C9}"
	ProjectSection(ProjectDependencies) = postProject
		{2DF0C920-E62B-4748-9BC6-9286D4069E6B} = {2DF0C920-E62B-4748-9BC6-9286D4069E6B}
	EndProjectSection
EndProject
Project("{F184B08F-C81C-45F6-A57F-5ABD9991F28F}") = "Jp.Co.Nrs.LMU.DAC", "Jp.Co.Nrs.LMU.DAC\Jp.Co.Nrs.LMU.DAC.vbproj", "{68E94F6A-DC3A-453C-93C8-B741FBB55A87}"
EndProject
Project("{F184B08F-C81C-45F6-A57F-5ABD9991F28F}") = "Jp.Co.Nrs.LMU.DSL", "Jp.Co.Nrs.LMU.DSL\Jp.Co.Nrs.LMU.DSL.vbproj", "{13DD65C6-9246-41B3-BE3F-27EFD4920562}"
EndProject
Project("{F184B08F-C81C-45F6-A57F-5ABD9991F28F}") = "Jp.Co.Nrs.LMU.GUI", "Jp.Co.Nrs.LMU.GUI\Jp.Co.Nrs.LMU.GUI.vbproj", "{B6CFF43C-79C2-4980-A061-F3ED1BB80A0B}"
	ProjectSection(ProjectDependencies) = postProject
		{37E5E311-7BCC-40D5-A62B-C53330758418} = {37E5E311-7BCC-40D5-A62B-C53330758418}
		{54E8866B-B107-4CDF-80A5-42EAD400BEF9} = {54E8866B-B107-4CDF-80A5-42EAD400BEF9}
		{13DD65C6-9246-41B3-BE3F-27EFD4920562} = {13DD65C6-9246-41B3-BE3F-27EFD4920562}
	EndProjectSection
EndProject
Project("{F184B08F-C81C-45F6-A57F-5ABD9991F28F}") = "Jp.Co.Nrs.LMZ.BLC", "Jp.Co.Nrs.LMZ.BLC\Jp.Co.Nrs.LMZ.BLC.vbproj", "{867E5D0F-5FC8-4DBB-937C-26E92E3C45E6}"
	ProjectSection(ProjectDependencies) = postProject
		{5DCC8598-6584-4B48-897C-DD4A3F6EFF55} = {5DCC8598-6584-4B48-897C-DD4A3F6EFF55}
	EndProjectSection
EndProject
Project("{F184B08F-C81C-45F6-A57F-5ABD9991F28F}") = "Jp.Co.Nrs.LMZ.BLF", "Jp.Co.Nrs.LMZ.BLF\Jp.Co.Nrs.LMZ.BLF.vbproj", "{4762FF5E-C1AF-4A42-AE28-317A033EF257}"
	ProjectSection(ProjectDependencies) = postProject
		{867E5D0F-5FC8-4DBB-937C-26E92E3C45E6} = {867E5D0F-5FC8-4DBB-937C-26E92E3C45E6}
	EndProjectSection
EndProject
Project("{F184B08F-C81C-45F6-A57F-5ABD9991F28F}") = "Jp.Co.Nrs.LMZ.DAC", "Jp.Co.Nrs.LMZ.DAC\Jp.Co.Nrs.LMZ.DAC.vbproj", "{5DCC8598-6584-4B48-897C-DD4A3F6EFF55}"
EndProject
Project("{F184B08F-C81C-45F6-A57F-5ABD9991F28F}") = "Jp.Co.Nrs.LMZ.DSL", "Jp.Co.Nrs.LMZ.DSL\Jp.Co.Nrs.LMZ.DSL.vbproj", "{0660F833-38BD-4B7E-9620-A7C2F2640343}"
EndProject
Project("{F184B08F-C81C-45F6-A57F-5ABD9991F28F}") = "Jp.Co.Nrs.LMZ.GUI", "Jp.Co.Nrs.LMZ.GUI\Jp.Co.Nrs.LMZ.GUI.vbproj", "{AB31D385-E0FA-4E5F-97E6-3E4114272863}"
	ProjectSection(ProjectDependencies) = postProject
		{0660F833-38BD-4B7E-9620-A7C2F2640343} = {0660F833-38BD-4B7E-9620-A7C2F2640343}
	EndProjectSection
EndProject
Project("{F184B08F-C81C-45F6-A57F-5ABD9991F28F}") = "Jp.Co.Nrs.LMC.DAC2", "Jp.Co.Nrs.LMC.DAC2\Jp.Co.Nrs.LMC.DAC2.vbproj", "{356DF428-ACF1-4DC6-9332-90AC694CB127}"
EndProject
Project("{F184B08F-C81C-45F6-A57F-5ABD9991F28F}") = "Jp.Co.Nrs.LML.BLC", "Jp.Co.Nrs.LML.BLC\Jp.Co.Nrs.LML.BLC.vbproj", "{B7DB30E3-4E6B-4870-A10E-3947E0131477}"
	ProjectSection(ProjectDependencies) = postProject
		{93995CDD-FF06-4BF6-891F-4C0366A4D82C} = {93995CDD-FF06-4BF6-891F-4C0366A4D82C}
	EndProjectSection
EndProject
Project("{F184B08F-C81C-45F6-A57F-5ABD9991F28F}") = "Jp.Co.Nrs.LML.BLF", "Jp.Co.Nrs.LML.BLF\Jp.Co.Nrs.LML.BLF.vbproj", "{EDA215A5-7802-4692-A390-69C4E579621D}"
	ProjectSection(ProjectDependencies) = postProject
		{B7DB30E3-4E6B-4870-A10E-3947E0131477} = {B7DB30E3-4E6B-4870-A10E-3947E0131477}
	EndProjectSection
EndProject
Project("{F184B08F-C81C-45F6-A57F-5ABD9991F28F}") = "Jp.Co.Nrs.LML.DAC", "Jp.Co.Nrs.LML.DAC\Jp.Co.Nrs.LML.DAC.vbproj", "{93995CDD-FF06-4BF6-891F-4C0366A4D82C}"
EndProject
Project("{F184B08F-C81C-45F6-A57F-5ABD9991F28F}") = "Jp.Co.Nrs.LML.DSL", "Jp.Co.Nrs.LML.DSL\Jp.Co.Nrs.LML.DSL.vbproj", "{3A6F56A2-870A-4B93-BDC9-174611B04811}"
EndProject
Project("{F184B08F-C81C-45F6-A57F-5ABD9991F28F}") = "Jp.Co.Nrs.LML.GUI", "Jp.Co.Nrs.LML.GUI\Jp.Co.Nrs.LML.GUI.vbproj", "{A8D16C69-B13A-4E56-833B-A734CF66DE18}"
	ProjectSection(ProjectDependencies) = postProject
		{3A6F56A2-870A-4B93-BDC9-174611B04811} = {3A6F56A2-870A-4B93-BDC9-174611B04811}
	EndProjectSection
EndProject
Global
	GlobalSection(SolutionConfigurationPlatforms) = preSolution
		Debug|x86 = Debug|x86
		Release|x86 = Release|x86
	EndGlobalSection
	GlobalSection(ProjectConfigurationPlatforms) = postSolution
		{B48F50B1-FAD7-47A5-B855-65BD8C40C23D}.Debug|x86.ActiveCfg = Debug|x86
		{B48F50B1-FAD7-47A5-B855-65BD8C40C23D}.Debug|x86.Build.0 = Debug|x86
		{B48F50B1-FAD7-47A5-B855-65BD8C40C23D}.Release|x86.ActiveCfg = Release|x86
		{B48F50B1-FAD7-47A5-B855-65BD8C40C23D}.Release|x86.Build.0 = Release|x86
		{59BC6C95-3D4A-486C-B312-F5BCA623D717}.Debug|x86.ActiveCfg = Debug|Any CPU
		{59BC6C95-3D4A-486C-B312-F5BCA623D717}.Debug|x86.Build.0 = Debug|Any CPU
		{59BC6C95-3D4A-486C-B312-F5BCA623D717}.Release|x86.ActiveCfg = Debug|Any CPU
		{4F6C7A0D-5DB8-4C35-8B7E-5CD6BE571F27}.Debug|x86.ActiveCfg = Debug|x86
		{4F6C7A0D-5DB8-4C35-8B7E-5CD6BE571F27}.Debug|x86.Build.0 = Debug|x86
		{4F6C7A0D-5DB8-4C35-8B7E-5CD6BE571F27}.Release|x86.ActiveCfg = Release|x86
		{4F6C7A0D-5DB8-4C35-8B7E-5CD6BE571F27}.Release|x86.Build.0 = Release|x86
		{2597898A-5362-4F5A-AA35-6470F34E2D70}.Debug|x86.ActiveCfg = Debug|x86
		{2597898A-5362-4F5A-AA35-6470F34E2D70}.Debug|x86.Build.0 = Debug|x86
		{2597898A-5362-4F5A-AA35-6470F34E2D70}.Release|x86.ActiveCfg = Release|x86
		{2597898A-5362-4F5A-AA35-6470F34E2D70}.Release|x86.Build.0 = Release|x86
		{0A31778C-1B94-4624-8AD0-5820AD27C6D3}.Debug|x86.ActiveCfg = Debug|x86
		{0A31778C-1B94-4624-8AD0-5820AD27C6D3}.Debug|x86.Build.0 = Debug|x86
		{0A31778C-1B94-4624-8AD0-5820AD27C6D3}.Release|x86.ActiveCfg = Release|x86
		{0A31778C-1B94-4624-8AD0-5820AD27C6D3}.Release|x86.Build.0 = Release|x86
		{95AF64FE-3B5A-426B-BD9D-571CF8621547}.Debug|x86.ActiveCfg = Debug|x86
		{95AF64FE-3B5A-426B-BD9D-571CF8621547}.Debug|x86.Build.0 = Debug|x86
		{95AF64FE-3B5A-426B-BD9D-571CF8621547}.Release|x86.ActiveCfg = Release|x86
		{95AF64FE-3B5A-426B-BD9D-571CF8621547}.Release|x86.Build.0 = Release|x86
		{99B335FD-DC50-4C1A-A8EA-6E87D9EA4AE3}.Debug|x86.ActiveCfg = Debug|x86
		{99B335FD-DC50-4C1A-A8EA-6E87D9EA4AE3}.Debug|x86.Build.0 = Debug|x86
		{99B335FD-DC50-4C1A-A8EA-6E87D9EA4AE3}.Release|x86.ActiveCfg = Release|x86
		{99B335FD-DC50-4C1A-A8EA-6E87D9EA4AE3}.Release|x86.Build.0 = Release|x86
		{1B0C0A5B-33E7-4707-A20E-F8D7CF571A67}.Debug|x86.ActiveCfg = Debug|x86
		{1B0C0A5B-33E7-4707-A20E-F8D7CF571A67}.Debug|x86.Build.0 = Debug|x86
		{1B0C0A5B-33E7-4707-A20E-F8D7CF571A67}.Release|x86.ActiveCfg = Release|x86
		{1B0C0A5B-33E7-4707-A20E-F8D7CF571A67}.Release|x86.Build.0 = Release|x86
		{36404BC8-0405-4C14-853C-0677AD176AFC}.Debug|x86.ActiveCfg = Debug|x86
		{36404BC8-0405-4C14-853C-0677AD176AFC}.Debug|x86.Build.0 = Debug|x86
		{36404BC8-0405-4C14-853C-0677AD176AFC}.Release|x86.ActiveCfg = Release|x86
		{36404BC8-0405-4C14-853C-0677AD176AFC}.Release|x86.Build.0 = Release|x86
		{830042BC-E0B1-4B9F-83C7-15FDBE3FC36A}.Debug|x86.ActiveCfg = Debug|x86
		{830042BC-E0B1-4B9F-83C7-15FDBE3FC36A}.Debug|x86.Build.0 = Debug|x86
		{830042BC-E0B1-4B9F-83C7-15FDBE3FC36A}.Release|x86.ActiveCfg = Release|x86
		{830042BC-E0B1-4B9F-83C7-15FDBE3FC36A}.Release|x86.Build.0 = Release|x86
		{3087AACD-BC02-48B1-B058-EA56A843D695}.Debug|x86.ActiveCfg = Debug|x86
		{3087AACD-BC02-48B1-B058-EA56A843D695}.Debug|x86.Build.0 = Debug|x86
		{3087AACD-BC02-48B1-B058-EA56A843D695}.Release|x86.ActiveCfg = Release|x86
		{3087AACD-BC02-48B1-B058-EA56A843D695}.Release|x86.Build.0 = Release|x86
		{37E5E311-7BCC-40D5-A62B-C53330758418}.Debug|x86.ActiveCfg = Debug|x86
		{37E5E311-7BCC-40D5-A62B-C53330758418}.Debug|x86.Build.0 = Debug|x86
		{37E5E311-7BCC-40D5-A62B-C53330758418}.Release|x86.ActiveCfg = Release|x86
		{37E5E311-7BCC-40D5-A62B-C53330758418}.Release|x86.Build.0 = Release|x86
		{27BC03E2-9E68-4367-9EB0-07B24A48B048}.Debug|x86.ActiveCfg = Debug|x86
		{27BC03E2-9E68-4367-9EB0-07B24A48B048}.Debug|x86.Build.0 = Debug|x86
		{27BC03E2-9E68-4367-9EB0-07B24A48B048}.Release|x86.ActiveCfg = Release|x86
		{27BC03E2-9E68-4367-9EB0-07B24A48B048}.Release|x86.Build.0 = Release|x86
		{5203710E-F239-46F5-8F9C-2C8B818EFE9F}.Debug|x86.ActiveCfg = Debug|x86
		{5203710E-F239-46F5-8F9C-2C8B818EFE9F}.Debug|x86.Build.0 = Debug|x86
		{5203710E-F239-46F5-8F9C-2C8B818EFE9F}.Release|x86.ActiveCfg = Release|x86
		{5203710E-F239-46F5-8F9C-2C8B818EFE9F}.Release|x86.Build.0 = Release|x86
		{871776F2-BF36-4C15-BBF2-C0C0DE3CD8D5}.Debug|x86.ActiveCfg = Debug|x86
		{871776F2-BF36-4C15-BBF2-C0C0DE3CD8D5}.Debug|x86.Build.0 = Debug|x86
		{871776F2-BF36-4C15-BBF2-C0C0DE3CD8D5}.Release|x86.ActiveCfg = Release|x86
		{871776F2-BF36-4C15-BBF2-C0C0DE3CD8D5}.Release|x86.Build.0 = Release|x86
		{0E8827D7-EFB5-4EAD-A946-89EAFC0B1E1A}.Debug|x86.ActiveCfg = Debug|x86
		{0E8827D7-EFB5-4EAD-A946-89EAFC0B1E1A}.Debug|x86.Build.0 = Debug|x86
		{0E8827D7-EFB5-4EAD-A946-89EAFC0B1E1A}.Release|x86.ActiveCfg = Release|x86
		{0E8827D7-EFB5-4EAD-A946-89EAFC0B1E1A}.Release|x86.Build.0 = Release|x86
		{1655E014-D5A0-41E1-9276-D8211AB77C4A}.Debug|x86.ActiveCfg = Debug|x86
		{1655E014-D5A0-41E1-9276-D8211AB77C4A}.Debug|x86.Build.0 = Debug|x86
		{1655E014-D5A0-41E1-9276-D8211AB77C4A}.Release|x86.ActiveCfg = Release|x86
		{1655E014-D5A0-41E1-9276-D8211AB77C4A}.Release|x86.Build.0 = Release|x86
		{5DEA1083-C935-420A-9850-19A228642372}.Debug|x86.ActiveCfg = Debug|x86
		{5DEA1083-C935-420A-9850-19A228642372}.Debug|x86.Build.0 = Debug|x86
		{5DEA1083-C935-420A-9850-19A228642372}.Release|x86.ActiveCfg = Release|x86
		{5DEA1083-C935-420A-9850-19A228642372}.Release|x86.Build.0 = Release|x86
		{CFCE8229-FF37-4BE0-92DB-8F12F0DDD7B4}.Debug|x86.ActiveCfg = Debug|x86
		{CFCE8229-FF37-4BE0-92DB-8F12F0DDD7B4}.Debug|x86.Build.0 = Debug|x86
		{CFCE8229-FF37-4BE0-92DB-8F12F0DDD7B4}.Release|x86.ActiveCfg = Release|x86
		{CFCE8229-FF37-4BE0-92DB-8F12F0DDD7B4}.Release|x86.Build.0 = Release|x86
		{BE6C8AFC-07AB-4BD5-A412-9DE937F39106}.Debug|x86.ActiveCfg = Debug|x86
		{BE6C8AFC-07AB-4BD5-A412-9DE937F39106}.Debug|x86.Build.0 = Debug|x86
		{BE6C8AFC-07AB-4BD5-A412-9DE937F39106}.Release|x86.ActiveCfg = Release|x86
		{BE6C8AFC-07AB-4BD5-A412-9DE937F39106}.Release|x86.Build.0 = Release|x86
		{15352809-E980-438C-8E86-C84B002BFDEB}.Debug|x86.ActiveCfg = Debug|x86
		{15352809-E980-438C-8E86-C84B002BFDEB}.Debug|x86.Build.0 = Debug|x86
		{15352809-E980-438C-8E86-C84B002BFDEB}.Release|x86.ActiveCfg = Release|x86
		{15352809-E980-438C-8E86-C84B002BFDEB}.Release|x86.Build.0 = Release|x86
		{72507588-6BB1-4CA7-AD26-49C305B2BE3D}.Debug|x86.ActiveCfg = Debug|x86
		{72507588-6BB1-4CA7-AD26-49C305B2BE3D}.Debug|x86.Build.0 = Debug|x86
		{72507588-6BB1-4CA7-AD26-49C305B2BE3D}.Release|x86.ActiveCfg = Release|x86
		{72507588-6BB1-4CA7-AD26-49C305B2BE3D}.Release|x86.Build.0 = Release|x86
		{12F33A6C-7A91-4A9F-A2D7-99D95CE39BA6}.Debug|x86.ActiveCfg = Debug|x86
		{12F33A6C-7A91-4A9F-A2D7-99D95CE39BA6}.Debug|x86.Build.0 = Debug|x86
		{12F33A6C-7A91-4A9F-A2D7-99D95CE39BA6}.Release|x86.ActiveCfg = Release|x86
		{12F33A6C-7A91-4A9F-A2D7-99D95CE39BA6}.Release|x86.Build.0 = Release|x86
		{02C8BB97-68D0-4BBE-80A7-8EFB644595B7}.Debug|x86.ActiveCfg = Debug|x86
		{02C8BB97-68D0-4BBE-80A7-8EFB644595B7}.Debug|x86.Build.0 = Debug|x86
		{02C8BB97-68D0-4BBE-80A7-8EFB644595B7}.Release|x86.ActiveCfg = Release|x86
		{02C8BB97-68D0-4BBE-80A7-8EFB644595B7}.Release|x86.Build.0 = Release|x86
		{6B8A2676-70E4-4A1F-8CC9-5CA0019474F6}.Debug|x86.ActiveCfg = Debug|x86
		{6B8A2676-70E4-4A1F-8CC9-5CA0019474F6}.Debug|x86.Build.0 = Debug|x86
		{6B8A2676-70E4-4A1F-8CC9-5CA0019474F6}.Release|x86.ActiveCfg = Release|x86
		{6B8A2676-70E4-4A1F-8CC9-5CA0019474F6}.Release|x86.Build.0 = Release|x86
		{6D49099D-2BFC-4B66-B7B2-3B5D34890AA8}.Debug|x86.ActiveCfg = Debug|x86
		{6D49099D-2BFC-4B66-B7B2-3B5D34890AA8}.Debug|x86.Build.0 = Debug|x86
		{6D49099D-2BFC-4B66-B7B2-3B5D34890AA8}.Release|x86.ActiveCfg = Release|x86
		{6D49099D-2BFC-4B66-B7B2-3B5D34890AA8}.Release|x86.Build.0 = Release|x86
		{ED388D4C-3D52-4B34-BF91-23DBD1AFCA7A}.Debug|x86.ActiveCfg = Debug|x86
		{ED388D4C-3D52-4B34-BF91-23DBD1AFCA7A}.Debug|x86.Build.0 = Debug|x86
		{ED388D4C-3D52-4B34-BF91-23DBD1AFCA7A}.Release|x86.ActiveCfg = Release|x86
		{ED388D4C-3D52-4B34-BF91-23DBD1AFCA7A}.Release|x86.Build.0 = Release|x86
		{1FDF5CF6-2EF6-4656-A15F-3151D73BCA9D}.Debug|x86.ActiveCfg = Debug|x86
		{1FDF5CF6-2EF6-4656-A15F-3151D73BCA9D}.Debug|x86.Build.0 = Debug|x86
		{1FDF5CF6-2EF6-4656-A15F-3151D73BCA9D}.Release|x86.ActiveCfg = Release|x86
		{1FDF5CF6-2EF6-4656-A15F-3151D73BCA9D}.Release|x86.Build.0 = Release|x86
		{303F430E-ACC7-40FA-BF37-2E238623F052}.Debug|x86.ActiveCfg = Debug|x86
		{303F430E-ACC7-40FA-BF37-2E238623F052}.Debug|x86.Build.0 = Debug|x86
		{303F430E-ACC7-40FA-BF37-2E238623F052}.Release|x86.ActiveCfg = Release|x86
		{303F430E-ACC7-40FA-BF37-2E238623F052}.Release|x86.Build.0 = Release|x86
		{8473151B-DC40-4D51-AC03-7090AD073408}.Debug|x86.ActiveCfg = Debug|x86
		{8473151B-DC40-4D51-AC03-7090AD073408}.Debug|x86.Build.0 = Debug|x86
		{8473151B-DC40-4D51-AC03-7090AD073408}.Release|x86.ActiveCfg = Release|x86
		{8473151B-DC40-4D51-AC03-7090AD073408}.Release|x86.Build.0 = Release|x86
		{55BC8D08-78A6-4008-A750-B634A2F8BCE1}.Debug|x86.ActiveCfg = Debug|x86
		{55BC8D08-78A6-4008-A750-B634A2F8BCE1}.Debug|x86.Build.0 = Debug|x86
		{55BC8D08-78A6-4008-A750-B634A2F8BCE1}.Release|x86.ActiveCfg = Release|x86
		{55BC8D08-78A6-4008-A750-B634A2F8BCE1}.Release|x86.Build.0 = Release|x86
		{860193C6-2546-4294-B28E-7ADB3551DF45}.Debug|x86.ActiveCfg = Debug|x86
		{860193C6-2546-4294-B28E-7ADB3551DF45}.Debug|x86.Build.0 = Debug|x86
		{860193C6-2546-4294-B28E-7ADB3551DF45}.Release|x86.ActiveCfg = Release|x86
		{860193C6-2546-4294-B28E-7ADB3551DF45}.Release|x86.Build.0 = Release|x86
		{E79164AA-02F9-461E-85E4-1AB1B4125F1C}.Debug|x86.ActiveCfg = Debug|x86
		{E79164AA-02F9-461E-85E4-1AB1B4125F1C}.Debug|x86.Build.0 = Debug|x86
		{E79164AA-02F9-461E-85E4-1AB1B4125F1C}.Release|x86.ActiveCfg = Release|x86
		{E79164AA-02F9-461E-85E4-1AB1B4125F1C}.Release|x86.Build.0 = Release|x86
		{19A1E09B-876A-4304-B190-AA2F6524E159}.Debug|x86.ActiveCfg = Debug|x86
		{19A1E09B-876A-4304-B190-AA2F6524E159}.Debug|x86.Build.0 = Debug|x86
		{19A1E09B-876A-4304-B190-AA2F6524E159}.Release|x86.ActiveCfg = Release|x86
		{19A1E09B-876A-4304-B190-AA2F6524E159}.Release|x86.Build.0 = Release|x86
		{7E42A722-7A3A-45E0-A5A7-9171C99129E1}.Debug|x86.ActiveCfg = Debug|x86
		{7E42A722-7A3A-45E0-A5A7-9171C99129E1}.Debug|x86.Build.0 = Debug|x86
		{7E42A722-7A3A-45E0-A5A7-9171C99129E1}.Release|x86.ActiveCfg = Release|x86
		{7E42A722-7A3A-45E0-A5A7-9171C99129E1}.Release|x86.Build.0 = Release|x86
		{751FFB0F-F404-4471-971E-EFBC33C3C147}.Debug|x86.ActiveCfg = Debug|x86
		{751FFB0F-F404-4471-971E-EFBC33C3C147}.Debug|x86.Build.0 = Debug|x86
		{751FFB0F-F404-4471-971E-EFBC33C3C147}.Release|x86.ActiveCfg = Release|x86
		{751FFB0F-F404-4471-971E-EFBC33C3C147}.Release|x86.Build.0 = Release|x86
		{0A3E7979-709F-45C4-B85B-32C0E013DF69}.Debug|x86.ActiveCfg = Debug|x86
		{0A3E7979-709F-45C4-B85B-32C0E013DF69}.Debug|x86.Build.0 = Debug|x86
		{0A3E7979-709F-45C4-B85B-32C0E013DF69}.Release|x86.ActiveCfg = Release|x86
		{0A3E7979-709F-45C4-B85B-32C0E013DF69}.Release|x86.Build.0 = Release|x86
		{29832102-3CB1-4C0C-AC45-D425891B8098}.Debug|x86.ActiveCfg = Debug|x86
		{29832102-3CB1-4C0C-AC45-D425891B8098}.Debug|x86.Build.0 = Debug|x86
		{29832102-3CB1-4C0C-AC45-D425891B8098}.Release|x86.ActiveCfg = Release|x86
		{29832102-3CB1-4C0C-AC45-D425891B8098}.Release|x86.Build.0 = Release|x86
		{AB6AAA1E-AC6A-4CF4-9BDD-6BC8745A207B}.Debug|x86.ActiveCfg = Debug|x86
		{AB6AAA1E-AC6A-4CF4-9BDD-6BC8745A207B}.Debug|x86.Build.0 = Debug|x86
		{AB6AAA1E-AC6A-4CF4-9BDD-6BC8745A207B}.Release|x86.ActiveCfg = Release|x86
		{AB6AAA1E-AC6A-4CF4-9BDD-6BC8745A207B}.Release|x86.Build.0 = Release|x86
		{BC28111C-E1CF-4986-87BC-906D83DB8F6B}.Debug|x86.ActiveCfg = Debug|x86
		{BC28111C-E1CF-4986-87BC-906D83DB8F6B}.Debug|x86.Build.0 = Debug|x86
		{BC28111C-E1CF-4986-87BC-906D83DB8F6B}.Release|x86.ActiveCfg = Release|x86
		{BC28111C-E1CF-4986-87BC-906D83DB8F6B}.Release|x86.Build.0 = Release|x86
		{E25D234A-2491-4EEF-BA47-B9ABB7B17FC7}.Debug|x86.ActiveCfg = Debug|x86
		{E25D234A-2491-4EEF-BA47-B9ABB7B17FC7}.Debug|x86.Build.0 = Debug|x86
		{E25D234A-2491-4EEF-BA47-B9ABB7B17FC7}.Release|x86.ActiveCfg = Release|x86
		{E25D234A-2491-4EEF-BA47-B9ABB7B17FC7}.Release|x86.Build.0 = Release|x86
		{55CB688E-3AE1-4E26-964C-6B97D4311771}.Debug|x86.ActiveCfg = Debug|x86
		{55CB688E-3AE1-4E26-964C-6B97D4311771}.Debug|x86.Build.0 = Debug|x86
		{55CB688E-3AE1-4E26-964C-6B97D4311771}.Release|x86.ActiveCfg = Release|x86
		{55CB688E-3AE1-4E26-964C-6B97D4311771}.Release|x86.Build.0 = Release|x86
		{5FD3D8C3-2FE2-4BB4-92F0-7223C1A980DA}.Debug|x86.ActiveCfg = Debug|x86
		{5FD3D8C3-2FE2-4BB4-92F0-7223C1A980DA}.Debug|x86.Build.0 = Debug|x86
		{5FD3D8C3-2FE2-4BB4-92F0-7223C1A980DA}.Release|x86.ActiveCfg = Release|x86
		{5FD3D8C3-2FE2-4BB4-92F0-7223C1A980DA}.Release|x86.Build.0 = Release|x86
		{5BBC6F25-2AAA-492C-97E2-49539E80082E}.Debug|x86.ActiveCfg = Debug|x86
		{5BBC6F25-2AAA-492C-97E2-49539E80082E}.Debug|x86.Build.0 = Debug|x86
		{5BBC6F25-2AAA-492C-97E2-49539E80082E}.Release|x86.ActiveCfg = Release|x86
		{5BBC6F25-2AAA-492C-97E2-49539E80082E}.Release|x86.Build.0 = Release|x86
		{3F993DD8-3344-418B-8F26-E6D3DE16B321}.Debug|x86.ActiveCfg = Debug|x86
		{3F993DD8-3344-418B-8F26-E6D3DE16B321}.Debug|x86.Build.0 = Debug|x86
		{3F993DD8-3344-418B-8F26-E6D3DE16B321}.Release|x86.ActiveCfg = Release|x86
		{3F993DD8-3344-418B-8F26-E6D3DE16B321}.Release|x86.Build.0 = Release|x86
		{D093DA51-527D-42C9-9443-A8763A603BC8}.Debug|x86.ActiveCfg = Debug|x86
		{D093DA51-527D-42C9-9443-A8763A603BC8}.Debug|x86.Build.0 = Debug|x86
		{D093DA51-527D-42C9-9443-A8763A603BC8}.Release|x86.ActiveCfg = Release|x86
		{D093DA51-527D-42C9-9443-A8763A603BC8}.Release|x86.Build.0 = Release|x86
		{9CA9ACFE-0052-449F-BD57-1B1369048EA8}.Debug|x86.ActiveCfg = Debug|x86
		{9CA9ACFE-0052-449F-BD57-1B1369048EA8}.Debug|x86.Build.0 = Debug|x86
		{9CA9ACFE-0052-449F-BD57-1B1369048EA8}.Release|x86.ActiveCfg = Release|x86
		{9CA9ACFE-0052-449F-BD57-1B1369048EA8}.Release|x86.Build.0 = Release|x86
		{75C83065-EF65-4F10-9666-E660D1B65834}.Debug|x86.ActiveCfg = Debug|x86
		{75C83065-EF65-4F10-9666-E660D1B65834}.Debug|x86.Build.0 = Debug|x86
		{75C83065-EF65-4F10-9666-E660D1B65834}.Release|x86.ActiveCfg = Release|x86
		{75C83065-EF65-4F10-9666-E660D1B65834}.Release|x86.Build.0 = Release|x86
		{6A63938A-8B1B-4646-AB0F-3A56A54F4325}.Debug|x86.ActiveCfg = Debug|x86
		{6A63938A-8B1B-4646-AB0F-3A56A54F4325}.Debug|x86.Build.0 = Debug|x86
		{6A63938A-8B1B-4646-AB0F-3A56A54F4325}.Release|x86.ActiveCfg = Release|x86
		{6A63938A-8B1B-4646-AB0F-3A56A54F4325}.Release|x86.Build.0 = Release|x86
		{534E97BD-512E-460D-88DB-7A6E0E4E5A78}.Debug|x86.ActiveCfg = Debug|x86
		{534E97BD-512E-460D-88DB-7A6E0E4E5A78}.Debug|x86.Build.0 = Debug|x86
		{534E97BD-512E-460D-88DB-7A6E0E4E5A78}.Release|x86.ActiveCfg = Release|x86
		{534E97BD-512E-460D-88DB-7A6E0E4E5A78}.Release|x86.Build.0 = Release|x86
		{0954BED2-3BA6-4598-A74F-BEDFE3D56F46}.Debug|x86.ActiveCfg = Debug|x86
		{0954BED2-3BA6-4598-A74F-BEDFE3D56F46}.Debug|x86.Build.0 = Debug|x86
		{0954BED2-3BA6-4598-A74F-BEDFE3D56F46}.Release|x86.ActiveCfg = Release|x86
		{0954BED2-3BA6-4598-A74F-BEDFE3D56F46}.Release|x86.Build.0 = Release|x86
		{780A80A7-55BC-40E3-9684-6939D6D0838E}.Debug|x86.ActiveCfg = Debug|x86
		{780A80A7-55BC-40E3-9684-6939D6D0838E}.Debug|x86.Build.0 = Debug|x86
		{780A80A7-55BC-40E3-9684-6939D6D0838E}.Release|x86.ActiveCfg = Release|x86
		{780A80A7-55BC-40E3-9684-6939D6D0838E}.Release|x86.Build.0 = Release|x86
		{5CCFA337-ECB9-461E-BC2B-54B38FB863FA}.Debug|x86.ActiveCfg = Debug|x86
		{5CCFA337-ECB9-461E-BC2B-54B38FB863FA}.Debug|x86.Build.0 = Debug|x86
		{5CCFA337-ECB9-461E-BC2B-54B38FB863FA}.Release|x86.ActiveCfg = Release|x86
		{5CCFA337-ECB9-461E-BC2B-54B38FB863FA}.Release|x86.Build.0 = Release|x86
		{63834417-2D4F-4A20-A99E-5524B8770A9C}.Debug|x86.ActiveCfg = Debug|x86
		{63834417-2D4F-4A20-A99E-5524B8770A9C}.Debug|x86.Build.0 = Debug|x86
		{63834417-2D4F-4A20-A99E-5524B8770A9C}.Release|x86.ActiveCfg = Release|x86
		{63834417-2D4F-4A20-A99E-5524B8770A9C}.Release|x86.Build.0 = Release|x86
		{006B5BA2-DFE5-4D4B-96D4-C6F49E75D567}.Debug|x86.ActiveCfg = Debug|x86
		{006B5BA2-DFE5-4D4B-96D4-C6F49E75D567}.Debug|x86.Build.0 = Debug|x86
		{006B5BA2-DFE5-4D4B-96D4-C6F49E75D567}.Release|x86.ActiveCfg = Release|x86
		{006B5BA2-DFE5-4D4B-96D4-C6F49E75D567}.Release|x86.Build.0 = Release|x86
		{DBCFD87D-0EE3-437B-BABE-704F88791ABB}.Debug|x86.ActiveCfg = Debug|x86
		{DBCFD87D-0EE3-437B-BABE-704F88791ABB}.Debug|x86.Build.0 = Debug|x86
		{DBCFD87D-0EE3-437B-BABE-704F88791ABB}.Release|x86.ActiveCfg = Release|x86
		{DBCFD87D-0EE3-437B-BABE-704F88791ABB}.Release|x86.Build.0 = Release|x86
		{29EBEB9D-BC6E-4CA5-A280-63C2BCF007C3}.Debug|x86.ActiveCfg = Debug|x86
		{29EBEB9D-BC6E-4CA5-A280-63C2BCF007C3}.Debug|x86.Build.0 = Debug|x86
		{29EBEB9D-BC6E-4CA5-A280-63C2BCF007C3}.Release|x86.ActiveCfg = Release|x86
		{29EBEB9D-BC6E-4CA5-A280-63C2BCF007C3}.Release|x86.Build.0 = Release|x86
		{F8E17D50-78F5-42BB-823C-C89C2B1F59F8}.Debug|x86.ActiveCfg = Debug|x86
		{F8E17D50-78F5-42BB-823C-C89C2B1F59F8}.Debug|x86.Build.0 = Debug|x86
		{F8E17D50-78F5-42BB-823C-C89C2B1F59F8}.Release|x86.ActiveCfg = Release|x86
		{F8E17D50-78F5-42BB-823C-C89C2B1F59F8}.Release|x86.Build.0 = Release|x86
		{39B3E449-1814-445D-84FB-77A5602536F1}.Debug|x86.ActiveCfg = Debug|x86
		{39B3E449-1814-445D-84FB-77A5602536F1}.Debug|x86.Build.0 = Debug|x86
		{39B3E449-1814-445D-84FB-77A5602536F1}.Release|x86.ActiveCfg = Release|x86
		{39B3E449-1814-445D-84FB-77A5602536F1}.Release|x86.Build.0 = Release|x86
		{CF1C3016-2B4E-406B-B8F5-0D551B93D38A}.Debug|x86.ActiveCfg = Debug|x86
		{CF1C3016-2B4E-406B-B8F5-0D551B93D38A}.Debug|x86.Build.0 = Debug|x86
		{CF1C3016-2B4E-406B-B8F5-0D551B93D38A}.Release|x86.ActiveCfg = Release|x86
		{CF1C3016-2B4E-406B-B8F5-0D551B93D38A}.Release|x86.Build.0 = Release|x86
		{5DA78810-2F00-4266-B1D4-E7F9CF8F3B2A}.Debug|x86.ActiveCfg = Debug|x86
		{5DA78810-2F00-4266-B1D4-E7F9CF8F3B2A}.Debug|x86.Build.0 = Debug|x86
		{5DA78810-2F00-4266-B1D4-E7F9CF8F3B2A}.Release|x86.ActiveCfg = Release|x86
		{5DA78810-2F00-4266-B1D4-E7F9CF8F3B2A}.Release|x86.Build.0 = Release|x86
		{1878AFF9-DB66-4289-8B72-56E646B084AC}.Debug|x86.ActiveCfg = Debug|x86
		{1878AFF9-DB66-4289-8B72-56E646B084AC}.Debug|x86.Build.0 = Debug|x86
		{1878AFF9-DB66-4289-8B72-56E646B084AC}.Release|x86.ActiveCfg = Release|x86
		{1878AFF9-DB66-4289-8B72-56E646B084AC}.Release|x86.Build.0 = Release|x86
		{59988C49-4FD9-4806-A00E-2B519FCC30CD}.Debug|x86.ActiveCfg = Debug|x86
		{59988C49-4FD9-4806-A00E-2B519FCC30CD}.Debug|x86.Build.0 = Debug|x86
		{59988C49-4FD9-4806-A00E-2B519FCC30CD}.Release|x86.ActiveCfg = Release|x86
		{59988C49-4FD9-4806-A00E-2B519FCC30CD}.Release|x86.Build.0 = Release|x86
		{94B46ED6-2297-4972-9C77-98AEE8CA0323}.Debug|x86.ActiveCfg = Debug|x86
		{94B46ED6-2297-4972-9C77-98AEE8CA0323}.Debug|x86.Build.0 = Debug|x86
		{94B46ED6-2297-4972-9C77-98AEE8CA0323}.Release|x86.ActiveCfg = Release|x86
		{94B46ED6-2297-4972-9C77-98AEE8CA0323}.Release|x86.Build.0 = Release|x86
		{54E8866B-B107-4CDF-80A5-42EAD400BEF9}.Debug|x86.ActiveCfg = Debug|x86
		{54E8866B-B107-4CDF-80A5-42EAD400BEF9}.Debug|x86.Build.0 = Debug|x86
		{54E8866B-B107-4CDF-80A5-42EAD400BEF9}.Release|x86.ActiveCfg = Release|x86
		{54E8866B-B107-4CDF-80A5-42EAD400BEF9}.Release|x86.Build.0 = Release|x86
		{C75FB98A-8201-4508-BCE7-772407F975DE}.Debug|x86.ActiveCfg = Debug|x86
		{C75FB98A-8201-4508-BCE7-772407F975DE}.Debug|x86.Build.0 = Debug|x86
		{C75FB98A-8201-4508-BCE7-772407F975DE}.Release|x86.ActiveCfg = Release|x86
		{C75FB98A-8201-4508-BCE7-772407F975DE}.Release|x86.Build.0 = Release|x86
		{FE4CD844-0807-444E-9F18-3554DC02A696}.Debug|x86.ActiveCfg = Debug|x86
		{FE4CD844-0807-444E-9F18-3554DC02A696}.Debug|x86.Build.0 = Debug|x86
		{FE4CD844-0807-444E-9F18-3554DC02A696}.Release|x86.ActiveCfg = Release|x86
		{FE4CD844-0807-444E-9F18-3554DC02A696}.Release|x86.Build.0 = Release|x86
		{AF481CCB-DB21-426C-9CA4-5B6CF0823B70}.Debug|x86.ActiveCfg = Debug|x86
		{AF481CCB-DB21-426C-9CA4-5B6CF0823B70}.Debug|x86.Build.0 = Debug|x86
		{AF481CCB-DB21-426C-9CA4-5B6CF0823B70}.Release|x86.ActiveCfg = Release|x86
		{AF481CCB-DB21-426C-9CA4-5B6CF0823B70}.Release|x86.Build.0 = Release|x86
		{E8FD47D9-82B1-4040-A140-533C4EF228D7}.Debug|x86.ActiveCfg = Debug|x86
		{E8FD47D9-82B1-4040-A140-533C4EF228D7}.Debug|x86.Build.0 = Debug|x86
		{E8FD47D9-82B1-4040-A140-533C4EF228D7}.Release|x86.ActiveCfg = Release|x86
		{E8FD47D9-82B1-4040-A140-533C4EF228D7}.Release|x86.Build.0 = Release|x86
		{1490B282-EAB6-4824-8E03-1923AAD10835}.Debug|x86.ActiveCfg = Debug|x86
		{1490B282-EAB6-4824-8E03-1923AAD10835}.Debug|x86.Build.0 = Debug|x86
		{1490B282-EAB6-4824-8E03-1923AAD10835}.Release|x86.ActiveCfg = Release|x86
		{1490B282-EAB6-4824-8E03-1923AAD10835}.Release|x86.Build.0 = Release|x86
		{5433E072-DAD5-4A55-B495-A06007EE9EF6}.Debug|x86.ActiveCfg = Debug|x86
		{5433E072-DAD5-4A55-B495-A06007EE9EF6}.Debug|x86.Build.0 = Debug|x86
		{5433E072-DAD5-4A55-B495-A06007EE9EF6}.Release|x86.ActiveCfg = Release|x86
		{5433E072-DAD5-4A55-B495-A06007EE9EF6}.Release|x86.Build.0 = Release|x86
		{15946997-5FFE-443F-B733-27F4120F69CB}.Debug|x86.ActiveCfg = Debug|x86
		{15946997-5FFE-443F-B733-27F4120F69CB}.Debug|x86.Build.0 = Debug|x86
		{15946997-5FFE-443F-B733-27F4120F69CB}.Release|x86.ActiveCfg = Release|x86
		{15946997-5FFE-443F-B733-27F4120F69CB}.Release|x86.Build.0 = Release|x86
		{690885A8-D41A-4A46-A511-FE65099DE06F}.Debug|x86.ActiveCfg = Debug|x86
		{690885A8-D41A-4A46-A511-FE65099DE06F}.Debug|x86.Build.0 = Debug|x86
		{690885A8-D41A-4A46-A511-FE65099DE06F}.Release|x86.ActiveCfg = Release|x86
		{690885A8-D41A-4A46-A511-FE65099DE06F}.Release|x86.Build.0 = Release|x86
		{A0DDA575-25FC-494B-996B-003374968B14}.Debug|x86.ActiveCfg = Debug|x86
		{A0DDA575-25FC-494B-996B-003374968B14}.Debug|x86.Build.0 = Debug|x86
		{A0DDA575-25FC-494B-996B-003374968B14}.Release|x86.ActiveCfg = Release|x86
		{A0DDA575-25FC-494B-996B-003374968B14}.Release|x86.Build.0 = Release|x86
		{0E983CFE-C96B-4A4E-BC87-4B9B3695ACA2}.Debug|x86.ActiveCfg = Debug|x86
		{0E983CFE-C96B-4A4E-BC87-4B9B3695ACA2}.Debug|x86.Build.0 = Debug|x86
		{0E983CFE-C96B-4A4E-BC87-4B9B3695ACA2}.Release|x86.ActiveCfg = Release|x86
		{0E983CFE-C96B-4A4E-BC87-4B9B3695ACA2}.Release|x86.Build.0 = Release|x86
		{FC394902-C1C2-4DCF-B082-9D3177B94DC0}.Debug|x86.ActiveCfg = Debug|x86
		{FC394902-C1C2-4DCF-B082-9D3177B94DC0}.Debug|x86.Build.0 = Debug|x86
		{FC394902-C1C2-4DCF-B082-9D3177B94DC0}.Release|x86.ActiveCfg = Release|x86
		{FC394902-C1C2-4DCF-B082-9D3177B94DC0}.Release|x86.Build.0 = Release|x86
		{E4F4B15A-276C-444B-AE23-4337057C6F50}.Debug|x86.ActiveCfg = Debug|x86
		{E4F4B15A-276C-444B-AE23-4337057C6F50}.Debug|x86.Build.0 = Debug|x86
		{E4F4B15A-276C-444B-AE23-4337057C6F50}.Release|x86.ActiveCfg = Release|x86
		{E4F4B15A-276C-444B-AE23-4337057C6F50}.Release|x86.Build.0 = Release|x86
		{442D6E82-6575-45F4-B7EA-C462F9198168}.Debug|x86.ActiveCfg = Debug|x86
		{442D6E82-6575-45F4-B7EA-C462F9198168}.Debug|x86.Build.0 = Debug|x86
		{442D6E82-6575-45F4-B7EA-C462F9198168}.Release|x86.ActiveCfg = Release|x86
		{442D6E82-6575-45F4-B7EA-C462F9198168}.Release|x86.Build.0 = Release|x86
		{F8AD5F18-0299-4D4A-A10C-BFAC03D300AC}.Debug|x86.ActiveCfg = Debug|x86
		{F8AD5F18-0299-4D4A-A10C-BFAC03D300AC}.Debug|x86.Build.0 = Debug|x86
		{F8AD5F18-0299-4D4A-A10C-BFAC03D300AC}.Release|x86.ActiveCfg = Release|x86
		{F8AD5F18-0299-4D4A-A10C-BFAC03D300AC}.Release|x86.Build.0 = Release|x86
		{4FF801C8-83B4-467E-AFE1-9E6C159FB59A}.Debug|x86.ActiveCfg = Debug|x86
		{4FF801C8-83B4-467E-AFE1-9E6C159FB59A}.Debug|x86.Build.0 = Debug|x86
		{4FF801C8-83B4-467E-AFE1-9E6C159FB59A}.Release|x86.ActiveCfg = Release|x86
		{4FF801C8-83B4-467E-AFE1-9E6C159FB59A}.Release|x86.Build.0 = Release|x86
		{2DF0C920-E62B-4748-9BC6-9286D4069E6B}.Debug|x86.ActiveCfg = Debug|x86
		{2DF0C920-E62B-4748-9BC6-9286D4069E6B}.Debug|x86.Build.0 = Debug|x86
		{2DF0C920-E62B-4748-9BC6-9286D4069E6B}.Release|x86.ActiveCfg = Release|x86
		{2DF0C920-E62B-4748-9BC6-9286D4069E6B}.Release|x86.Build.0 = Release|x86
		{13335AC7-2EA7-455D-99B4-20A1197161C9}.Debug|x86.ActiveCfg = Debug|x86
		{13335AC7-2EA7-455D-99B4-20A1197161C9}.Debug|x86.Build.0 = Debug|x86
		{13335AC7-2EA7-455D-99B4-20A1197161C9}.Release|x86.ActiveCfg = Release|x86
		{13335AC7-2EA7-455D-99B4-20A1197161C9}.Release|x86.Build.0 = Release|x86
		{68E94F6A-DC3A-453C-93C8-B741FBB55A87}.Debug|x86.ActiveCfg = Debug|x86
		{68E94F6A-DC3A-453C-93C8-B741FBB55A87}.Debug|x86.Build.0 = Debug|x86
		{68E94F6A-DC3A-453C-93C8-B741FBB55A87}.Release|x86.ActiveCfg = Release|x86
		{68E94F6A-DC3A-453C-93C8-B741FBB55A87}.Release|x86.Build.0 = Release|x86
		{13DD65C6-9246-41B3-BE3F-27EFD4920562}.Debug|x86.ActiveCfg = Debug|x86
		{13DD65C6-9246-41B3-BE3F-27EFD4920562}.Debug|x86.Build.0 = Debug|x86
		{13DD65C6-9246-41B3-BE3F-27EFD4920562}.Release|x86.ActiveCfg = Release|x86
		{13DD65C6-9246-41B3-BE3F-27EFD4920562}.Release|x86.Build.0 = Release|x86
		{B6CFF43C-79C2-4980-A061-F3ED1BB80A0B}.Debug|x86.ActiveCfg = Debug|x86
		{B6CFF43C-79C2-4980-A061-F3ED1BB80A0B}.Debug|x86.Build.0 = Debug|x86
		{B6CFF43C-79C2-4980-A061-F3ED1BB80A0B}.Release|x86.ActiveCfg = Release|x86
		{B6CFF43C-79C2-4980-A061-F3ED1BB80A0B}.Release|x86.Build.0 = Release|x86
		{867E5D0F-5FC8-4DBB-937C-26E92E3C45E6}.Debug|x86.ActiveCfg = Debug|x86
		{867E5D0F-5FC8-4DBB-937C-26E92E3C45E6}.Debug|x86.Build.0 = Debug|x86
		{867E5D0F-5FC8-4DBB-937C-26E92E3C45E6}.Release|x86.ActiveCfg = Release|x86
		{867E5D0F-5FC8-4DBB-937C-26E92E3C45E6}.Release|x86.Build.0 = Release|x86
		{4762FF5E-C1AF-4A42-AE28-317A033EF257}.Debug|x86.ActiveCfg = Debug|x86
		{4762FF5E-C1AF-4A42-AE28-317A033EF257}.Debug|x86.Build.0 = Debug|x86
		{4762FF5E-C1AF-4A42-AE28-317A033EF257}.Release|x86.ActiveCfg = Release|x86
		{4762FF5E-C1AF-4A42-AE28-317A033EF257}.Release|x86.Build.0 = Release|x86
		{5DCC8598-6584-4B48-897C-DD4A3F6EFF55}.Debug|x86.ActiveCfg = Debug|x86
		{5DCC8598-6584-4B48-897C-DD4A3F6EFF55}.Debug|x86.Build.0 = Debug|x86
		{5DCC8598-6584-4B48-897C-DD4A3F6EFF55}.Release|x86.ActiveCfg = Release|x86
		{5DCC8598-6584-4B48-897C-DD4A3F6EFF55}.Release|x86.Build.0 = Release|x86
		{0660F833-38BD-4B7E-9620-A7C2F2640343}.Debug|x86.ActiveCfg = Debug|x86
		{0660F833-38BD-4B7E-9620-A7C2F2640343}.Debug|x86.Build.0 = Debug|x86
		{0660F833-38BD-4B7E-9620-A7C2F2640343}.Release|x86.ActiveCfg = Release|x86
		{0660F833-38BD-4B7E-9620-A7C2F2640343}.Release|x86.Build.0 = Release|x86
		{AB31D385-E0FA-4E5F-97E6-3E4114272863}.Debug|x86.ActiveCfg = Debug|x86
		{AB31D385-E0FA-4E5F-97E6-3E4114272863}.Debug|x86.Build.0 = Debug|x86
		{AB31D385-E0FA-4E5F-97E6-3E4114272863}.Release|x86.ActiveCfg = Release|x86
		{AB31D385-E0FA-4E5F-97E6-3E4114272863}.Release|x86.Build.0 = Release|x86
		{356DF428-ACF1-4DC6-9332-90AC694CB127}.Debug|x86.ActiveCfg = Debug|x86
		{356DF428-ACF1-4DC6-9332-90AC694CB127}.Debug|x86.Build.0 = Debug|x86
		{356DF428-ACF1-4DC6-9332-90AC694CB127}.Release|x86.ActiveCfg = Release|x86
		{356DF428-ACF1-4DC6-9332-90AC694CB127}.Release|x86.Build.0 = Release|x86
		{B7DB30E3-4E6B-4870-A10E-3947E0131477}.Debug|x86.ActiveCfg = Debug|x86
		{B7DB30E3-4E6B-4870-A10E-3947E0131477}.Debug|x86.Build.0 = Debug|x86
		{B7DB30E3-4E6B-4870-A10E-3947E0131477}.Release|x86.ActiveCfg = Release|x86
		{B7DB30E3-4E6B-4870-A10E-3947E0131477}.Release|x86.Build.0 = Release|x86
		{EDA215A5-7802-4692-A390-69C4E579621D}.Debug|x86.ActiveCfg = Debug|x86
		{EDA215A5-7802-4692-A390-69C4E579621D}.Debug|x86.Build.0 = Debug|x86
		{EDA215A5-7802-4692-A390-69C4E579621D}.Release|x86.ActiveCfg = Release|x86
		{EDA215A5-7802-4692-A390-69C4E579621D}.Release|x86.Build.0 = Release|x86
		{93995CDD-FF06-4BF6-891F-4C0366A4D82C}.Debug|x86.ActiveCfg = Debug|x86
		{93995CDD-FF06-4BF6-891F-4C0366A4D82C}.Debug|x86.Build.0 = Debug|x86
		{93995CDD-FF06-4BF6-891F-4C0366A4D82C}.Release|x86.ActiveCfg = Release|x86
		{93995CDD-FF06-4BF6-891F-4C0366A4D82C}.Release|x86.Build.0 = Release|x86
		{3A6F56A2-870A-4B93-BDC9-174611B04811}.Debug|x86.ActiveCfg = Debug|x86
		{3A6F56A2-870A-4B93-BDC9-174611B04811}.Debug|x86.Build.0 = Debug|x86
		{3A6F56A2-870A-4B93-BDC9-174611B04811}.Release|x86.ActiveCfg = Release|x86
		{3A6F56A2-870A-4B93-BDC9-174611B04811}.Release|x86.Build.0 = Release|x86
		{A8D16C69-B13A-4E56-833B-A734CF66DE18}.Debug|x86.ActiveCfg = Debug|x86
		{A8D16C69-B13A-4E56-833B-A734CF66DE18}.Debug|x86.Build.0 = Debug|x86
		{A8D16C69-B13A-4E56-833B-A734CF66DE18}.Release|x86.ActiveCfg = Release|x86
		{A8D16C69-B13A-4E56-833B-A734CF66DE18}.Release|x86.Build.0 = Release|x86
	EndGlobalSection
	GlobalSection(SolutionProperties) = preSolution
		HideSolutionNode = FALSE
	EndGlobalSection
	GlobalSection(ExtensibilityGlobals) = postSolution
		SolutionGuid = {6A59CF3D-2B44-404B-8B21-A3F2E54E6E11}
	EndGlobalSection
EndGlobal
