
Microsoft Visual Studio Solution File, Format Version 12.00
# Visual Studio 15
VisualStudioVersion = 15.0.28307.757
MinimumVisualStudioVersion = 10.0.40219.1
Project("{F184B08F-C81C-45F6-A57F-5ABD9991F28F}") = "Jp.Co.Nrs.LM.Launcher", "..\Launcher\Jp.Co.Nrs.LM.Launcher\Jp.Co.Nrs.LM.Launcher\Jp.Co.Nrs.LM.Launcher.vbproj", "{B48F50B1-FAD7-47A5-B855-65BD8C40C23D}"
	ProjectSection(ProjectDependencies) = postProject
		{55CB688E-3AE1-4E26-964C-6B97D4311771} = {55CB688E-3AE1-4E26-964C-6B97D4311771}
	EndProjectSection
EndProject
Project("{E24C65DC-7377-472B-9ABA-BC803B73C61A}") = "Jp.Co.Nrs.LM.WSI", "http://localhost:3333", "{59BC6C95-3D4A-486C-B312-F5BCA623D717}"
	ProjectSection(WebsiteProperties) = preProject
		UseIISExpress = "true"
		TargetFrameworkMoniker = ".NETFramework,Version%3Dv4.7.2"
		Debug.AspNetCompiler.VirtualPath = "/localhost_3333"
		Debug.AspNetCompiler.PhysicalPath = "..\Jp.Co.Nrs.LM.WSI\Jp.Co.Nrs.LM.WSI\"
		Debug.AspNetCompiler.TargetPath = "PrecompiledWeb\localhost_3333\"
		Debug.AspNetCompiler.Updateable = "true"
		Debug.AspNetCompiler.ForceOverwrite = "true"
		Debug.AspNetCompiler.FixedNames = "false"
		Debug.AspNetCompiler.Debug = "True"
		Release.AspNetCompiler.VirtualPath = "/localhost_3333"
		Release.AspNetCompiler.PhysicalPath = "..\Jp.Co.Nrs.LM.WSI\Jp.Co.Nrs.LM.WSI\"
		Release.AspNetCompiler.TargetPath = "PrecompiledWeb\localhost_3333\"
		Release.AspNetCompiler.Updateable = "true"
		Release.AspNetCompiler.ForceOverwrite = "true"
		Release.AspNetCompiler.FixedNames = "false"
		Release.AspNetCompiler.Debug = "False"
		SlnRelativePath = "..\Jp.Co.Nrs.LM.WSI\Jp.Co.Nrs.LM.WSI\"
	EndProjectSection
	ProjectSection(ProjectDependencies) = postProject
		{B48F50B1-FAD7-47A5-B855-65BD8C40C23D} = {B48F50B1-FAD7-47A5-B855-65BD8C40C23D}
	EndProjectSection
EndProject
Project("{F184B08F-C81C-45F6-A57F-5ABD9991F28F}") = "Jp.Co.Nrs.LMG.BLC", "Jp.Co.Nrs.LMG.BLC\Jp.Co.Nrs.LMG.BLC.vbproj", "{29832102-3CB1-4C0C-AC45-D425891B8098}"
	ProjectSection(ProjectDependencies) = postProject
		{BC28111C-E1CF-4986-87BC-906D83DB8F6B} = {BC28111C-E1CF-4986-87BC-906D83DB8F6B}
	EndProjectSection
EndProject
Project("{F184B08F-C81C-45F6-A57F-5ABD9991F28F}") = "Jp.Co.Nrs.LMG.BLF", "Jp.Co.Nrs.LMG.BLF\Jp.Co.Nrs.LMG.BLF.vbproj", "{AB6AAA1E-AC6A-4CF4-9BDD-6BC8745A207B}"
	ProjectSection(ProjectDependencies) = postProject
		{29832102-3CB1-4C0C-AC45-D425891B8098} = {29832102-3CB1-4C0C-AC45-D425891B8098}
	EndProjectSection
EndProject
Project("{F184B08F-C81C-45F6-A57F-5ABD9991F28F}") = "Jp.Co.Nrs.LMG.DAC", "Jp.Co.Nrs.LMG.DAC\Jp.Co.Nrs.LMG.DAC.vbproj", "{BC28111C-E1CF-4986-87BC-906D83DB8F6B}"
	ProjectSection(ProjectDependencies) = postProject
		{E25D234A-2491-4EEF-BA47-B9ABB7B17FC7} = {E25D234A-2491-4EEF-BA47-B9ABB7B17FC7}
	EndProjectSection
EndProject
Project("{F184B08F-C81C-45F6-A57F-5ABD9991F28F}") = "Jp.Co.Nrs.LMG.DSL", "Jp.Co.Nrs.LMG.DSL\Jp.Co.Nrs.LMG.DSL.vbproj", "{E25D234A-2491-4EEF-BA47-B9ABB7B17FC7}"
EndProject
Project("{F184B08F-C81C-45F6-A57F-5ABD9991F28F}") = "Jp.Co.Nrs.LMG.GUI", "Jp.Co.Nrs.LMG.GUI\Jp.Co.Nrs.LMG.GUI.vbproj", "{55CB688E-3AE1-4E26-964C-6B97D4311771}"
	ProjectSection(ProjectDependencies) = postProject
		{AB6AAA1E-AC6A-4CF4-9BDD-6BC8745A207B} = {AB6AAA1E-AC6A-4CF4-9BDD-6BC8745A207B}
	EndProjectSection
EndProject
Global
	GlobalSection(SolutionConfigurationPlatforms) = preSolution
		Debug|x86 = Debug|x86
		Release|x86 = Release|x86
	EndGlobalSection
	GlobalSection(ProjectConfigurationPlatforms) = postSolution
		{B48F50B1-FAD7-47A5-B855-65BD8C40C23D}.Debug|x86.ActiveCfg = Debug|x86
		{B48F50B1-FAD7-47A5-B855-65BD8C40C23D}.Debug|x86.Build.0 = Debug|x86
		{B48F50B1-FAD7-47A5-B855-65BD8C40C23D}.Release|x86.ActiveCfg = Release|x86
		{B48F50B1-FAD7-47A5-B855-65BD8C40C23D}.Release|x86.Build.0 = Release|x86
		{59BC6C95-3D4A-486C-B312-F5BCA623D717}.Debug|x86.ActiveCfg = Debug|Any CPU
		{59BC6C95-3D4A-486C-B312-F5BCA623D717}.Debug|x86.Build.0 = Debug|Any CPU
		{59BC6C95-3D4A-486C-B312-F5BCA623D717}.Release|x86.ActiveCfg = Debug|Any CPU
		{29832102-3CB1-4C0C-AC45-D425891B8098}.Debug|x86.ActiveCfg = Debug|x86
		{29832102-3CB1-4C0C-AC45-D425891B8098}.Debug|x86.Build.0 = Debug|x86
		{29832102-3CB1-4C0C-AC45-D425891B8098}.Release|x86.ActiveCfg = Release|x86
		{29832102-3CB1-4C0C-AC45-D425891B8098}.Release|x86.Build.0 = Release|x86
		{AB6AAA1E-AC6A-4CF4-9BDD-6BC8745A207B}.Debug|x86.ActiveCfg = Debug|x86
		{AB6AAA1E-AC6A-4CF4-9BDD-6BC8745A207B}.Debug|x86.Build.0 = Debug|x86
		{AB6AAA1E-AC6A-4CF4-9BDD-6BC8745A207B}.Release|x86.ActiveCfg = Release|x86
		{AB6AAA1E-AC6A-4CF4-9BDD-6BC8745A207B}.Release|x86.Build.0 = Release|x86
		{BC28111C-E1CF-4986-87BC-906D83DB8F6B}.Debug|x86.ActiveCfg = Debug|x86
		{BC28111C-E1CF-4986-87BC-906D83DB8F6B}.Debug|x86.Build.0 = Debug|x86
		{BC28111C-E1CF-4986-87BC-906D83DB8F6B}.Release|x86.ActiveCfg = Release|x86
		{BC28111C-E1CF-4986-87BC-906D83DB8F6B}.Release|x86.Build.0 = Release|x86
		{E25D234A-2491-4EEF-BA47-B9ABB7B17FC7}.Debug|x86.ActiveCfg = Debug|x86
		{E25D234A-2491-4EEF-BA47-B9ABB7B17FC7}.Debug|x86.Build.0 = Debug|x86
		{E25D234A-2491-4EEF-BA47-B9ABB7B17FC7}.Release|x86.ActiveCfg = Release|x86
		{E25D234A-2491-4EEF-BA47-B9ABB7B17FC7}.Release|x86.Build.0 = Release|x86
		{55CB688E-3AE1-4E26-964C-6B97D4311771}.Debug|x86.ActiveCfg = Debug|x86
		{55CB688E-3AE1-4E26-964C-6B97D4311771}.Debug|x86.Build.0 = Debug|x86
		{55CB688E-3AE1-4E26-964C-6B97D4311771}.Release|x86.ActiveCfg = Release|x86
		{55CB688E-3AE1-4E26-964C-6B97D4311771}.Release|x86.Build.0 = Release|x86
	EndGlobalSection
	GlobalSection(SolutionProperties) = preSolution
		HideSolutionNode = FALSE
	EndGlobalSection
	GlobalSection(ExtensibilityGlobals) = postSolution
		SolutionGuid = {1736E1B3-7265-492E-895E-8C1016371C66}
	EndGlobalSection
EndGlobal
