
Microsoft Visual Studio Solution File, Format Version 12.00
# Visual Studio 15
VisualStudioVersion = 15.0.28307.757
MinimumVisualStudioVersion = 10.0.40219.1
Project("{F184B08F-C81C-45F6-A57F-5ABD9991F28F}") = "Jp.Co.Nrs.LM.Launcher", "..\Launcher\Jp.Co.Nrs.LM.Launcher\Jp.Co.Nrs.LM.Launcher\Jp.Co.Nrs.LM.Launcher.vbproj", "{B48F50B1-FAD7-47A5-B855-65BD8C40C23D}"
	ProjectSection(ProjectDependencies) = postProject
		{B6CFF43C-79C2-4980-A061-F3ED1BB80A0B} = {B6CFF43C-79C2-4980-A061-F3ED1BB80A0B}
	EndProjectSection
EndProject
Project("{E24C65DC-7377-472B-9ABA-BC803B73C61A}") = "Jp.Co.Nrs.LM.WSI", "http://localhost:3333", "{59BC6C95-3D4A-486C-B312-F5BCA623D717}"
	ProjectSection(WebsiteProperties) = preProject
		UseIISExpress = "true"
		TargetFrameworkMoniker = ".NETFramework,Version%3Dv4.7.2"
		Debug.AspNetCompiler.VirtualPath = "/localhost_3333"
		Debug.AspNetCompiler.PhysicalPath = "..\Jp.Co.Nrs.LM.WSI\Jp.Co.Nrs.LM.WSI\"
		Debug.AspNetCompiler.TargetPath = "PrecompiledWeb\localhost_3333\"
		Debug.AspNetCompiler.Updateable = "true"
		Debug.AspNetCompiler.ForceOverwrite = "true"
		Debug.AspNetCompiler.FixedNames = "false"
		Debug.AspNetCompiler.Debug = "True"
		Release.AspNetCompiler.VirtualPath = "/localhost_3333"
		Release.AspNetCompiler.PhysicalPath = "..\Jp.Co.Nrs.LM.WSI\Jp.Co.Nrs.LM.WSI\"
		Release.AspNetCompiler.TargetPath = "PrecompiledWeb\localhost_3333\"
		Release.AspNetCompiler.Updateable = "true"
		Release.AspNetCompiler.ForceOverwrite = "true"
		Release.AspNetCompiler.FixedNames = "false"
		Release.AspNetCompiler.Debug = "False"
		SlnRelativePath = "..\Jp.Co.Nrs.LM.WSI\Jp.Co.Nrs.LM.WSI\"
	EndProjectSection
	ProjectSection(ProjectDependencies) = postProject
		{B48F50B1-FAD7-47A5-B855-65BD8C40C23D} = {B48F50B1-FAD7-47A5-B855-65BD8C40C23D}
	EndProjectSection
EndProject
Project("{F184B08F-C81C-45F6-A57F-5ABD9991F28F}") = "Jp.Co.Nrs.LMU.BLC", "Jp.Co.Nrs.LMU.BLC\Jp.Co.Nrs.LMU.BLC.vbproj", "{2DF0C920-E62B-4748-9BC6-9286D4069E6B}"
	ProjectSection(ProjectDependencies) = postProject
		{68E94F6A-DC3A-453C-93C8-B741FBB55A87} = {68E94F6A-DC3A-453C-93C8-B741FBB55A87}
	EndProjectSection
EndProject
Project("{F184B08F-C81C-45F6-A57F-5ABD9991F28F}") = "Jp.Co.Nrs.LMU.BLF", "Jp.Co.Nrs.LMU.BLF\Jp.Co.Nrs.LMU.BLF.vbproj", "{13335AC7-2EA7-455D-99B4-20A1197161C9}"
	ProjectSection(ProjectDependencies) = postProject
		{2DF0C920-E62B-4748-9BC6-9286D4069E6B} = {2DF0C920-E62B-4748-9BC6-9286D4069E6B}
	EndProjectSection
EndProject
Project("{F184B08F-C81C-45F6-A57F-5ABD9991F28F}") = "Jp.Co.Nrs.LMU.DAC", "Jp.Co.Nrs.LMU.DAC\Jp.Co.Nrs.LMU.DAC.vbproj", "{68E94F6A-DC3A-453C-93C8-B741FBB55A87}"
	ProjectSection(ProjectDependencies) = postProject
		{13DD65C6-9246-41B3-BE3F-27EFD4920562} = {13DD65C6-9246-41B3-BE3F-27EFD4920562}
	EndProjectSection
EndProject
Project("{F184B08F-C81C-45F6-A57F-5ABD9991F28F}") = "Jp.Co.Nrs.LMU.DSL", "Jp.Co.Nrs.LMU.DSL\Jp.Co.Nrs.LMU.DSL.vbproj", "{13DD65C6-9246-41B3-BE3F-27EFD4920562}"
EndProject
Project("{F184B08F-C81C-45F6-A57F-5ABD9991F28F}") = "Jp.Co.Nrs.LMU.GUI", "Jp.Co.Nrs.LMU.GUI\Jp.Co.Nrs.LMU.GUI.vbproj", "{B6CFF43C-79C2-4980-A061-F3ED1BB80A0B}"
	ProjectSection(ProjectDependencies) = postProject
		{13335AC7-2EA7-455D-99B4-20A1197161C9} = {13335AC7-2EA7-455D-99B4-20A1197161C9}
	EndProjectSection
EndProject
Global
	GlobalSection(SolutionConfigurationPlatforms) = preSolution
		Debug|x86 = Debug|x86
		Release|x86 = Release|x86
	EndGlobalSection
	GlobalSection(ProjectConfigurationPlatforms) = postSolution
		{B48F50B1-FAD7-47A5-B855-65BD8C40C23D}.Debug|x86.ActiveCfg = Debug|x86
		{B48F50B1-FAD7-47A5-B855-65BD8C40C23D}.Debug|x86.Build.0 = Debug|x86
		{B48F50B1-FAD7-47A5-B855-65BD8C40C23D}.Release|x86.ActiveCfg = Release|x86
		{B48F50B1-FAD7-47A5-B855-65BD8C40C23D}.Release|x86.Build.0 = Release|x86
		{59BC6C95-3D4A-486C-B312-F5BCA623D717}.Debug|x86.ActiveCfg = Debug|Any CPU
		{59BC6C95-3D4A-486C-B312-F5BCA623D717}.Debug|x86.Build.0 = Debug|Any CPU
		{59BC6C95-3D4A-486C-B312-F5BCA623D717}.Release|x86.ActiveCfg = Debug|Any CPU
		{2DF0C920-E62B-4748-9BC6-9286D4069E6B}.Debug|x86.ActiveCfg = Debug|x86
		{2DF0C920-E62B-4748-9BC6-9286D4069E6B}.Debug|x86.Build.0 = Debug|x86
		{2DF0C920-E62B-4748-9BC6-9286D4069E6B}.Release|x86.ActiveCfg = Release|x86
		{2DF0C920-E62B-4748-9BC6-9286D4069E6B}.Release|x86.Build.0 = Release|x86
		{13335AC7-2EA7-455D-99B4-20A1197161C9}.Debug|x86.ActiveCfg = Debug|x86
		{13335AC7-2EA7-455D-99B4-20A1197161C9}.Debug|x86.Build.0 = Debug|x86
		{13335AC7-2EA7-455D-99B4-20A1197161C9}.Release|x86.ActiveCfg = Release|x86
		{13335AC7-2EA7-455D-99B4-20A1197161C9}.Release|x86.Build.0 = Release|x86
		{68E94F6A-DC3A-453C-93C8-B741FBB55A87}.Debug|x86.ActiveCfg = Debug|x86
		{68E94F6A-DC3A-453C-93C8-B741FBB55A87}.Debug|x86.Build.0 = Debug|x86
		{68E94F6A-DC3A-453C-93C8-B741FBB55A87}.Release|x86.ActiveCfg = Release|x86
		{68E94F6A-DC3A-453C-93C8-B741FBB55A87}.Release|x86.Build.0 = Release|x86
		{13DD65C6-9246-41B3-BE3F-27EFD4920562}.Debug|x86.ActiveCfg = Debug|x86
		{13DD65C6-9246-41B3-BE3F-27EFD4920562}.Debug|x86.Build.0 = Debug|x86
		{13DD65C6-9246-41B3-BE3F-27EFD4920562}.Release|x86.ActiveCfg = Release|x86
		{13DD65C6-9246-41B3-BE3F-27EFD4920562}.Release|x86.Build.0 = Release|x86
		{B6CFF43C-79C2-4980-A061-F3ED1BB80A0B}.Debug|x86.ActiveCfg = Debug|x86
		{B6CFF43C-79C2-4980-A061-F3ED1BB80A0B}.Debug|x86.Build.0 = Debug|x86
		{B6CFF43C-79C2-4980-A061-F3ED1BB80A0B}.Release|x86.ActiveCfg = Release|x86
		{B6CFF43C-79C2-4980-A061-F3ED1BB80A0B}.Release|x86.Build.0 = Release|x86
	EndGlobalSection
	GlobalSection(SolutionProperties) = preSolution
		HideSolutionNode = FALSE
	EndGlobalSection
	GlobalSection(ExtensibilityGlobals) = postSolution
		SolutionGuid = {ED6ACB96-804F-4D13-A73D-265723140B04}
	EndGlobalSection
EndGlobal
