
Microsoft Visual Studio Solution File, Format Version 12.00
# Visual Studio 15
VisualStudioVersion = 15.0.28307.757
MinimumVisualStudioVersion = 10.0.40219.1
Project("{F184B08F-C81C-45F6-A57F-5ABD9991F28F}") = "Jp.Co.Nrs.LM.Launcher", "..\Launcher\Jp.Co.Nrs.LM.Launcher\Jp.Co.Nrs.LM.Launcher\Jp.Co.Nrs.LM.Launcher.vbproj", "{B48F50B1-FAD7-47A5-B855-65BD8C40C23D}"
	ProjectSection(ProjectDependencies) = postProject
		{2597898A-5362-4F5A-AA35-6470F34E2D70} = {2597898A-5362-4F5A-AA35-6470F34E2D70}
		{99B335FD-DC50-4C1A-A8EA-6E87D9EA4AE3} = {99B335FD-DC50-4C1A-A8EA-6E87D9EA4AE3}
	EndProjectSection
EndProject
Project("{E24C65DC-7377-472B-9ABA-BC803B73C61A}") = "Jp.Co.Nrs.LM.WSI", "http://localhost:3333", "{59BC6C95-3D4A-486C-B312-F5BCA623D717}"
	ProjectSection(WebsiteProperties) = preProject
		UseIISExpress = "true"
		TargetFrameworkMoniker = ".NETFramework,Version%3Dv4.7.2"
		Debug.AspNetCompiler.VirtualPath = "/localhost_3333"
		Debug.AspNetCompiler.PhysicalPath = "..\Jp.Co.Nrs.LM.WSI\Jp.Co.Nrs.LM.WSI\"
		Debug.AspNetCompiler.TargetPath = "PrecompiledWeb\localhost_3333\"
		Debug.AspNetCompiler.Updateable = "true"
		Debug.AspNetCompiler.ForceOverwrite = "true"
		Debug.AspNetCompiler.FixedNames = "false"
		Debug.AspNetCompiler.Debug = "True"
		Release.AspNetCompiler.VirtualPath = "/localhost_3333"
		Release.AspNetCompiler.PhysicalPath = "..\Jp.Co.Nrs.LM.WSI\Jp.Co.Nrs.LM.WSI\"
		Release.AspNetCompiler.TargetPath = "PrecompiledWeb\localhost_3333\"
		Release.AspNetCompiler.Updateable = "true"
		Release.AspNetCompiler.ForceOverwrite = "true"
		Release.AspNetCompiler.FixedNames = "false"
		Release.AspNetCompiler.Debug = "False"
		SlnRelativePath = "..\Jp.Co.Nrs.LM.WSI\Jp.Co.Nrs.LM.WSI\"
	EndProjectSection
	ProjectSection(ProjectDependencies) = postProject
		{B48F50B1-FAD7-47A5-B855-65BD8C40C23D} = {B48F50B1-FAD7-47A5-B855-65BD8C40C23D}
	EndProjectSection
EndProject
Project("{F184B08F-C81C-45F6-A57F-5ABD9991F28F}") = "Jp.Co.Nrs.LML.DSL", "Jp.Co.Nrs.LML.DSL\Jp.Co.Nrs.LML.DSL.vbproj", "{95AF64FE-3B5A-426B-BD9D-571CF8621547}"
EndProject
Project("{F184B08F-C81C-45F6-A57F-5ABD9991F28F}") = "Jp.Co.Nrs.LML.BLC", "Jp.Co.Nrs.LML.BLC\Jp.Co.Nrs.LML.BLC.vbproj", "{4F6C7A0D-5DB8-4C35-8B7E-5CD6BE571F27}"
	ProjectSection(ProjectDependencies) = postProject
		{0A31778C-1B94-4624-8AD0-5820AD27C6D3} = {0A31778C-1B94-4624-8AD0-5820AD27C6D3}
	EndProjectSection
EndProject
Project("{F184B08F-C81C-45F6-A57F-5ABD9991F28F}") = "Jp.Co.Nrs.LML.DAC", "Jp.Co.Nrs.LML.DAC\Jp.Co.Nrs.LML.DAC.vbproj", "{0A31778C-1B94-4624-8AD0-5820AD27C6D3}"
EndProject
Project("{F184B08F-C81C-45F6-A57F-5ABD9991F28F}") = "Jp.Co.Nrs.LML.BLF", "Jp.Co.Nrs.LML.BLF\Jp.Co.Nrs.LML.BLF.vbproj", "{2597898A-5362-4F5A-AA35-6470F34E2D70}"
	ProjectSection(ProjectDependencies) = postProject
		{4F6C7A0D-5DB8-4C35-8B7E-5CD6BE571F27} = {4F6C7A0D-5DB8-4C35-8B7E-5CD6BE571F27}
	EndProjectSection
EndProject
Project("{F184B08F-C81C-45F6-A57F-5ABD9991F28F}") = "Jp.Co.Nrs.LML.GUI", "Jp.Co.Nrs.LML.GUI\Jp.Co.Nrs.LML.GUI.vbproj", "{99B335FD-DC50-4C1A-A8EA-6E87D9EA4AE3}"
	ProjectSection(ProjectDependencies) = postProject
		{95AF64FE-3B5A-426B-BD9D-571CF8621547} = {95AF64FE-3B5A-426B-BD9D-571CF8621547}
	EndProjectSection
EndProject
Global
	GlobalSection(SolutionConfigurationPlatforms) = preSolution
		Debug|x86 = Debug|x86
		Release|x86 = Release|x86
	EndGlobalSection
	GlobalSection(ProjectConfigurationPlatforms) = postSolution
		{B48F50B1-FAD7-47A5-B855-65BD8C40C23D}.Debug|x86.ActiveCfg = Debug|x86
		{B48F50B1-FAD7-47A5-B855-65BD8C40C23D}.Debug|x86.Build.0 = Debug|x86
		{B48F50B1-FAD7-47A5-B855-65BD8C40C23D}.Release|x86.ActiveCfg = Release|x86
		{B48F50B1-FAD7-47A5-B855-65BD8C40C23D}.Release|x86.Build.0 = Release|x86
		{59BC6C95-3D4A-486C-B312-F5BCA623D717}.Debug|x86.ActiveCfg = Debug|Any CPU
		{59BC6C95-3D4A-486C-B312-F5BCA623D717}.Debug|x86.Build.0 = Debug|Any CPU
		{59BC6C95-3D4A-486C-B312-F5BCA623D717}.Release|x86.ActiveCfg = Debug|Any CPU
		{95AF64FE-3B5A-426B-BD9D-571CF8621547}.Debug|x86.ActiveCfg = Debug|x86
		{95AF64FE-3B5A-426B-BD9D-571CF8621547}.Debug|x86.Build.0 = Debug|x86
		{95AF64FE-3B5A-426B-BD9D-571CF8621547}.Release|x86.ActiveCfg = Release|x86
		{95AF64FE-3B5A-426B-BD9D-571CF8621547}.Release|x86.Build.0 = Release|x86
		{4F6C7A0D-5DB8-4C35-8B7E-5CD6BE571F27}.Debug|x86.ActiveCfg = Debug|x86
		{4F6C7A0D-5DB8-4C35-8B7E-5CD6BE571F27}.Debug|x86.Build.0 = Debug|x86
		{4F6C7A0D-5DB8-4C35-8B7E-5CD6BE571F27}.Release|x86.ActiveCfg = Release|x86
		{4F6C7A0D-5DB8-4C35-8B7E-5CD6BE571F27}.Release|x86.Build.0 = Release|x86
		{0A31778C-1B94-4624-8AD0-5820AD27C6D3}.Debug|x86.ActiveCfg = Debug|x86
		{0A31778C-1B94-4624-8AD0-5820AD27C6D3}.Debug|x86.Build.0 = Debug|x86
		{0A31778C-1B94-4624-8AD0-5820AD27C6D3}.Release|x86.ActiveCfg = Release|x86
		{0A31778C-1B94-4624-8AD0-5820AD27C6D3}.Release|x86.Build.0 = Release|x86
		{2597898A-5362-4F5A-AA35-6470F34E2D70}.Debug|x86.ActiveCfg = Debug|x86
		{2597898A-5362-4F5A-AA35-6470F34E2D70}.Debug|x86.Build.0 = Debug|x86
		{2597898A-5362-4F5A-AA35-6470F34E2D70}.Release|x86.ActiveCfg = Release|x86
		{2597898A-5362-4F5A-AA35-6470F34E2D70}.Release|x86.Build.0 = Release|x86
		{99B335FD-DC50-4C1A-A8EA-6E87D9EA4AE3}.Debug|x86.ActiveCfg = Debug|x86
		{99B335FD-DC50-4C1A-A8EA-6E87D9EA4AE3}.Debug|x86.Build.0 = Debug|x86
		{99B335FD-DC50-4C1A-A8EA-6E87D9EA4AE3}.Release|x86.ActiveCfg = Release|x86
		{99B335FD-DC50-4C1A-A8EA-6E87D9EA4AE3}.Release|x86.Build.0 = Release|x86
	EndGlobalSection
	GlobalSection(SolutionProperties) = preSolution
		HideSolutionNode = FALSE
	EndGlobalSection
	GlobalSection(ExtensibilityGlobals) = postSolution
		SolutionGuid = {A52642B2-0B13-4320-B3F6-6426C75F8CC9}
	EndGlobalSection
EndGlobal
