
Microsoft Visual Studio Solution File, Format Version 12.00
# Visual Studio 15
VisualStudioVersion = 15.0.28307.757
MinimumVisualStudioVersion = 10.0.40219.1
Project("{F184B08F-C81C-45F6-A57F-5ABD9991F28F}") = "Jp.Co.Nrs.LM.Launcher", "..\Launcher\Jp.Co.Nrs.LM.Launcher\Jp.Co.Nrs.LM.Launcher\Jp.Co.Nrs.LM.Launcher.vbproj", "{B48F50B1-FAD7-47A5-B855-65BD8C40C23D}"
	ProjectSection(ProjectDependencies) = postProject
		{54E8866B-B107-4CDF-80A5-42EAD400BEF9} = {54E8866B-B107-4CDF-80A5-42EAD400BEF9}
	EndProjectSection
EndProject
Project("{E24C65DC-7377-472B-9ABA-BC803B73C61A}") = "Jp.Co.Nrs.LM.WSI", "http://localhost:3333", "{59BC6C95-3D4A-486C-B312-F5BCA623D717}"
	ProjectSection(WebsiteProperties) = preProject
		UseIISExpress = "true"
		TargetFrameworkMoniker = ".NETFramework,Version%3Dv4.7.2"
		Debug.AspNetCompiler.VirtualPath = "/localhost_3333"
		Debug.AspNetCompiler.PhysicalPath = "..\Jp.Co.Nrs.LM.WSI\Jp.Co.Nrs.LM.WSI\"
		Debug.AspNetCompiler.TargetPath = "PrecompiledWeb\localhost_3333\"
		Debug.AspNetCompiler.Updateable = "true"
		Debug.AspNetCompiler.ForceOverwrite = "true"
		Debug.AspNetCompiler.FixedNames = "false"
		Debug.AspNetCompiler.Debug = "True"
		Release.AspNetCompiler.VirtualPath = "/localhost_3333"
		Release.AspNetCompiler.PhysicalPath = "..\Jp.Co.Nrs.LM.WSI\Jp.Co.Nrs.LM.WSI\"
		Release.AspNetCompiler.TargetPath = "PrecompiledWeb\localhost_3333\"
		Release.AspNetCompiler.Updateable = "true"
		Release.AspNetCompiler.ForceOverwrite = "true"
		Release.AspNetCompiler.FixedNames = "false"
		Release.AspNetCompiler.Debug = "False"
		SlnRelativePath = "..\Jp.Co.Nrs.LM.WSI\Jp.Co.Nrs.LM.WSI\"
	EndProjectSection
	ProjectSection(ProjectDependencies) = postProject
		{B48F50B1-FAD7-47A5-B855-65BD8C40C23D} = {B48F50B1-FAD7-47A5-B855-65BD8C40C23D}
	EndProjectSection
EndProject
Project("{F184B08F-C81C-45F6-A57F-5ABD9991F28F}") = "Jp.Co.Nrs.LMM.BLC", "Jp.Co.Nrs.LMM.BLC\Jp.Co.Nrs.LMM.BLC.vbproj", "{5DA78810-2F00-4266-B1D4-E7F9CF8F3B2A}"
	ProjectSection(ProjectDependencies) = postProject
		{59988C49-4FD9-4806-A00E-2B519FCC30CD} = {59988C49-4FD9-4806-A00E-2B519FCC30CD}
	EndProjectSection
EndProject
Project("{F184B08F-C81C-45F6-A57F-5ABD9991F28F}") = "Jp.Co.Nrs.LMM.BLF", "Jp.Co.Nrs.LMM.BLF\Jp.Co.Nrs.LMM.BLF.vbproj", "{1878AFF9-DB66-4289-8B72-56E646B084AC}"
	ProjectSection(ProjectDependencies) = postProject
		{5DA78810-2F00-4266-B1D4-E7F9CF8F3B2A} = {5DA78810-2F00-4266-B1D4-E7F9CF8F3B2A}
	EndProjectSection
EndProject
Project("{F184B08F-C81C-45F6-A57F-5ABD9991F28F}") = "Jp.Co.Nrs.LMM.DAC", "Jp.Co.Nrs.LMM.DAC\Jp.Co.Nrs.LMM.DAC.vbproj", "{59988C49-4FD9-4806-A00E-2B519FCC30CD}"
	ProjectSection(ProjectDependencies) = postProject
		{94B46ED6-2297-4972-9C77-98AEE8CA0323} = {94B46ED6-2297-4972-9C77-98AEE8CA0323}
	EndProjectSection
EndProject
Project("{F184B08F-C81C-45F6-A57F-5ABD9991F28F}") = "Jp.Co.Nrs.LMM.DSL", "Jp.Co.Nrs.LMM.DSL\Jp.Co.Nrs.LMM.DSL.vbproj", "{94B46ED6-2297-4972-9C77-98AEE8CA0323}"
EndProject
Project("{F184B08F-C81C-45F6-A57F-5ABD9991F28F}") = "Jp.Co.Nrs.LMM.GUI", "Jp.Co.Nrs.LMM.GUI\Jp.Co.Nrs.LMM.GUI.vbproj", "{54E8866B-B107-4CDF-80A5-42EAD400BEF9}"
	ProjectSection(ProjectDependencies) = postProject
		{1878AFF9-DB66-4289-8B72-56E646B084AC} = {1878AFF9-DB66-4289-8B72-56E646B084AC}
	EndProjectSection
EndProject
Global
	GlobalSection(SolutionConfigurationPlatforms) = preSolution
		Debug|x86 = Debug|x86
		Release|x86 = Release|x86
	EndGlobalSection
	GlobalSection(ProjectConfigurationPlatforms) = postSolution
		{B48F50B1-FAD7-47A5-B855-65BD8C40C23D}.Debug|x86.ActiveCfg = Debug|x86
		{B48F50B1-FAD7-47A5-B855-65BD8C40C23D}.Debug|x86.Build.0 = Debug|x86
		{B48F50B1-FAD7-47A5-B855-65BD8C40C23D}.Release|x86.ActiveCfg = Release|x86
		{B48F50B1-FAD7-47A5-B855-65BD8C40C23D}.Release|x86.Build.0 = Release|x86
		{59BC6C95-3D4A-486C-B312-F5BCA623D717}.Debug|x86.ActiveCfg = Debug|Any CPU
		{59BC6C95-3D4A-486C-B312-F5BCA623D717}.Debug|x86.Build.0 = Debug|Any CPU
		{59BC6C95-3D4A-486C-B312-F5BCA623D717}.Release|x86.ActiveCfg = Debug|Any CPU
		{5DA78810-2F00-4266-B1D4-E7F9CF8F3B2A}.Debug|x86.ActiveCfg = Debug|x86
		{5DA78810-2F00-4266-B1D4-E7F9CF8F3B2A}.Debug|x86.Build.0 = Debug|x86
		{5DA78810-2F00-4266-B1D4-E7F9CF8F3B2A}.Release|x86.ActiveCfg = Release|x86
		{5DA78810-2F00-4266-B1D4-E7F9CF8F3B2A}.Release|x86.Build.0 = Release|x86
		{1878AFF9-DB66-4289-8B72-56E646B084AC}.Debug|x86.ActiveCfg = Debug|x86
		{1878AFF9-DB66-4289-8B72-56E646B084AC}.Debug|x86.Build.0 = Debug|x86
		{1878AFF9-DB66-4289-8B72-56E646B084AC}.Release|x86.ActiveCfg = Release|x86
		{1878AFF9-DB66-4289-8B72-56E646B084AC}.Release|x86.Build.0 = Release|x86
		{59988C49-4FD9-4806-A00E-2B519FCC30CD}.Debug|x86.ActiveCfg = Debug|x86
		{59988C49-4FD9-4806-A00E-2B519FCC30CD}.Debug|x86.Build.0 = Debug|x86
		{59988C49-4FD9-4806-A00E-2B519FCC30CD}.Release|x86.ActiveCfg = Release|x86
		{59988C49-4FD9-4806-A00E-2B519FCC30CD}.Release|x86.Build.0 = Release|x86
		{94B46ED6-2297-4972-9C77-98AEE8CA0323}.Debug|x86.ActiveCfg = Debug|x86
		{94B46ED6-2297-4972-9C77-98AEE8CA0323}.Debug|x86.Build.0 = Debug|x86
		{94B46ED6-2297-4972-9C77-98AEE8CA0323}.Release|x86.ActiveCfg = Release|x86
		{94B46ED6-2297-4972-9C77-98AEE8CA0323}.Release|x86.Build.0 = Release|x86
		{54E8866B-B107-4CDF-80A5-42EAD400BEF9}.Debug|x86.ActiveCfg = Debug|x86
		{54E8866B-B107-4CDF-80A5-42EAD400BEF9}.Debug|x86.Build.0 = Debug|x86
		{54E8866B-B107-4CDF-80A5-42EAD400BEF9}.Release|x86.ActiveCfg = Release|x86
		{54E8866B-B107-4CDF-80A5-42EAD400BEF9}.Release|x86.Build.0 = Release|x86
	EndGlobalSection
	GlobalSection(SolutionProperties) = preSolution
		HideSolutionNode = FALSE
	EndGlobalSection
	GlobalSection(ExtensibilityGlobals) = postSolution
		SolutionGuid = {B4E5FDFC-7A52-4B6C-A50E-C0DCDD202BBD}
	EndGlobalSection
EndGlobal
