
Microsoft Visual Studio Solution File, Format Version 12.00
# Visual Studio 15
VisualStudioVersion = 15.0.28307.757
MinimumVisualStudioVersion = 10.0.40219.1
Project("{F184B08F-C81C-45F6-A57F-5ABD9991F28F}") = "Jp.Co.Nrs.LM.Launcher", "..\Launcher\Jp.Co.Nrs.LM.Launcher\Jp.Co.Nrs.LM.Launcher\Jp.Co.Nrs.LM.Launcher.vbproj", "{B48F50B1-FAD7-47A5-B855-65BD8C40C23D}"
	ProjectSection(ProjectDependencies) = postProject
		{29EBEB9D-BC6E-4CA5-A280-63C2BCF007C3} = {29EBEB9D-BC6E-4CA5-A280-63C2BCF007C3}
	EndProjectSection
EndProject
Project("{E24C65DC-7377-472B-9ABA-BC803B73C61A}") = "Jp.Co.Nrs.LM.WSI", "http://localhost:3333", "{59BC6C95-3D4A-486C-B312-F5BCA623D717}"
	ProjectSection(WebsiteProperties) = preProject
		UseIISExpress = "true"
		TargetFrameworkMoniker = ".NETFramework,Version%3Dv4.7.2"
		Debug.AspNetCompiler.VirtualPath = "/localhost_3333"
		Debug.AspNetCompiler.PhysicalPath = "..\Jp.Co.Nrs.LM.WSI\Jp.Co.Nrs.LM.WSI\"
		Debug.AspNetCompiler.TargetPath = "PrecompiledWeb\localhost_3333\"
		Debug.AspNetCompiler.Updateable = "true"
		Debug.AspNetCompiler.ForceOverwrite = "true"
		Debug.AspNetCompiler.FixedNames = "false"
		Debug.AspNetCompiler.Debug = "True"
		Release.AspNetCompiler.VirtualPath = "/localhost_3333"
		Release.AspNetCompiler.PhysicalPath = "..\Jp.Co.Nrs.LM.WSI\Jp.Co.Nrs.LM.WSI\"
		Release.AspNetCompiler.TargetPath = "PrecompiledWeb\localhost_3333\"
		Release.AspNetCompiler.Updateable = "true"
		Release.AspNetCompiler.ForceOverwrite = "true"
		Release.AspNetCompiler.FixedNames = "false"
		Release.AspNetCompiler.Debug = "False"
		SlnRelativePath = "..\Jp.Co.Nrs.LM.WSI\Jp.Co.Nrs.LM.WSI\"
	EndProjectSection
	ProjectSection(ProjectDependencies) = postProject
		{B48F50B1-FAD7-47A5-B855-65BD8C40C23D} = {B48F50B1-FAD7-47A5-B855-65BD8C40C23D}
	EndProjectSection
EndProject
Project("{F184B08F-C81C-45F6-A57F-5ABD9991F28F}") = "Jp.Co.Nrs.LMJ.BLC", "Jp.Co.Nrs.LMJ.BLC\Jp.Co.Nrs.LMJ.BLC.vbproj", "{5CCFA337-ECB9-461E-BC2B-54B38FB863FA}"
	ProjectSection(ProjectDependencies) = postProject
		{006B5BA2-DFE5-4D4B-96D4-C6F49E75D567} = {006B5BA2-DFE5-4D4B-96D4-C6F49E75D567}
	EndProjectSection
EndProject
Project("{F184B08F-C81C-45F6-A57F-5ABD9991F28F}") = "Jp.Co.Nrs.LMJ.BLF", "Jp.Co.Nrs.LMJ.BLF\Jp.Co.Nrs.LMJ.BLF.vbproj", "{63834417-2D4F-4A20-A99E-5524B8770A9C}"
	ProjectSection(ProjectDependencies) = postProject
		{5CCFA337-ECB9-461E-BC2B-54B38FB863FA} = {5CCFA337-ECB9-461E-BC2B-54B38FB863FA}
	EndProjectSection
EndProject
Project("{F184B08F-C81C-45F6-A57F-5ABD9991F28F}") = "Jp.Co.Nrs.LMJ.DAC", "Jp.Co.Nrs.LMJ.DAC\Jp.Co.Nrs.LMJ.DAC.vbproj", "{006B5BA2-DFE5-4D4B-96D4-C6F49E75D567}"
	ProjectSection(ProjectDependencies) = postProject
		{DBCFD87D-0EE3-437B-BABE-704F88791ABB} = {DBCFD87D-0EE3-437B-BABE-704F88791ABB}
	EndProjectSection
EndProject
Project("{F184B08F-C81C-45F6-A57F-5ABD9991F28F}") = "Jp.Co.Nrs.LMJ.DSL", "Jp.Co.Nrs.LMJ.DSL\Jp.Co.Nrs.LMJ.DSL.vbproj", "{DBCFD87D-0EE3-437B-BABE-704F88791ABB}"
EndProject
Project("{F184B08F-C81C-45F6-A57F-5ABD9991F28F}") = "Jp.Co.Nrs.LMJ.GUI", "Jp.Co.Nrs.LMJ.GUI\Jp.Co.Nrs.LMJ.GUI.vbproj", "{29EBEB9D-BC6E-4CA5-A280-63C2BCF007C3}"
	ProjectSection(ProjectDependencies) = postProject
		{63834417-2D4F-4A20-A99E-5524B8770A9C} = {63834417-2D4F-4A20-A99E-5524B8770A9C}
	EndProjectSection
EndProject
Global
	GlobalSection(SolutionConfigurationPlatforms) = preSolution
		Debug|x86 = Debug|x86
		Release|x86 = Release|x86
	EndGlobalSection
	GlobalSection(ProjectConfigurationPlatforms) = postSolution
		{B48F50B1-FAD7-47A5-B855-65BD8C40C23D}.Debug|x86.ActiveCfg = Debug|x86
		{B48F50B1-FAD7-47A5-B855-65BD8C40C23D}.Debug|x86.Build.0 = Debug|x86
		{B48F50B1-FAD7-47A5-B855-65BD8C40C23D}.Release|x86.ActiveCfg = Release|x86
		{B48F50B1-FAD7-47A5-B855-65BD8C40C23D}.Release|x86.Build.0 = Release|x86
		{59BC6C95-3D4A-486C-B312-F5BCA623D717}.Debug|x86.ActiveCfg = Debug|Any CPU
		{59BC6C95-3D4A-486C-B312-F5BCA623D717}.Debug|x86.Build.0 = Debug|Any CPU
		{59BC6C95-3D4A-486C-B312-F5BCA623D717}.Release|x86.ActiveCfg = Debug|Any CPU
		{5CCFA337-ECB9-461E-BC2B-54B38FB863FA}.Debug|x86.ActiveCfg = Debug|x86
		{5CCFA337-ECB9-461E-BC2B-54B38FB863FA}.Debug|x86.Build.0 = Debug|x86
		{5CCFA337-ECB9-461E-BC2B-54B38FB863FA}.Release|x86.ActiveCfg = Release|x86
		{5CCFA337-ECB9-461E-BC2B-54B38FB863FA}.Release|x86.Build.0 = Release|x86
		{63834417-2D4F-4A20-A99E-5524B8770A9C}.Debug|x86.ActiveCfg = Debug|x86
		{63834417-2D4F-4A20-A99E-5524B8770A9C}.Debug|x86.Build.0 = Debug|x86
		{63834417-2D4F-4A20-A99E-5524B8770A9C}.Release|x86.ActiveCfg = Release|x86
		{63834417-2D4F-4A20-A99E-5524B8770A9C}.Release|x86.Build.0 = Release|x86
		{006B5BA2-DFE5-4D4B-96D4-C6F49E75D567}.Debug|x86.ActiveCfg = Debug|x86
		{006B5BA2-DFE5-4D4B-96D4-C6F49E75D567}.Debug|x86.Build.0 = Debug|x86
		{006B5BA2-DFE5-4D4B-96D4-C6F49E75D567}.Release|x86.ActiveCfg = Release|x86
		{006B5BA2-DFE5-4D4B-96D4-C6F49E75D567}.Release|x86.Build.0 = Release|x86
		{DBCFD87D-0EE3-437B-BABE-704F88791ABB}.Debug|x86.ActiveCfg = Debug|x86
		{DBCFD87D-0EE3-437B-BABE-704F88791ABB}.Debug|x86.Build.0 = Debug|x86
		{DBCFD87D-0EE3-437B-BABE-704F88791ABB}.Release|x86.ActiveCfg = Release|x86
		{DBCFD87D-0EE3-437B-BABE-704F88791ABB}.Release|x86.Build.0 = Release|x86
		{29EBEB9D-BC6E-4CA5-A280-63C2BCF007C3}.Debug|x86.ActiveCfg = Debug|x86
		{29EBEB9D-BC6E-4CA5-A280-63C2BCF007C3}.Debug|x86.Build.0 = Debug|x86
		{29EBEB9D-BC6E-4CA5-A280-63C2BCF007C3}.Release|x86.ActiveCfg = Release|x86
		{29EBEB9D-BC6E-4CA5-A280-63C2BCF007C3}.Release|x86.Build.0 = Release|x86
	EndGlobalSection
	GlobalSection(SolutionProperties) = preSolution
		HideSolutionNode = FALSE
	EndGlobalSection
	GlobalSection(ExtensibilityGlobals) = postSolution
		SolutionGuid = {033CE095-6147-4386-8245-46D01805B142}
	EndGlobalSection
EndGlobal
