
Microsoft Visual Studio Solution File, Format Version 12.00
# Visual Studio 15
VisualStudioVersion = 15.0.28307.757
MinimumVisualStudioVersion = 10.0.40219.1
Project("{F184B08F-C81C-45F6-A57F-5ABD9991F28F}") = "Jp.Co.Nrs.LM.Launcher", "..\Launcher\Jp.Co.Nrs.LM.Launcher\Jp.Co.Nrs.LM.Launcher\Jp.Co.Nrs.LM.Launcher.vbproj", "{B48F50B1-FAD7-47A5-B855-65BD8C40C23D}"
	ProjectSection(ProjectDependencies) = postProject
		{9CA9ACFE-0052-449F-BD57-1B1369048EA8} = {9CA9ACFE-0052-449F-BD57-1B1369048EA8}
	EndProjectSection
EndProject
Project("{E24C65DC-7377-472B-9ABA-BC803B73C61A}") = "Jp.Co.Nrs.LM.WSI", "http://localhost:3333", "{59BC6C95-3D4A-486C-B312-F5BCA623D717}"
	ProjectSection(WebsiteProperties) = preProject
		UseIISExpress = "true"
		TargetFrameworkMoniker = ".NETFramework,Version%3Dv4.7.2"
		Debug.AspNetCompiler.VirtualPath = "/localhost_3333"
		Debug.AspNetCompiler.PhysicalPath = "..\Jp.Co.Nrs.LM.WSI\Jp.Co.Nrs.LM.WSI\"
		Debug.AspNetCompiler.TargetPath = "PrecompiledWeb\localhost_3333\"
		Debug.AspNetCompiler.Updateable = "true"
		Debug.AspNetCompiler.ForceOverwrite = "true"
		Debug.AspNetCompiler.FixedNames = "false"
		Debug.AspNetCompiler.Debug = "True"
		Release.AspNetCompiler.VirtualPath = "/localhost_3333"
		Release.AspNetCompiler.PhysicalPath = "..\Jp.Co.Nrs.LM.WSI\Jp.Co.Nrs.LM.WSI\"
		Release.AspNetCompiler.TargetPath = "PrecompiledWeb\localhost_3333\"
		Release.AspNetCompiler.Updateable = "true"
		Release.AspNetCompiler.ForceOverwrite = "true"
		Release.AspNetCompiler.FixedNames = "false"
		Release.AspNetCompiler.Debug = "False"
		SlnRelativePath = "..\Jp.Co.Nrs.LM.WSI\Jp.Co.Nrs.LM.WSI\"
	EndProjectSection
	ProjectSection(ProjectDependencies) = postProject
		{B48F50B1-FAD7-47A5-B855-65BD8C40C23D} = {B48F50B1-FAD7-47A5-B855-65BD8C40C23D}
	EndProjectSection
EndProject
Project("{F184B08F-C81C-45F6-A57F-5ABD9991F28F}") = "Jp.Co.Nrs.LMH.BLC", "Jp.Co.Nrs.LMH.BLC\Jp.Co.Nrs.LMH.BLC.vbproj", "{5FD3D8C3-2FE2-4BB4-92F0-7223C1A980DA}"
	ProjectSection(ProjectDependencies) = postProject
		{3F993DD8-3344-418B-8F26-E6D3DE16B321} = {3F993DD8-3344-418B-8F26-E6D3DE16B321}
	EndProjectSection
EndProject
Project("{F184B08F-C81C-45F6-A57F-5ABD9991F28F}") = "Jp.Co.Nrs.LMH.BLF", "Jp.Co.Nrs.LMH.BLF\Jp.Co.Nrs.LMH.BLF.vbproj", "{5BBC6F25-2AAA-492C-97E2-49539E80082E}"
	ProjectSection(ProjectDependencies) = postProject
		{5FD3D8C3-2FE2-4BB4-92F0-7223C1A980DA} = {5FD3D8C3-2FE2-4BB4-92F0-7223C1A980DA}
	EndProjectSection
EndProject
Project("{F184B08F-C81C-45F6-A57F-5ABD9991F28F}") = "Jp.Co.Nrs.LMH.DAC", "Jp.Co.Nrs.LMH.DAC\Jp.Co.Nrs.LMH.DAC.vbproj", "{3F993DD8-3344-418B-8F26-E6D3DE16B321}"
	ProjectSection(ProjectDependencies) = postProject
		{D093DA51-527D-42C9-9443-A8763A603BC8} = {D093DA51-527D-42C9-9443-A8763A603BC8}
	EndProjectSection
EndProject
Project("{F184B08F-C81C-45F6-A57F-5ABD9991F28F}") = "Jp.Co.Nrs.LMH.DSL", "Jp.Co.Nrs.LMH.DSL\Jp.Co.Nrs.LMH.DSL.vbproj", "{D093DA51-527D-42C9-9443-A8763A603BC8}"
EndProject
Project("{F184B08F-C81C-45F6-A57F-5ABD9991F28F}") = "Jp.Co.Nrs.LMH.GUI", "Jp.Co.Nrs.LMH.GUI\Jp.Co.Nrs.LMH.GUI.vbproj", "{9CA9ACFE-0052-449F-BD57-1B1369048EA8}"
	ProjectSection(ProjectDependencies) = postProject
		{5BBC6F25-2AAA-492C-97E2-49539E80082E} = {5BBC6F25-2AAA-492C-97E2-49539E80082E}
	EndProjectSection
EndProject
Global
	GlobalSection(SolutionConfigurationPlatforms) = preSolution
		Debug|x86 = Debug|x86
		Release|x86 = Release|x86
	EndGlobalSection
	GlobalSection(ProjectConfigurationPlatforms) = postSolution
		{B48F50B1-FAD7-47A5-B855-65BD8C40C23D}.Debug|x86.ActiveCfg = Debug|x86
		{B48F50B1-FAD7-47A5-B855-65BD8C40C23D}.Debug|x86.Build.0 = Debug|x86
		{B48F50B1-FAD7-47A5-B855-65BD8C40C23D}.Release|x86.ActiveCfg = Release|x86
		{B48F50B1-FAD7-47A5-B855-65BD8C40C23D}.Release|x86.Build.0 = Release|x86
		{59BC6C95-3D4A-486C-B312-F5BCA623D717}.Debug|x86.ActiveCfg = Debug|Any CPU
		{59BC6C95-3D4A-486C-B312-F5BCA623D717}.Debug|x86.Build.0 = Debug|Any CPU
		{59BC6C95-3D4A-486C-B312-F5BCA623D717}.Release|x86.ActiveCfg = Debug|Any CPU
		{5FD3D8C3-2FE2-4BB4-92F0-7223C1A980DA}.Debug|x86.ActiveCfg = Debug|x86
		{5FD3D8C3-2FE2-4BB4-92F0-7223C1A980DA}.Debug|x86.Build.0 = Debug|x86
		{5FD3D8C3-2FE2-4BB4-92F0-7223C1A980DA}.Release|x86.ActiveCfg = Release|x86
		{5FD3D8C3-2FE2-4BB4-92F0-7223C1A980DA}.Release|x86.Build.0 = Release|x86
		{5BBC6F25-2AAA-492C-97E2-49539E80082E}.Debug|x86.ActiveCfg = Debug|x86
		{5BBC6F25-2AAA-492C-97E2-49539E80082E}.Debug|x86.Build.0 = Debug|x86
		{5BBC6F25-2AAA-492C-97E2-49539E80082E}.Release|x86.ActiveCfg = Release|x86
		{5BBC6F25-2AAA-492C-97E2-49539E80082E}.Release|x86.Build.0 = Release|x86
		{3F993DD8-3344-418B-8F26-E6D3DE16B321}.Debug|x86.ActiveCfg = Debug|x86
		{3F993DD8-3344-418B-8F26-E6D3DE16B321}.Debug|x86.Build.0 = Debug|x86
		{3F993DD8-3344-418B-8F26-E6D3DE16B321}.Release|x86.ActiveCfg = Release|x86
		{3F993DD8-3344-418B-8F26-E6D3DE16B321}.Release|x86.Build.0 = Release|x86
		{D093DA51-527D-42C9-9443-A8763A603BC8}.Debug|x86.ActiveCfg = Debug|x86
		{D093DA51-527D-42C9-9443-A8763A603BC8}.Debug|x86.Build.0 = Debug|x86
		{D093DA51-527D-42C9-9443-A8763A603BC8}.Release|x86.ActiveCfg = Release|x86
		{D093DA51-527D-42C9-9443-A8763A603BC8}.Release|x86.Build.0 = Release|x86
		{9CA9ACFE-0052-449F-BD57-1B1369048EA8}.Debug|x86.ActiveCfg = Debug|x86
		{9CA9ACFE-0052-449F-BD57-1B1369048EA8}.Debug|x86.Build.0 = Debug|x86
		{9CA9ACFE-0052-449F-BD57-1B1369048EA8}.Release|x86.ActiveCfg = Release|x86
		{9CA9ACFE-0052-449F-BD57-1B1369048EA8}.Release|x86.Build.0 = Release|x86
	EndGlobalSection
	GlobalSection(SolutionProperties) = preSolution
		HideSolutionNode = FALSE
	EndGlobalSection
	GlobalSection(ExtensibilityGlobals) = postSolution
		SolutionGuid = {E12A7407-5350-4077-B13A-C0F3CCDCDB4B}
	EndGlobalSection
EndGlobal
