
Microsoft Visual Studio Solution File, Format Version 12.00
# Visual Studio 15
VisualStudioVersion = 15.0.28307.757
MinimumVisualStudioVersion = 10.0.40219.1
Project("{F184B08F-C81C-45F6-A57F-5ABD9991F28F}") = "Jp.Co.Nrs.LM.Launcher", "..\Launcher\Jp.Co.Nrs.LM.Launcher\Jp.Co.Nrs.LM.Launcher\Jp.Co.Nrs.LM.Launcher.vbproj", "{B48F50B1-FAD7-47A5-B855-65BD8C40C23D}"
	ProjectSection(ProjectDependencies) = postProject
		{AB31D385-E0FA-4E5F-97E6-3E4114272863} = {AB31D385-E0FA-4E5F-97E6-3E4114272863}
	EndProjectSection
EndProject
Project("{F184B08F-C81C-45F6-A57F-5ABD9991F28F}") = "Jp.Co.Nrs.LMZ.BLC", "Jp.Co.Nrs.LMZ.BLC\Jp.Co.Nrs.LMZ.BLC.vbproj", "{867E5D0F-5FC8-4DBB-937C-26E92E3C45E6}"
	ProjectSection(ProjectDependencies) = postProject
		{5DCC8598-6584-4B48-897C-DD4A3F6EFF55} = {5DCC8598-6584-4B48-897C-DD4A3F6EFF55}
	EndProjectSection
EndProject
Project("{F184B08F-C81C-45F6-A57F-5ABD9991F28F}") = "Jp.Co.Nrs.LMZ.BLF", "Jp.Co.Nrs.LMZ.BLF\Jp.Co.Nrs.LMZ.BLF.vbproj", "{4762FF5E-C1AF-4A42-AE28-317A033EF257}"
	ProjectSection(ProjectDependencies) = postProject
		{867E5D0F-5FC8-4DBB-937C-26E92E3C45E6} = {867E5D0F-5FC8-4DBB-937C-26E92E3C45E6}
	EndProjectSection
EndProject
Project("{F184B08F-C81C-45F6-A57F-5ABD9991F28F}") = "Jp.Co.Nrs.LMZ.DAC", "Jp.Co.Nrs.LMZ.DAC\Jp.Co.Nrs.LMZ.DAC.vbproj", "{5DCC8598-6584-4B48-897C-DD4A3F6EFF55}"
	ProjectSection(ProjectDependencies) = postProject
		{0660F833-38BD-4B7E-9620-A7C2F2640343} = {0660F833-38BD-4B7E-9620-A7C2F2640343}
	EndProjectSection
EndProject
Project("{F184B08F-C81C-45F6-A57F-5ABD9991F28F}") = "Jp.Co.Nrs.LMZ.DSL", "Jp.Co.Nrs.LMZ.DSL\Jp.Co.Nrs.LMZ.DSL.vbproj", "{0660F833-38BD-4B7E-9620-A7C2F2640343}"
EndProject
Project("{F184B08F-C81C-45F6-A57F-5ABD9991F28F}") = "Jp.Co.Nrs.LMZ.GUI", "Jp.Co.Nrs.LMZ.GUI\Jp.Co.Nrs.LMZ.GUI.vbproj", "{AB31D385-E0FA-4E5F-97E6-3E4114272863}"
	ProjectSection(ProjectDependencies) = postProject
		{4762FF5E-C1AF-4A42-AE28-317A033EF257} = {4762FF5E-C1AF-4A42-AE28-317A033EF257}
	EndProjectSection
EndProject
Project("{E24C65DC-7377-472B-9ABA-BC803B73C61A}") = "Jp.Co.Nrs.LM.WSI", "http://localhost:3333", "{59BC6C95-3D4A-486C-B312-F5BCA623D717}"
	ProjectSection(WebsiteProperties) = preProject
		UseIISExpress = "true"
		TargetFrameworkMoniker = ".NETFramework,Version%3Dv4.7.2"
		Debug.AspNetCompiler.VirtualPath = "/localhost_3333"
		Debug.AspNetCompiler.PhysicalPath = "..\Jp.Co.Nrs.LM.WSI\Jp.Co.Nrs.LM.WSI\"
		Debug.AspNetCompiler.TargetPath = "PrecompiledWeb\localhost_3333\"
		Debug.AspNetCompiler.Updateable = "true"
		Debug.AspNetCompiler.ForceOverwrite = "true"
		Debug.AspNetCompiler.FixedNames = "false"
		Debug.AspNetCompiler.Debug = "True"
		Release.AspNetCompiler.VirtualPath = "/localhost_3333"
		Release.AspNetCompiler.PhysicalPath = "..\Jp.Co.Nrs.LM.WSI\Jp.Co.Nrs.LM.WSI\"
		Release.AspNetCompiler.TargetPath = "PrecompiledWeb\localhost_3333\"
		Release.AspNetCompiler.Updateable = "true"
		Release.AspNetCompiler.ForceOverwrite = "true"
		Release.AspNetCompiler.FixedNames = "false"
		Release.AspNetCompiler.Debug = "False"
		SlnRelativePath = "..\Jp.Co.Nrs.LM.WSI\Jp.Co.Nrs.LM.WSI\"
	EndProjectSection
	ProjectSection(ProjectDependencies) = postProject
		{B48F50B1-FAD7-47A5-B855-65BD8C40C23D} = {B48F50B1-FAD7-47A5-B855-65BD8C40C23D}
	EndProjectSection
EndProject
Global
	GlobalSection(SolutionConfigurationPlatforms) = preSolution
		Debug|x86 = Debug|x86
		Release|x86 = Release|x86
	EndGlobalSection
	GlobalSection(ProjectConfigurationPlatforms) = postSolution
		{B48F50B1-FAD7-47A5-B855-65BD8C40C23D}.Debug|x86.ActiveCfg = Debug|x86
		{B48F50B1-FAD7-47A5-B855-65BD8C40C23D}.Debug|x86.Build.0 = Debug|x86
		{B48F50B1-FAD7-47A5-B855-65BD8C40C23D}.Release|x86.ActiveCfg = Release|x86
		{B48F50B1-FAD7-47A5-B855-65BD8C40C23D}.Release|x86.Build.0 = Release|x86
		{867E5D0F-5FC8-4DBB-937C-26E92E3C45E6}.Debug|x86.ActiveCfg = Debug|x86
		{867E5D0F-5FC8-4DBB-937C-26E92E3C45E6}.Debug|x86.Build.0 = Debug|x86
		{867E5D0F-5FC8-4DBB-937C-26E92E3C45E6}.Release|x86.ActiveCfg = Release|x86
		{867E5D0F-5FC8-4DBB-937C-26E92E3C45E6}.Release|x86.Build.0 = Release|x86
		{4762FF5E-C1AF-4A42-AE28-317A033EF257}.Debug|x86.ActiveCfg = Debug|x86
		{4762FF5E-C1AF-4A42-AE28-317A033EF257}.Debug|x86.Build.0 = Debug|x86
		{4762FF5E-C1AF-4A42-AE28-317A033EF257}.Release|x86.ActiveCfg = Release|x86
		{4762FF5E-C1AF-4A42-AE28-317A033EF257}.Release|x86.Build.0 = Release|x86
		{5DCC8598-6584-4B48-897C-DD4A3F6EFF55}.Debug|x86.ActiveCfg = Debug|x86
		{5DCC8598-6584-4B48-897C-DD4A3F6EFF55}.Debug|x86.Build.0 = Debug|x86
		{5DCC8598-6584-4B48-897C-DD4A3F6EFF55}.Release|x86.ActiveCfg = Release|x86
		{5DCC8598-6584-4B48-897C-DD4A3F6EFF55}.Release|x86.Build.0 = Release|x86
		{0660F833-38BD-4B7E-9620-A7C2F2640343}.Debug|x86.ActiveCfg = Debug|x86
		{0660F833-38BD-4B7E-9620-A7C2F2640343}.Debug|x86.Build.0 = Debug|x86
		{0660F833-38BD-4B7E-9620-A7C2F2640343}.Release|x86.ActiveCfg = Release|x86
		{0660F833-38BD-4B7E-9620-A7C2F2640343}.Release|x86.Build.0 = Release|x86
		{AB31D385-E0FA-4E5F-97E6-3E4114272863}.Debug|x86.ActiveCfg = Debug|x86
		{AB31D385-E0FA-4E5F-97E6-3E4114272863}.Debug|x86.Build.0 = Debug|x86
		{AB31D385-E0FA-4E5F-97E6-3E4114272863}.Release|x86.ActiveCfg = Release|x86
		{AB31D385-E0FA-4E5F-97E6-3E4114272863}.Release|x86.Build.0 = Release|x86
		{59BC6C95-3D4A-486C-B312-F5BCA623D717}.Debug|x86.ActiveCfg = Debug|Any CPU
		{59BC6C95-3D4A-486C-B312-F5BCA623D717}.Debug|x86.Build.0 = Debug|Any CPU
		{59BC6C95-3D4A-486C-B312-F5BCA623D717}.Release|x86.ActiveCfg = Debug|Any CPU
	EndGlobalSection
	GlobalSection(SolutionProperties) = preSolution
		HideSolutionNode = FALSE
	EndGlobalSection
	GlobalSection(ExtensibilityGlobals) = postSolution
		SolutionGuid = {B8BA1F2E-1ECC-4A8C-BD55-98A8732E6795}
	EndGlobalSection
EndGlobal
