
Microsoft Visual Studio Solution File, Format Version 12.00
# Visual Studio 15
VisualStudioVersion = 15.0.28307.757
MinimumVisualStudioVersion = 10.0.40219.1
Project("{F184B08F-C81C-45F6-A57F-5ABD9991F28F}") = "Jp.Co.Nrs.LM.Launcher", "..\Launcher\Jp.Co.Nrs.LM.Launcher\Jp.Co.Nrs.LM.Launcher\Jp.Co.Nrs.LM.Launcher.vbproj", "{B48F50B1-FAD7-47A5-B855-65BD8C40C23D}"
	ProjectSection(ProjectDependencies) = postProject
		{CF1C3016-2B4E-406B-B8F5-0D551B93D38A} = {CF1C3016-2B4E-406B-B8F5-0D551B93D38A}
	EndProjectSection
EndProject
Project("{E24C65DC-7377-472B-9ABA-BC803B73C61A}") = "Jp.Co.Nrs.LM.WSI", "http://localhost:3333", "{59BC6C95-3D4A-486C-B312-F5BCA623D717}"
	ProjectSection(WebsiteProperties) = preProject
		UseIISExpress = "true"
		TargetFrameworkMoniker = ".NETFramework,Version%3Dv4.7.2"
		Debug.AspNetCompiler.VirtualPath = "/localhost_3333"
		Debug.AspNetCompiler.PhysicalPath = "..\Jp.Co.Nrs.LM.WSI\Jp.Co.Nrs.LM.WSI\"
		Debug.AspNetCompiler.TargetPath = "PrecompiledWeb\localhost_3333\"
		Debug.AspNetCompiler.Updateable = "true"
		Debug.AspNetCompiler.ForceOverwrite = "true"
		Debug.AspNetCompiler.FixedNames = "false"
		Debug.AspNetCompiler.Debug = "True"
		Release.AspNetCompiler.VirtualPath = "/localhost_3333"
		Release.AspNetCompiler.PhysicalPath = "..\Jp.Co.Nrs.LM.WSI\Jp.Co.Nrs.LM.WSI\"
		Release.AspNetCompiler.TargetPath = "PrecompiledWeb\localhost_3333\"
		Release.AspNetCompiler.Updateable = "true"
		Release.AspNetCompiler.ForceOverwrite = "true"
		Release.AspNetCompiler.FixedNames = "false"
		Release.AspNetCompiler.Debug = "False"
		SlnRelativePath = "..\Jp.Co.Nrs.LM.WSI\Jp.Co.Nrs.LM.WSI\"
	EndProjectSection
	ProjectSection(ProjectDependencies) = postProject
		{B48F50B1-FAD7-47A5-B855-65BD8C40C23D} = {B48F50B1-FAD7-47A5-B855-65BD8C40C23D}
	EndProjectSection
EndProject
Project("{F184B08F-C81C-45F6-A57F-5ABD9991F28F}") = "Jp.Co.Nrs.LMK.BLF", "Jp.Co.Nrs.LMK.BLF\Jp.Co.Nrs.LMK.BLF.vbproj", "{F8E17D50-78F5-42BB-823C-C89C2B1F59F8}"
	ProjectSection(ProjectDependencies) = postProject
		{39B3E449-1814-445D-84FB-77A5602536F1} = {39B3E449-1814-445D-84FB-77A5602536F1}
	EndProjectSection
EndProject
Project("{F184B08F-C81C-45F6-A57F-5ABD9991F28F}") = "Jp.Co.Nrs.LMK.DSL", "Jp.Co.Nrs.LMK.DSL\Jp.Co.Nrs.LMK.DSL.vbproj", "{39B3E449-1814-445D-84FB-77A5602536F1}"
EndProject
Project("{F184B08F-C81C-45F6-A57F-5ABD9991F28F}") = "Jp.Co.Nrs.LMK.GUI", "Jp.Co.Nrs.LMK.GUI\Jp.Co.Nrs.LMK.GUI.vbproj", "{CF1C3016-2B4E-406B-B8F5-0D551B93D38A}"
	ProjectSection(ProjectDependencies) = postProject
		{F8E17D50-78F5-42BB-823C-C89C2B1F59F8} = {F8E17D50-78F5-42BB-823C-C89C2B1F59F8}
	EndProjectSection
EndProject
Global
	GlobalSection(SolutionConfigurationPlatforms) = preSolution
		Debug|x86 = Debug|x86
		Release|x86 = Release|x86
	EndGlobalSection
	GlobalSection(ProjectConfigurationPlatforms) = postSolution
		{B48F50B1-FAD7-47A5-B855-65BD8C40C23D}.Debug|x86.ActiveCfg = Debug|x86
		{B48F50B1-FAD7-47A5-B855-65BD8C40C23D}.Debug|x86.Build.0 = Debug|x86
		{B48F50B1-FAD7-47A5-B855-65BD8C40C23D}.Release|x86.ActiveCfg = Release|x86
		{B48F50B1-FAD7-47A5-B855-65BD8C40C23D}.Release|x86.Build.0 = Release|x86
		{59BC6C95-3D4A-486C-B312-F5BCA623D717}.Debug|x86.ActiveCfg = Debug|Any CPU
		{59BC6C95-3D4A-486C-B312-F5BCA623D717}.Debug|x86.Build.0 = Debug|Any CPU
		{59BC6C95-3D4A-486C-B312-F5BCA623D717}.Release|x86.ActiveCfg = Debug|Any CPU
		{F8E17D50-78F5-42BB-823C-C89C2B1F59F8}.Debug|x86.ActiveCfg = Debug|x86
		{F8E17D50-78F5-42BB-823C-C89C2B1F59F8}.Debug|x86.Build.0 = Debug|x86
		{F8E17D50-78F5-42BB-823C-C89C2B1F59F8}.Release|x86.ActiveCfg = Release|x86
		{F8E17D50-78F5-42BB-823C-C89C2B1F59F8}.Release|x86.Build.0 = Release|x86
		{39B3E449-1814-445D-84FB-77A5602536F1}.Debug|x86.ActiveCfg = Debug|x86
		{39B3E449-1814-445D-84FB-77A5602536F1}.Debug|x86.Build.0 = Debug|x86
		{39B3E449-1814-445D-84FB-77A5602536F1}.Release|x86.ActiveCfg = Release|x86
		{39B3E449-1814-445D-84FB-77A5602536F1}.Release|x86.Build.0 = Release|x86
		{CF1C3016-2B4E-406B-B8F5-0D551B93D38A}.Debug|x86.ActiveCfg = Debug|x86
		{CF1C3016-2B4E-406B-B8F5-0D551B93D38A}.Debug|x86.Build.0 = Debug|x86
		{CF1C3016-2B4E-406B-B8F5-0D551B93D38A}.Release|x86.ActiveCfg = Release|x86
		{CF1C3016-2B4E-406B-B8F5-0D551B93D38A}.Release|x86.Build.0 = Release|x86
	EndGlobalSection
	GlobalSection(SolutionProperties) = preSolution
		HideSolutionNode = FALSE
	EndGlobalSection
	GlobalSection(ExtensibilityGlobals) = postSolution
		SolutionGuid = {51658A93-931E-43C7-B4F0-006A1D8C8BCC}
	EndGlobalSection
EndGlobal
