
Microsoft Visual Studio Solution File, Format Version 12.00
# Visual Studio 15
VisualStudioVersion = 15.0.28307.757
MinimumVisualStudioVersion = 10.0.40219.1
Project("{F184B08F-C81C-45F6-A57F-5ABD9991F28F}") = "Jp.Co.Nrs.LM.Launcher", "..\Launcher\Jp.Co.Nrs.LM.Launcher\Jp.Co.Nrs.LM.Launcher\Jp.Co.Nrs.LM.Launcher.vbproj", "{B48F50B1-FAD7-47A5-B855-65BD8C40C23D}"
	ProjectSection(ProjectDependencies) = postProject
		{0A3E7979-709F-45C4-B85B-32C0E013DF69} = {0A3E7979-709F-45C4-B85B-32C0E013DF69}
	EndProjectSection
EndProject
Project("{E24C65DC-7377-472B-9ABA-BC803B73C61A}") = "Jp.Co.Nrs.LM.WSI", "http://localhost:3333", "{59BC6C95-3D4A-486C-B312-F5BCA623D717}"
	ProjectSection(WebsiteProperties) = preProject
		UseIISExpress = "true"
		TargetFrameworkMoniker = ".NETFramework,Version%3Dv4.7.2"
		Debug.AspNetCompiler.VirtualPath = "/localhost_3333"
		Debug.AspNetCompiler.PhysicalPath = "..\Jp.Co.Nrs.LM.WSI\Jp.Co.Nrs.LM.WSI\"
		Debug.AspNetCompiler.TargetPath = "PrecompiledWeb\localhost_3333\"
		Debug.AspNetCompiler.Updateable = "true"
		Debug.AspNetCompiler.ForceOverwrite = "true"
		Debug.AspNetCompiler.FixedNames = "false"
		Debug.AspNetCompiler.Debug = "True"
		Release.AspNetCompiler.VirtualPath = "/localhost_3333"
		Release.AspNetCompiler.PhysicalPath = "..\Jp.Co.Nrs.LM.WSI\Jp.Co.Nrs.LM.WSI\"
		Release.AspNetCompiler.TargetPath = "PrecompiledWeb\localhost_3333\"
		Release.AspNetCompiler.Updateable = "true"
		Release.AspNetCompiler.ForceOverwrite = "true"
		Release.AspNetCompiler.FixedNames = "false"
		Release.AspNetCompiler.Debug = "False"
		SlnRelativePath = "..\Jp.Co.Nrs.LM.WSI\Jp.Co.Nrs.LM.WSI\"
	EndProjectSection
	ProjectSection(ProjectDependencies) = postProject
		{B48F50B1-FAD7-47A5-B855-65BD8C40C23D} = {B48F50B1-FAD7-47A5-B855-65BD8C40C23D}
	EndProjectSection
EndProject
Project("{F184B08F-C81C-45F6-A57F-5ABD9991F28F}") = "Jp.Co.Nrs.LMF.BLC", "Jp.Co.Nrs.LMF.BLC\Jp.Co.Nrs.LMF.BLC.vbproj", "{19A1E09B-876A-4304-B190-AA2F6524E159}"
	ProjectSection(ProjectDependencies) = postProject
		{751FFB0F-F404-4471-971E-EFBC33C3C147} = {751FFB0F-F404-4471-971E-EFBC33C3C147}
	EndProjectSection
EndProject
Project("{F184B08F-C81C-45F6-A57F-5ABD9991F28F}") = "Jp.Co.Nrs.LMF.DAC", "Jp.Co.Nrs.LMF.DAC\Jp.Co.Nrs.LMF.DAC.vbproj", "{751FFB0F-F404-4471-971E-EFBC33C3C147}"
	ProjectSection(ProjectDependencies) = postProject
		{E79164AA-02F9-461E-85E4-1AB1B4125F1C} = {E79164AA-02F9-461E-85E4-1AB1B4125F1C}
	EndProjectSection
EndProject
Project("{F184B08F-C81C-45F6-A57F-5ABD9991F28F}") = "Jp.Co.Nrs.LMF.DSL", "Jp.Co.Nrs.LMF.DSL\Jp.Co.Nrs.LMF.DSL.vbproj", "{E79164AA-02F9-461E-85E4-1AB1B4125F1C}"
EndProject
Project("{F184B08F-C81C-45F6-A57F-5ABD9991F28F}") = "Jp.Co.Nrs.LMF.GUI", "Jp.Co.Nrs.LMF.GUI\Jp.Co.Nrs.LMF.GUI.vbproj", "{0A3E7979-709F-45C4-B85B-32C0E013DF69}"
	ProjectSection(ProjectDependencies) = postProject
		{7E42A722-7A3A-45E0-A5A7-9171C99129E1} = {7E42A722-7A3A-45E0-A5A7-9171C99129E1}
	EndProjectSection
EndProject
Project("{F184B08F-C81C-45F6-A57F-5ABD9991F28F}") = "Jp.Co.Nrs.LMF.BLF", "Jp.Co.Nrs.LMF.BLF\Jp.Co.Nrs.LMF.BLF.vbproj", "{7E42A722-7A3A-45E0-A5A7-9171C99129E1}"
	ProjectSection(ProjectDependencies) = postProject
		{19A1E09B-876A-4304-B190-AA2F6524E159} = {19A1E09B-876A-4304-B190-AA2F6524E159}
	EndProjectSection
EndProject
Global
	GlobalSection(SolutionConfigurationPlatforms) = preSolution
		Debug|x86 = Debug|x86
		Release|x86 = Release|x86
	EndGlobalSection
	GlobalSection(ProjectConfigurationPlatforms) = postSolution
		{B48F50B1-FAD7-47A5-B855-65BD8C40C23D}.Debug|x86.ActiveCfg = Debug|x86
		{B48F50B1-FAD7-47A5-B855-65BD8C40C23D}.Debug|x86.Build.0 = Debug|x86
		{B48F50B1-FAD7-47A5-B855-65BD8C40C23D}.Release|x86.ActiveCfg = Release|x86
		{B48F50B1-FAD7-47A5-B855-65BD8C40C23D}.Release|x86.Build.0 = Release|x86
		{59BC6C95-3D4A-486C-B312-F5BCA623D717}.Debug|x86.ActiveCfg = Debug|Any CPU
		{59BC6C95-3D4A-486C-B312-F5BCA623D717}.Debug|x86.Build.0 = Debug|Any CPU
		{59BC6C95-3D4A-486C-B312-F5BCA623D717}.Release|x86.ActiveCfg = Debug|Any CPU
		{19A1E09B-876A-4304-B190-AA2F6524E159}.Debug|x86.ActiveCfg = Debug|x86
		{19A1E09B-876A-4304-B190-AA2F6524E159}.Debug|x86.Build.0 = Debug|x86
		{19A1E09B-876A-4304-B190-AA2F6524E159}.Release|x86.ActiveCfg = Release|x86
		{19A1E09B-876A-4304-B190-AA2F6524E159}.Release|x86.Build.0 = Release|x86
		{751FFB0F-F404-4471-971E-EFBC33C3C147}.Debug|x86.ActiveCfg = Debug|x86
		{751FFB0F-F404-4471-971E-EFBC33C3C147}.Debug|x86.Build.0 = Debug|x86
		{751FFB0F-F404-4471-971E-EFBC33C3C147}.Release|x86.ActiveCfg = Release|x86
		{751FFB0F-F404-4471-971E-EFBC33C3C147}.Release|x86.Build.0 = Release|x86
		{E79164AA-02F9-461E-85E4-1AB1B4125F1C}.Debug|x86.ActiveCfg = Debug|x86
		{E79164AA-02F9-461E-85E4-1AB1B4125F1C}.Debug|x86.Build.0 = Debug|x86
		{E79164AA-02F9-461E-85E4-1AB1B4125F1C}.Release|x86.ActiveCfg = Release|x86
		{E79164AA-02F9-461E-85E4-1AB1B4125F1C}.Release|x86.Build.0 = Release|x86
		{0A3E7979-709F-45C4-B85B-32C0E013DF69}.Debug|x86.ActiveCfg = Debug|x86
		{0A3E7979-709F-45C4-B85B-32C0E013DF69}.Debug|x86.Build.0 = Debug|x86
		{0A3E7979-709F-45C4-B85B-32C0E013DF69}.Release|x86.ActiveCfg = Release|x86
		{0A3E7979-709F-45C4-B85B-32C0E013DF69}.Release|x86.Build.0 = Release|x86
		{7E42A722-7A3A-45E0-A5A7-9171C99129E1}.Debug|x86.ActiveCfg = Debug|x86
		{7E42A722-7A3A-45E0-A5A7-9171C99129E1}.Debug|x86.Build.0 = Debug|x86
		{7E42A722-7A3A-45E0-A5A7-9171C99129E1}.Release|x86.ActiveCfg = Release|x86
		{7E42A722-7A3A-45E0-A5A7-9171C99129E1}.Release|x86.Build.0 = Release|x86
	EndGlobalSection
	GlobalSection(SolutionProperties) = preSolution
		HideSolutionNode = FALSE
	EndGlobalSection
	GlobalSection(ExtensibilityGlobals) = postSolution
		SolutionGuid = {7EE8F185-4B27-4FA0-A837-9A07B5785D01}
	EndGlobalSection
EndGlobal
