
Microsoft Visual Studio Solution File, Format Version 12.00
# Visual Studio 15
VisualStudioVersion = 15.0.28307.757
MinimumVisualStudioVersion = 10.0.40219.1
Project("{F184B08F-C81C-45F6-A57F-5ABD9991F28F}") = "Jp.Co.Nrs.LMN.BLC", "Jp.Co.Nrs.LMN.BLC\Jp.Co.Nrs.LMN.BLC.vbproj", "{C75FB98A-8201-4508-BCE7-772407F975DE}"
	ProjectSection(ProjectDependencies) = postProject
		{AF481CCB-DB21-426C-9CA4-5B6CF0823B70} = {AF481CCB-DB21-426C-9CA4-5B6CF0823B70}
	EndProjectSection
EndProject
Project("{F184B08F-C81C-45F6-A57F-5ABD9991F28F}") = "Jp.Co.Nrs.LMN.BLF", "Jp.Co.Nrs.LMN.BLF\Jp.Co.Nrs.LMN.BLF.vbproj", "{FE4CD844-0807-444E-9F18-3554DC02A696}"
	ProjectSection(ProjectDependencies) = postProject
		{C75FB98A-8201-4508-BCE7-772407F975DE} = {C75FB98A-8201-4508-BCE7-772407F975DE}
	EndProjectSection
EndProject
Project("{F184B08F-C81C-45F6-A57F-5ABD9991F28F}") = "Jp.Co.Nrs.LMN.DAC", "Jp.Co.Nrs.LMN.DAC\Jp.Co.Nrs.LMN.DAC.vbproj", "{AF481CCB-DB21-426C-9CA4-5B6CF0823B70}"
	ProjectSection(ProjectDependencies) = postProject
		{E8FD47D9-82B1-4040-A140-533C4EF228D7} = {E8FD47D9-82B1-4040-A140-533C4EF228D7}
	EndProjectSection
EndProject
Project("{F184B08F-C81C-45F6-A57F-5ABD9991F28F}") = "Jp.Co.Nrs.LMN.DSL", "Jp.Co.Nrs.LMN.DSL\Jp.Co.Nrs.LMN.DSL.vbproj", "{E8FD47D9-82B1-4040-A140-533C4EF228D7}"
EndProject
Project("{F184B08F-C81C-45F6-A57F-5ABD9991F28F}") = "Jp.Co.Nrs.LMN.GUI", "Jp.Co.Nrs.LMN.GUI\Jp.Co.Nrs.LMN.GUI.vbproj", "{1490B282-EAB6-4824-8E03-1923AAD10835}"
	ProjectSection(ProjectDependencies) = postProject
		{FE4CD844-0807-444E-9F18-3554DC02A696} = {FE4CD844-0807-444E-9F18-3554DC02A696}
	EndProjectSection
EndProject
Project("{F184B08F-C81C-45F6-A57F-5ABD9991F28F}") = "Jp.Co.Nrs.LM.Launcher", "..\Launcher\Jp.Co.Nrs.LM.Launcher\Jp.Co.Nrs.LM.Launcher\Jp.Co.Nrs.LM.Launcher.vbproj", "{B48F50B1-FAD7-47A5-B855-65BD8C40C23D}"
	ProjectSection(ProjectDependencies) = postProject
		{1490B282-EAB6-4824-8E03-1923AAD10835} = {1490B282-EAB6-4824-8E03-1923AAD10835}
	EndProjectSection
EndProject
Project("{E24C65DC-7377-472B-9ABA-BC803B73C61A}") = "Jp.Co.Nrs.LM.WSI", "http://localhost:3333", "{59BC6C95-3D4A-486C-B312-F5BCA623D717}"
	ProjectSection(WebsiteProperties) = preProject
		UseIISExpress = "true"
		TargetFrameworkMoniker = ".NETFramework,Version%3Dv4.7.2"
		Debug.AspNetCompiler.VirtualPath = "/localhost_3333"
		Debug.AspNetCompiler.PhysicalPath = "..\Jp.Co.Nrs.LM.WSI\Jp.Co.Nrs.LM.WSI\"
		Debug.AspNetCompiler.TargetPath = "PrecompiledWeb\localhost_3333\"
		Debug.AspNetCompiler.Updateable = "true"
		Debug.AspNetCompiler.ForceOverwrite = "true"
		Debug.AspNetCompiler.FixedNames = "false"
		Debug.AspNetCompiler.Debug = "True"
		Release.AspNetCompiler.VirtualPath = "/localhost_3333"
		Release.AspNetCompiler.PhysicalPath = "..\Jp.Co.Nrs.LM.WSI\Jp.Co.Nrs.LM.WSI\"
		Release.AspNetCompiler.TargetPath = "PrecompiledWeb\localhost_3333\"
		Release.AspNetCompiler.Updateable = "true"
		Release.AspNetCompiler.ForceOverwrite = "true"
		Release.AspNetCompiler.FixedNames = "false"
		Release.AspNetCompiler.Debug = "False"
		SlnRelativePath = "..\Jp.Co.Nrs.LM.WSI\Jp.Co.Nrs.LM.WSI\"
	EndProjectSection
	ProjectSection(ProjectDependencies) = postProject
		{B48F50B1-FAD7-47A5-B855-65BD8C40C23D} = {B48F50B1-FAD7-47A5-B855-65BD8C40C23D}
	EndProjectSection
EndProject
Global
	GlobalSection(SolutionConfigurationPlatforms) = preSolution
		Debug|x86 = Debug|x86
		Release|x86 = Release|x86
	EndGlobalSection
	GlobalSection(ProjectConfigurationPlatforms) = postSolution
		{C75FB98A-8201-4508-BCE7-772407F975DE}.Debug|x86.ActiveCfg = Debug|x86
		{C75FB98A-8201-4508-BCE7-772407F975DE}.Debug|x86.Build.0 = Debug|x86
		{C75FB98A-8201-4508-BCE7-772407F975DE}.Release|x86.ActiveCfg = Release|x86
		{C75FB98A-8201-4508-BCE7-772407F975DE}.Release|x86.Build.0 = Release|x86
		{FE4CD844-0807-444E-9F18-3554DC02A696}.Debug|x86.ActiveCfg = Debug|x86
		{FE4CD844-0807-444E-9F18-3554DC02A696}.Debug|x86.Build.0 = Debug|x86
		{FE4CD844-0807-444E-9F18-3554DC02A696}.Release|x86.ActiveCfg = Release|x86
		{FE4CD844-0807-444E-9F18-3554DC02A696}.Release|x86.Build.0 = Release|x86
		{AF481CCB-DB21-426C-9CA4-5B6CF0823B70}.Debug|x86.ActiveCfg = Debug|x86
		{AF481CCB-DB21-426C-9CA4-5B6CF0823B70}.Debug|x86.Build.0 = Debug|x86
		{AF481CCB-DB21-426C-9CA4-5B6CF0823B70}.Release|x86.ActiveCfg = Release|x86
		{AF481CCB-DB21-426C-9CA4-5B6CF0823B70}.Release|x86.Build.0 = Release|x86
		{E8FD47D9-82B1-4040-A140-533C4EF228D7}.Debug|x86.ActiveCfg = Debug|x86
		{E8FD47D9-82B1-4040-A140-533C4EF228D7}.Debug|x86.Build.0 = Debug|x86
		{E8FD47D9-82B1-4040-A140-533C4EF228D7}.Release|x86.ActiveCfg = Release|x86
		{E8FD47D9-82B1-4040-A140-533C4EF228D7}.Release|x86.Build.0 = Release|x86
		{1490B282-EAB6-4824-8E03-1923AAD10835}.Debug|x86.ActiveCfg = Debug|x86
		{1490B282-EAB6-4824-8E03-1923AAD10835}.Debug|x86.Build.0 = Debug|x86
		{1490B282-EAB6-4824-8E03-1923AAD10835}.Release|x86.ActiveCfg = Release|x86
		{1490B282-EAB6-4824-8E03-1923AAD10835}.Release|x86.Build.0 = Release|x86
		{B48F50B1-FAD7-47A5-B855-65BD8C40C23D}.Debug|x86.ActiveCfg = Debug|x86
		{B48F50B1-FAD7-47A5-B855-65BD8C40C23D}.Debug|x86.Build.0 = Debug|x86
		{B48F50B1-FAD7-47A5-B855-65BD8C40C23D}.Release|x86.ActiveCfg = Release|x86
		{B48F50B1-FAD7-47A5-B855-65BD8C40C23D}.Release|x86.Build.0 = Release|x86
		{59BC6C95-3D4A-486C-B312-F5BCA623D717}.Debug|x86.ActiveCfg = Debug|Any CPU
		{59BC6C95-3D4A-486C-B312-F5BCA623D717}.Debug|x86.Build.0 = Debug|Any CPU
		{59BC6C95-3D4A-486C-B312-F5BCA623D717}.Release|x86.ActiveCfg = Debug|Any CPU
	EndGlobalSection
	GlobalSection(SolutionProperties) = preSolution
		HideSolutionNode = FALSE
	EndGlobalSection
	GlobalSection(ExtensibilityGlobals) = postSolution
		SolutionGuid = {3194F69D-2CD6-4D44-BA9C-754C498FC662}
	EndGlobalSection
EndGlobal
