
Microsoft Visual Studio Solution File, Format Version 12.00
# Visual Studio 15
VisualStudioVersion = 15.0.28307.757
MinimumVisualStudioVersion = 10.0.40219.1
Project("{F184B08F-C81C-45F6-A57F-5ABD9991F28F}") = "Jp.Co.Nrs.LM.Launcher", "..\Launcher\Jp.Co.Nrs.LM.Launcher\Jp.Co.Nrs.LM.Launcher\Jp.Co.Nrs.LM.Launcher.vbproj", "{B48F50B1-FAD7-47A5-B855-65BD8C40C23D}"
	ProjectSection(ProjectDependencies) = postProject
		{860193C6-2546-4294-B28E-7ADB3551DF45} = {860193C6-2546-4294-B28E-7ADB3551DF45}
	EndProjectSection
EndProject
Project("{E24C65DC-7377-472B-9ABA-BC803B73C61A}") = "Jp.Co.Nrs.LM.WSI", "http://localhost:3333", "{59BC6C95-3D4A-486C-B312-F5BCA623D717}"
	ProjectSection(WebsiteProperties) = preProject
		UseIISExpress = "true"
		TargetFrameworkMoniker = ".NETFramework,Version%3Dv4.7.2"
		Debug.AspNetCompiler.VirtualPath = "/localhost_3333"
		Debug.AspNetCompiler.PhysicalPath = "..\Jp.Co.Nrs.LM.WSI\Jp.Co.Nrs.LM.WSI\"
		Debug.AspNetCompiler.TargetPath = "PrecompiledWeb\localhost_3333\"
		Debug.AspNetCompiler.Updateable = "true"
		Debug.AspNetCompiler.ForceOverwrite = "true"
		Debug.AspNetCompiler.FixedNames = "false"
		Debug.AspNetCompiler.Debug = "True"
		Release.AspNetCompiler.VirtualPath = "/localhost_3333"
		Release.AspNetCompiler.PhysicalPath = "..\Jp.Co.Nrs.LM.WSI\Jp.Co.Nrs.LM.WSI\"
		Release.AspNetCompiler.TargetPath = "PrecompiledWeb\localhost_3333\"
		Release.AspNetCompiler.Updateable = "true"
		Release.AspNetCompiler.ForceOverwrite = "true"
		Release.AspNetCompiler.FixedNames = "false"
		Release.AspNetCompiler.Debug = "False"
		SlnRelativePath = "..\Jp.Co.Nrs.LM.WSI\Jp.Co.Nrs.LM.WSI\"
	EndProjectSection
	ProjectSection(ProjectDependencies) = postProject
		{B48F50B1-FAD7-47A5-B855-65BD8C40C23D} = {B48F50B1-FAD7-47A5-B855-65BD8C40C23D}
	EndProjectSection
EndProject
Project("{F184B08F-C81C-45F6-A57F-5ABD9991F28F}") = "Jp.Co.Nrs.LME.BLC", "Jp.Co.Nrs.LME.BLC\Jp.Co.Nrs.LME.BLC.vbproj", "{1FDF5CF6-2EF6-4656-A15F-3151D73BCA9D}"
	ProjectSection(ProjectDependencies) = postProject
		{8473151B-DC40-4D51-AC03-7090AD073408} = {8473151B-DC40-4D51-AC03-7090AD073408}
	EndProjectSection
EndProject
Project("{F184B08F-C81C-45F6-A57F-5ABD9991F28F}") = "Jp.Co.Nrs.LME.BLF", "Jp.Co.Nrs.LME.BLF\Jp.Co.Nrs.LME.BLF.vbproj", "{303F430E-ACC7-40FA-BF37-2E238623F052}"
	ProjectSection(ProjectDependencies) = postProject
		{1FDF5CF6-2EF6-4656-A15F-3151D73BCA9D} = {1FDF5CF6-2EF6-4656-A15F-3151D73BCA9D}
	EndProjectSection
EndProject
Project("{F184B08F-C81C-45F6-A57F-5ABD9991F28F}") = "Jp.Co.Nrs.LME.DAC", "Jp.Co.Nrs.LME.DAC\Jp.Co.Nrs.LME.DAC.vbproj", "{8473151B-DC40-4D51-AC03-7090AD073408}"
	ProjectSection(ProjectDependencies) = postProject
		{55BC8D08-78A6-4008-A750-B634A2F8BCE1} = {55BC8D08-78A6-4008-A750-B634A2F8BCE1}
	EndProjectSection
EndProject
Project("{F184B08F-C81C-45F6-A57F-5ABD9991F28F}") = "Jp.Co.Nrs.LME.DSL", "Jp.Co.Nrs.LME.DSL\Jp.Co.Nrs.LME.DSL.vbproj", "{55BC8D08-78A6-4008-A750-B634A2F8BCE1}"
EndProject
Project("{F184B08F-C81C-45F6-A57F-5ABD9991F28F}") = "Jp.Co.Nrs.LME.GUI", "Jp.Co.Nrs.LME.GUI\Jp.Co.Nrs.LME.GUI.vbproj", "{860193C6-2546-4294-B28E-7ADB3551DF45}"
	ProjectSection(ProjectDependencies) = postProject
		{303F430E-ACC7-40FA-BF37-2E238623F052} = {303F430E-ACC7-40FA-BF37-2E238623F052}
	EndProjectSection
EndProject
Global
	GlobalSection(SolutionConfigurationPlatforms) = preSolution
		Debug|x86 = Debug|x86
		Release|x86 = Release|x86
	EndGlobalSection
	GlobalSection(ProjectConfigurationPlatforms) = postSolution
		{B48F50B1-FAD7-47A5-B855-65BD8C40C23D}.Debug|x86.ActiveCfg = Debug|x86
		{B48F50B1-FAD7-47A5-B855-65BD8C40C23D}.Debug|x86.Build.0 = Debug|x86
		{B48F50B1-FAD7-47A5-B855-65BD8C40C23D}.Release|x86.ActiveCfg = Release|x86
		{B48F50B1-FAD7-47A5-B855-65BD8C40C23D}.Release|x86.Build.0 = Release|x86
		{59BC6C95-3D4A-486C-B312-F5BCA623D717}.Debug|x86.ActiveCfg = Debug|Any CPU
		{59BC6C95-3D4A-486C-B312-F5BCA623D717}.Debug|x86.Build.0 = Debug|Any CPU
		{59BC6C95-3D4A-486C-B312-F5BCA623D717}.Release|x86.ActiveCfg = Debug|Any CPU
		{1FDF5CF6-2EF6-4656-A15F-3151D73BCA9D}.Debug|x86.ActiveCfg = Debug|x86
		{1FDF5CF6-2EF6-4656-A15F-3151D73BCA9D}.Debug|x86.Build.0 = Debug|x86
		{1FDF5CF6-2EF6-4656-A15F-3151D73BCA9D}.Release|x86.ActiveCfg = Release|x86
		{1FDF5CF6-2EF6-4656-A15F-3151D73BCA9D}.Release|x86.Build.0 = Release|x86
		{303F430E-ACC7-40FA-BF37-2E238623F052}.Debug|x86.ActiveCfg = Debug|x86
		{303F430E-ACC7-40FA-BF37-2E238623F052}.Debug|x86.Build.0 = Debug|x86
		{303F430E-ACC7-40FA-BF37-2E238623F052}.Release|x86.ActiveCfg = Release|x86
		{303F430E-ACC7-40FA-BF37-2E238623F052}.Release|x86.Build.0 = Release|x86
		{8473151B-DC40-4D51-AC03-7090AD073408}.Debug|x86.ActiveCfg = Debug|x86
		{8473151B-DC40-4D51-AC03-7090AD073408}.Debug|x86.Build.0 = Debug|x86
		{8473151B-DC40-4D51-AC03-7090AD073408}.Release|x86.ActiveCfg = Release|x86
		{8473151B-DC40-4D51-AC03-7090AD073408}.Release|x86.Build.0 = Release|x86
		{55BC8D08-78A6-4008-A750-B634A2F8BCE1}.Debug|x86.ActiveCfg = Debug|x86
		{55BC8D08-78A6-4008-A750-B634A2F8BCE1}.Debug|x86.Build.0 = Debug|x86
		{55BC8D08-78A6-4008-A750-B634A2F8BCE1}.Release|x86.ActiveCfg = Release|x86
		{55BC8D08-78A6-4008-A750-B634A2F8BCE1}.Release|x86.Build.0 = Release|x86
		{860193C6-2546-4294-B28E-7ADB3551DF45}.Debug|x86.ActiveCfg = Debug|x86
		{860193C6-2546-4294-B28E-7ADB3551DF45}.Debug|x86.Build.0 = Debug|x86
		{860193C6-2546-4294-B28E-7ADB3551DF45}.Release|x86.ActiveCfg = Release|x86
		{860193C6-2546-4294-B28E-7ADB3551DF45}.Release|x86.Build.0 = Release|x86
	EndGlobalSection
	GlobalSection(SolutionProperties) = preSolution
		HideSolutionNode = FALSE
	EndGlobalSection
	GlobalSection(ExtensibilityGlobals) = postSolution
		SolutionGuid = {26A6A635-83C2-4981-B73F-5C8D3EB64ADC}
	EndGlobalSection
EndGlobal
