
Microsoft Visual Studio Solution File, Format Version 12.00
# Visual Studio 15
VisualStudioVersion = 15.0.28307.757
MinimumVisualStudioVersion = 10.0.40219.1
Project("{F184B08F-C81C-45F6-A57F-5ABD9991F28F}") = "Jp.Co.Nrs.LM.Launcher", "..\Launcher\Jp.Co.Nrs.LM.Launcher\Jp.Co.Nrs.LM.Launcher\Jp.Co.Nrs.LM.Launcher.vbproj", "{B48F50B1-FAD7-47A5-B855-65BD8C40C23D}"
	ProjectSection(ProjectDependencies) = postProject
		{1655E014-D5A0-41E1-9276-D8211AB77C4A} = {1655E014-D5A0-41E1-9276-D8211AB77C4A}
	EndProjectSection
EndProject
Project("{E24C65DC-7377-472B-9ABA-BC803B73C61A}") = "Jp.Co.Nrs.LM.WSI", "http://localhost:3333", "{59BC6C95-3D4A-486C-B312-F5BCA623D717}"
	ProjectSection(WebsiteProperties) = preProject
		UseIISExpress = "true"
		TargetFrameworkMoniker = ".NETFramework,Version%3Dv4.7.2"
		Debug.AspNetCompiler.VirtualPath = "/localhost_3333"
		Debug.AspNetCompiler.PhysicalPath = "..\Jp.Co.Nrs.LM.WSI\Jp.Co.Nrs.LM.WSI\"
		Debug.AspNetCompiler.TargetPath = "PrecompiledWeb\localhost_3333\"
		Debug.AspNetCompiler.Updateable = "true"
		Debug.AspNetCompiler.ForceOverwrite = "true"
		Debug.AspNetCompiler.FixedNames = "false"
		Debug.AspNetCompiler.Debug = "True"
		Release.AspNetCompiler.VirtualPath = "/localhost_3333"
		Release.AspNetCompiler.PhysicalPath = "..\Jp.Co.Nrs.LM.WSI\Jp.Co.Nrs.LM.WSI\"
		Release.AspNetCompiler.TargetPath = "PrecompiledWeb\localhost_3333\"
		Release.AspNetCompiler.Updateable = "true"
		Release.AspNetCompiler.ForceOverwrite = "true"
		Release.AspNetCompiler.FixedNames = "false"
		Release.AspNetCompiler.Debug = "False"
		SlnRelativePath = "..\Jp.Co.Nrs.LM.WSI\Jp.Co.Nrs.LM.WSI\"
	EndProjectSection
	ProjectSection(ProjectDependencies) = postProject
		{B48F50B1-FAD7-47A5-B855-65BD8C40C23D} = {B48F50B1-FAD7-47A5-B855-65BD8C40C23D}
	EndProjectSection
EndProject
Project("{F184B08F-C81C-45F6-A57F-5ABD9991F28F}") = "Jp.Co.Nrs.LMB.BLC", "Jp.Co.Nrs.LMB.BLC\Jp.Co.Nrs.LMB.BLC.vbproj", "{27BC03E2-9E68-4367-9EB0-07B24A48B048}"
	ProjectSection(ProjectDependencies) = postProject
		{871776F2-BF36-4C15-BBF2-C0C0DE3CD8D5} = {871776F2-BF36-4C15-BBF2-C0C0DE3CD8D5}
	EndProjectSection
EndProject
Project("{F184B08F-C81C-45F6-A57F-5ABD9991F28F}") = "Jp.Co.Nrs.LMB.BLF", "Jp.Co.Nrs.LMB.BLF\Jp.Co.Nrs.LMB.BLF.vbproj", "{5203710E-F239-46F5-8F9C-2C8B818EFE9F}"
	ProjectSection(ProjectDependencies) = postProject
		{27BC03E2-9E68-4367-9EB0-07B24A48B048} = {27BC03E2-9E68-4367-9EB0-07B24A48B048}
	EndProjectSection
EndProject
Project("{F184B08F-C81C-45F6-A57F-5ABD9991F28F}") = "Jp.Co.Nrs.LMB.DAC", "Jp.Co.Nrs.LMB.DAC\Jp.Co.Nrs.LMB.DAC.vbproj", "{871776F2-BF36-4C15-BBF2-C0C0DE3CD8D5}"
	ProjectSection(ProjectDependencies) = postProject
		{0E8827D7-EFB5-4EAD-A946-89EAFC0B1E1A} = {0E8827D7-EFB5-4EAD-A946-89EAFC0B1E1A}
	EndProjectSection
EndProject
Project("{F184B08F-C81C-45F6-A57F-5ABD9991F28F}") = "Jp.Co.Nrs.LMB.DSL", "Jp.Co.Nrs.LMB.DSL\Jp.Co.Nrs.LMB.DSL.vbproj", "{0E8827D7-EFB5-4EAD-A946-89EAFC0B1E1A}"
EndProject
Project("{F184B08F-C81C-45F6-A57F-5ABD9991F28F}") = "Jp.Co.Nrs.LMB.GUI", "Jp.Co.Nrs.LMB.GUI\Jp.Co.Nrs.LMB.GUI.vbproj", "{1655E014-D5A0-41E1-9276-D8211AB77C4A}"
	ProjectSection(ProjectDependencies) = postProject
		{5203710E-F239-46F5-8F9C-2C8B818EFE9F} = {5203710E-F239-46F5-8F9C-2C8B818EFE9F}
	EndProjectSection
EndProject
Global
	GlobalSection(SolutionConfigurationPlatforms) = preSolution
		Debug|x86 = Debug|x86
		Release|x86 = Release|x86
	EndGlobalSection
	GlobalSection(ProjectConfigurationPlatforms) = postSolution
		{B48F50B1-FAD7-47A5-B855-65BD8C40C23D}.Debug|x86.ActiveCfg = Debug|x86
		{B48F50B1-FAD7-47A5-B855-65BD8C40C23D}.Debug|x86.Build.0 = Debug|x86
		{B48F50B1-FAD7-47A5-B855-65BD8C40C23D}.Release|x86.ActiveCfg = Release|x86
		{B48F50B1-FAD7-47A5-B855-65BD8C40C23D}.Release|x86.Build.0 = Release|x86
		{59BC6C95-3D4A-486C-B312-F5BCA623D717}.Debug|x86.ActiveCfg = Debug|Any CPU
		{59BC6C95-3D4A-486C-B312-F5BCA623D717}.Debug|x86.Build.0 = Debug|Any CPU
		{59BC6C95-3D4A-486C-B312-F5BCA623D717}.Release|x86.ActiveCfg = Debug|Any CPU
		{27BC03E2-9E68-4367-9EB0-07B24A48B048}.Debug|x86.ActiveCfg = Debug|x86
		{27BC03E2-9E68-4367-9EB0-07B24A48B048}.Debug|x86.Build.0 = Debug|x86
		{27BC03E2-9E68-4367-9EB0-07B24A48B048}.Release|x86.ActiveCfg = Release|x86
		{27BC03E2-9E68-4367-9EB0-07B24A48B048}.Release|x86.Build.0 = Release|x86
		{5203710E-F239-46F5-8F9C-2C8B818EFE9F}.Debug|x86.ActiveCfg = Debug|x86
		{5203710E-F239-46F5-8F9C-2C8B818EFE9F}.Debug|x86.Build.0 = Debug|x86
		{5203710E-F239-46F5-8F9C-2C8B818EFE9F}.Release|x86.ActiveCfg = Release|x86
		{5203710E-F239-46F5-8F9C-2C8B818EFE9F}.Release|x86.Build.0 = Release|x86
		{871776F2-BF36-4C15-BBF2-C0C0DE3CD8D5}.Debug|x86.ActiveCfg = Debug|x86
		{871776F2-BF36-4C15-BBF2-C0C0DE3CD8D5}.Debug|x86.Build.0 = Debug|x86
		{871776F2-BF36-4C15-BBF2-C0C0DE3CD8D5}.Release|x86.ActiveCfg = Release|x86
		{871776F2-BF36-4C15-BBF2-C0C0DE3CD8D5}.Release|x86.Build.0 = Release|x86
		{0E8827D7-EFB5-4EAD-A946-89EAFC0B1E1A}.Debug|x86.ActiveCfg = Debug|x86
		{0E8827D7-EFB5-4EAD-A946-89EAFC0B1E1A}.Debug|x86.Build.0 = Debug|x86
		{0E8827D7-EFB5-4EAD-A946-89EAFC0B1E1A}.Release|x86.ActiveCfg = Release|x86
		{0E8827D7-EFB5-4EAD-A946-89EAFC0B1E1A}.Release|x86.Build.0 = Release|x86
		{1655E014-D5A0-41E1-9276-D8211AB77C4A}.Debug|x86.ActiveCfg = Debug|x86
		{1655E014-D5A0-41E1-9276-D8211AB77C4A}.Debug|x86.Build.0 = Debug|x86
		{1655E014-D5A0-41E1-9276-D8211AB77C4A}.Release|x86.ActiveCfg = Release|x86
		{1655E014-D5A0-41E1-9276-D8211AB77C4A}.Release|x86.Build.0 = Release|x86
	EndGlobalSection
	GlobalSection(SolutionProperties) = preSolution
		HideSolutionNode = FALSE
	EndGlobalSection
	GlobalSection(ExtensibilityGlobals) = postSolution
		SolutionGuid = {54C9AA18-6D05-433C-A9BD-7B1B1D8F7578}
	EndGlobalSection
EndGlobal
